
Microsoft Visual Studio Solution File, Format Version 12.00
# Visual Studio Version 17
VisualStudioVersion = 17.9.34622.214
MinimumVisualStudioVersion = 10.0.40219.1
Project("{FAE04EC0-301F-11D3-BF4B-00C04F79EFBC}") = "PO.Lab1", "PO.Lab1\PO.Lab1.csproj", "{AB247449-3C81-4A1E-A0A9-A5CB7024B2FF}"
EndProject
Global
	GlobalSection(SolutionConfigurationPlatforms) = preSolution
		Debug|Any CPU = Debug|Any CPU
		Release|Any CPU = Release|Any CPU
	EndGlobalSection
	GlobalSection(ProjectConfigurationPlatforms) = postSolution
		{AB247449-3C81-4A1E-A0A9-A5CB7024B2FF}.Debug|Any CPU.ActiveCfg = Debug|Any CPU
		{AB247449-3C81-4A1E-A0A9-A5CB7024B2FF}.Debug|Any CPU.Build.0 = Debug|Any CPU
		{AB247449-3C81-4A1E-A0A9-A5CB7024B2FF}.Release|Any CPU.ActiveCfg = Release|Any CPU
		{AB247449-3C81-4A1E-A0A9-A5CB7024B2FF}.Release|Any CPU.Build.0 = Release|Any CPU
	EndGlobalSection
	GlobalSection(SolutionProperties) = preSolution
		HideSolutionNode = FALSE
	EndGlobalSection
	GlobalSection(ExtensibilityGlobals) = postSolution
		SolutionGuid = {8B9EC257-DE97-4D73-A1F3-C8AEA31CBAA1}
	EndGlobalSection
EndGlobal
