
Microsoft Visual Studio Solution File, Format Version 12.00
# Visual Studio Version 17
VisualStudioVersion = 17.9.34622.214
MinimumVisualStudioVersion = 10.0.40219.1
Project("{FAE04EC0-301F-11D3-BF4B-00C04F79EFBC}") = "Lab5.App", "Lab5.App\Lab5.App.csproj", "{C54A8FCA-4909-4A44-967A-1FB16CA05FA2}"
EndProject
Project("{FAE04EC0-301F-11D3-BF4B-00C04F79EFBC}") = "Lab5.BLL", "Lab5.BLL\Lab5.BLL.csproj", "{86C7B6EC-807A-40E4-BFC8-A60C2886B9AB}"
EndProject
Global
	GlobalSection(SolutionConfigurationPlatforms) = preSolution
		Debug|Any CPU = Debug|Any CPU
		Release|Any CPU = Release|Any CPU
	EndGlobalSection
	GlobalSection(ProjectConfigurationPlatforms) = postSolution
		{C54A8FCA-4909-4A44-967A-1FB16CA05FA2}.Debug|Any CPU.ActiveCfg = Debug|Any CPU
		{C54A8FCA-4909-4A44-967A-1FB16CA05FA2}.Debug|Any CPU.Build.0 = Debug|Any CPU
		{C54A8FCA-4909-4A44-967A-1FB16CA05FA2}.Release|Any CPU.ActiveCfg = Release|Any CPU
		{C54A8FCA-4909-4A44-967A-1FB16CA05FA2}.Release|Any CPU.Build.0 = Release|Any CPU
		{86C7B6EC-807A-40E4-BFC8-A60C2886B9AB}.Debug|Any CPU.ActiveCfg = Debug|Any CPU
		{86C7B6EC-807A-40E4-BFC8-A60C2886B9AB}.Debug|Any CPU.Build.0 = Debug|Any CPU
		{86C7B6EC-807A-40E4-BFC8-A60C2886B9AB}.Release|Any CPU.ActiveCfg = Release|Any CPU
		{86C7B6EC-807A-40E4-BFC8-A60C2886B9AB}.Release|Any CPU.Build.0 = Release|Any CPU
	EndGlobalSection
	GlobalSection(SolutionProperties) = preSolution
		HideSolutionNode = FALSE
	EndGlobalSection
	GlobalSection(ExtensibilityGlobals) = postSolution
		SolutionGuid = {6EE8B5BF-DCF5-4866-BBA7-719B71B95A51}
	EndGlobalSection
EndGlobal
