
Microsoft Visual Studio Solution File, Format Version 12.00
# Visual Studio Version 17
VisualStudioVersion = 17.9.34622.214
MinimumVisualStudioVersion = 10.0.40219.1
Project("{FAE04EC0-301F-11D3-BF4B-00C04F79EFBC}") = "lab5.App", "lab5.App\lab5.App.csproj", "{ECA86C58-EF90-42F8-9659-0E9DCE906913}"
EndProject
Project("{FAE04EC0-301F-11D3-BF4B-00C04F79EFBC}") = "Lab5.BLL", "Lab5.BLL\Lab5.BLL.csproj", "{3BF278B0-5464-49F5-B054-366D65A25810}"
EndProject
Global
	GlobalSection(SolutionConfigurationPlatforms) = preSolution
		Debug|Any CPU = Debug|Any CPU
		Release|Any CPU = Release|Any CPU
	EndGlobalSection
	GlobalSection(ProjectConfigurationPlatforms) = postSolution
		{ECA86C58-EF90-42F8-9659-0E9DCE906913}.Debug|Any CPU.ActiveCfg = Debug|Any CPU
		{ECA86C58-EF90-42F8-9659-0E9DCE906913}.Debug|Any CPU.Build.0 = Debug|Any CPU
		{ECA86C58-EF90-42F8-9659-0E9DCE906913}.Release|Any CPU.ActiveCfg = Release|Any CPU
		{ECA86C58-EF90-42F8-9659-0E9DCE906913}.Release|Any CPU.Build.0 = Release|Any CPU
		{3BF278B0-5464-49F5-B054-366D65A25810}.Debug|Any CPU.ActiveCfg = Debug|Any CPU
		{3BF278B0-5464-49F5-B054-366D65A25810}.Debug|Any CPU.Build.0 = Debug|Any CPU
		{3BF278B0-5464-49F5-B054-366D65A25810}.Release|Any CPU.ActiveCfg = Release|Any CPU
		{3BF278B0-5464-49F5-B054-366D65A25810}.Release|Any CPU.Build.0 = Release|Any CPU
	EndGlobalSection
	GlobalSection(SolutionProperties) = preSolution
		HideSolutionNode = FALSE
	EndGlobalSection
	GlobalSection(ExtensibilityGlobals) = postSolution
		SolutionGuid = {02B0390D-B520-4E22-BE64-636780D50CED}
	EndGlobalSection
EndGlobal
