
Microsoft Visual Studio Solution File, Format Version 12.00
# Visual Studio Version 17
VisualStudioVersion = 17.9.34622.214
MinimumVisualStudioVersion = 10.0.40219.1
Project("{FAE04EC0-301F-11D3-BF4B-00C04F79EFBC}") = "PO.Lab1", "PO.Lab1\PO.Lab1.csproj", "{EE1A9D5C-DAA0-46DF-8726-F74953E9D83E}"
EndProject
Global
	GlobalSection(SolutionConfigurationPlatforms) = preSolution
		Debug|Any CPU = Debug|Any CPU
		Release|Any CPU = Release|Any CPU
	EndGlobalSection
	GlobalSection(ProjectConfigurationPlatforms) = postSolution
		{EE1A9D5C-DAA0-46DF-8726-F74953E9D83E}.Debug|Any CPU.ActiveCfg = Debug|Any CPU
		{EE1A9D5C-DAA0-46DF-8726-F74953E9D83E}.Debug|Any CPU.Build.0 = Debug|Any CPU
		{EE1A9D5C-DAA0-46DF-8726-F74953E9D83E}.Release|Any CPU.ActiveCfg = Release|Any CPU
		{EE1A9D5C-DAA0-46DF-8726-F74953E9D83E}.Release|Any CPU.Build.0 = Release|Any CPU
	EndGlobalSection
	GlobalSection(SolutionProperties) = preSolution
		HideSolutionNode = FALSE
	EndGlobalSection
	GlobalSection(ExtensibilityGlobals) = postSolution
		SolutionGuid = {4FA217AE-E4B8-4B64-8A71-781921CACF95}
	EndGlobalSection
EndGlobal
