
Microsoft Visual Studio Solution File, Format Version 12.00
# Visual Studio Version 17
VisualStudioVersion = 17.9.34622.214
MinimumVisualStudioVersion = 10.0.40219.1
Project("{FAE04EC0-301F-11D3-BF4B-00C04F79EFBC}") = "lab5.app", "lab5.app.csproj", "{7F011054-0ED3-4DEB-9BE1-417E51F13ED5}"
EndProject
Project("{FAE04EC0-301F-11D3-BF4B-00C04F79EFBC}") = "lab5.BLL", "..\lab5.BLL\lab5.BLL.csproj", "{F1D02767-B932-4B61-B877-49B8963B632A}"
EndProject
Global
	GlobalSection(SolutionConfigurationPlatforms) = preSolution
		Debug|Any CPU = Debug|Any CPU
		Release|Any CPU = Release|Any CPU
	EndGlobalSection
	GlobalSection(ProjectConfigurationPlatforms) = postSolution
		{7F011054-0ED3-4DEB-9BE1-417E51F13ED5}.Debug|Any CPU.ActiveCfg = Debug|Any CPU
		{7F011054-0ED3-4DEB-9BE1-417E51F13ED5}.Debug|Any CPU.Build.0 = Debug|Any CPU
		{7F011054-0ED3-4DEB-9BE1-417E51F13ED5}.Release|Any CPU.ActiveCfg = Release|Any CPU
		{7F011054-0ED3-4DEB-9BE1-417E51F13ED5}.Release|Any CPU.Build.0 = Release|Any CPU
		{F1D02767-B932-4B61-B877-49B8963B632A}.Debug|Any CPU.ActiveCfg = Debug|Any CPU
		{F1D02767-B932-4B61-B877-49B8963B632A}.Debug|Any CPU.Build.0 = Debug|Any CPU
		{F1D02767-B932-4B61-B877-49B8963B632A}.Release|Any CPU.ActiveCfg = Release|Any CPU
		{F1D02767-B932-4B61-B877-49B8963B632A}.Release|Any CPU.Build.0 = Release|Any CPU
	EndGlobalSection
	GlobalSection(SolutionProperties) = preSolution
		HideSolutionNode = FALSE
	EndGlobalSection
	GlobalSection(ExtensibilityGlobals) = postSolution
		SolutionGuid = {C017DED7-59AE-4A6E-8BDE-117D830EA1B2}
	EndGlobalSection
EndGlobal
