
Microsoft Visual Studio Solution File, Format Version 12.00
# Visual Studio Version 17
VisualStudioVersion = 17.9.34622.214
MinimumVisualStudioVersion = 10.0.40219.1
Project("{FAE04EC0-301F-11D3-BF4B-00C04F79EFBC}") = "Zad1", "Zad1\Zad1.csproj", "{5E868D32-82FF-404B-8853-1C26B279800F}"
EndProject
Project("{FAE04EC0-301F-11D3-BF4B-00C04F79EFBC}") = "Zad2", "Zad2\Zad2.csproj", "{7E488893-0B2A-4CDE-B7DE-181D2120264C}"
EndProject
Project("{FAE04EC0-301F-11D3-BF4B-00C04F79EFBC}") = "Zad3", "Zad3\Zad3.csproj", "{CDE157C2-A504-4382-BDC5-D76B29BE9817}"
EndProject
Global
	GlobalSection(SolutionConfigurationPlatforms) = preSolution
		Debug|Any CPU = Debug|Any CPU
		Release|Any CPU = Release|Any CPU
	EndGlobalSection
	GlobalSection(ProjectConfigurationPlatforms) = postSolution
		{5E868D32-82FF-404B-8853-1C26B279800F}.Debug|Any CPU.ActiveCfg = Debug|Any CPU
		{5E868D32-82FF-404B-8853-1C26B279800F}.Debug|Any CPU.Build.0 = Debug|Any CPU
		{5E868D32-82FF-404B-8853-1C26B279800F}.Release|Any CPU.ActiveCfg = Release|Any CPU
		{5E868D32-82FF-404B-8853-1C26B279800F}.Release|Any CPU.Build.0 = Release|Any CPU
		{7E488893-0B2A-4CDE-B7DE-181D2120264C}.Debug|Any CPU.ActiveCfg = Debug|Any CPU
		{7E488893-0B2A-4CDE-B7DE-181D2120264C}.Debug|Any CPU.Build.0 = Debug|Any CPU
		{7E488893-0B2A-4CDE-B7DE-181D2120264C}.Release|Any CPU.ActiveCfg = Release|Any CPU
		{7E488893-0B2A-4CDE-B7DE-181D2120264C}.Release|Any CPU.Build.0 = Release|Any CPU
		{CDE157C2-A504-4382-BDC5-D76B29BE9817}.Debug|Any CPU.ActiveCfg = Debug|Any CPU
		{CDE157C2-A504-4382-BDC5-D76B29BE9817}.Debug|Any CPU.Build.0 = Debug|Any CPU
		{CDE157C2-A504-4382-BDC5-D76B29BE9817}.Release|Any CPU.ActiveCfg = Release|Any CPU
		{CDE157C2-A504-4382-BDC5-D76B29BE9817}.Release|Any CPU.Build.0 = Release|Any CPU
	EndGlobalSection
	GlobalSection(SolutionProperties) = preSolution
		HideSolutionNode = FALSE
	EndGlobalSection
	GlobalSection(ExtensibilityGlobals) = postSolution
		SolutionGuid = {5D96715A-6666-491D-971C-7E2D2CF36571}
	EndGlobalSection
EndGlobal
