
Microsoft Visual Studio Solution File, Format Version 12.00
# Visual Studio Version 17
VisualStudioVersion = 17.12.35506.116 d17.12
MinimumVisualStudioVersion = 10.0.40219.1
Project("{FAE04EC0-301F-11D3-BF4B-00C04F79EFBC}") = "Lab02", "Lab02.csproj", "{24CA3A2E-7A45-4EC9-AA69-6E0B0F28516E}"
EndProject
Global
	GlobalSection(SolutionConfigurationPlatforms) = preSolution
		Debug|Any CPU = Debug|Any CPU
		Release|Any CPU = Release|Any CPU
	EndGlobalSection
	GlobalSection(ProjectConfigurationPlatforms) = postSolution
		{24CA3A2E-7A45-4EC9-AA69-6E0B0F28516E}.Debug|Any CPU.ActiveCfg = Debug|Any CPU
		{24CA3A2E-7A45-4EC9-AA69-6E0B0F28516E}.Debug|Any CPU.Build.0 = Debug|Any CPU
		{24CA3A2E-7A45-4EC9-AA69-6E0B0F28516E}.Release|Any CPU.ActiveCfg = Release|Any CPU
		{24CA3A2E-7A45-4EC9-AA69-6E0B0F28516E}.Release|Any CPU.Build.0 = Release|Any CPU
	EndGlobalSection
	GlobalSection(SolutionProperties) = preSolution
		HideSolutionNode = FALSE
	EndGlobalSection
EndGlobal
