
Microsoft Visual Studio Solution File, Format Version 12.00
# Visual Studio Version 17
VisualStudioVersion = 17.9.34622.214
MinimumVisualStudioVersion = 10.0.40219.1
Project("{FAE04EC0-301F-11D3-BF4B-00C04F79EFBC}") = "Lab02", "Lab02.csproj", "{387F1539-ED92-4992-AB5B-137E027E07F6}"
EndProject
Global
	GlobalSection(SolutionConfigurationPlatforms) = preSolution
		Debug|Any CPU = Debug|Any CPU
		Release|Any CPU = Release|Any CPU
	EndGlobalSection
	GlobalSection(ProjectConfigurationPlatforms) = postSolution
		{387F1539-ED92-4992-AB5B-137E027E07F6}.Debug|Any CPU.ActiveCfg = Debug|Any CPU
		{387F1539-ED92-4992-AB5B-137E027E07F6}.Debug|Any CPU.Build.0 = Debug|Any CPU
		{387F1539-ED92-4992-AB5B-137E027E07F6}.Release|Any CPU.ActiveCfg = Release|Any CPU
		{387F1539-ED92-4992-AB5B-137E027E07F6}.Release|Any CPU.Build.0 = Release|Any CPU
	EndGlobalSection
	GlobalSection(SolutionProperties) = preSolution
		HideSolutionNode = FALSE
	EndGlobalSection
	GlobalSection(ExtensibilityGlobals) = postSolution
		SolutionGuid = {50A12CBD-FFC7-47B3-B88C-EDDEDE0C1992}
	EndGlobalSection
EndGlobal
