
Microsoft Visual Studio Solution File, Format Version 12.00
# Visual Studio Version 17
VisualStudioVersion = 17.9.34622.214
MinimumVisualStudioVersion = 10.0.40219.1
Project("{9A19103F-16F7-4668-BE54-9A1E7A4F7556}") = "laboratorium7", "laboratorium7.csproj", "{96C38FC5-7363-4685-8A75-5F6B5B90BA09}"
EndProject
Project("{FAE04EC0-301F-11D3-BF4B-00C04F79EFBC}") = "Lab7.bll", "..\Lab7.bll\Lab7.bll.csproj", "{D4C7220E-67AC-43D3-8154-5AF0EFFB8BF4}"
EndProject
Global
	GlobalSection(SolutionConfigurationPlatforms) = preSolution
		Debug|Any CPU = Debug|Any CPU
		Release|Any CPU = Release|Any CPU
	EndGlobalSection
	GlobalSection(ProjectConfigurationPlatforms) = postSolution
		{96C38FC5-7363-4685-8A75-5F6B5B90BA09}.Debug|Any CPU.ActiveCfg = Debug|Any CPU
		{96C38FC5-7363-4685-8A75-5F6B5B90BA09}.Debug|Any CPU.Build.0 = Debug|Any CPU
		{96C38FC5-7363-4685-8A75-5F6B5B90BA09}.Release|Any CPU.ActiveCfg = Release|Any CPU
		{96C38FC5-7363-4685-8A75-5F6B5B90BA09}.Release|Any CPU.Build.0 = Release|Any CPU
		{D4C7220E-67AC-43D3-8154-5AF0EFFB8BF4}.Debug|Any CPU.ActiveCfg = Debug|Any CPU
		{D4C7220E-67AC-43D3-8154-5AF0EFFB8BF4}.Debug|Any CPU.Build.0 = Debug|Any CPU
		{D4C7220E-67AC-43D3-8154-5AF0EFFB8BF4}.Release|Any CPU.ActiveCfg = Release|Any CPU
		{D4C7220E-67AC-43D3-8154-5AF0EFFB8BF4}.Release|Any CPU.Build.0 = Release|Any CPU
	EndGlobalSection
	GlobalSection(SolutionProperties) = preSolution
		HideSolutionNode = FALSE
	EndGlobalSection
	GlobalSection(ExtensibilityGlobals) = postSolution
		SolutionGuid = {D21DEF89-86EC-4F08-B898-14CEA68C1088}
	EndGlobalSection
EndGlobal
