
Microsoft Visual Studio Solution File, Format Version 12.00
# Visual Studio Version 17
VisualStudioVersion = 17.9.34723.18
MinimumVisualStudioVersion = 10.0.40219.1
Project("{FAE04EC0-301F-11D3-BF4B-00C04F79EFBC}") = "Lab10_2", "Lab10_2\Lab10_2.csproj", "{042CE870-D93B-4044-8677-1FA0A0498247}"
	ProjectSection(ProjectDependencies) = postProject
		{301013A8-AE95-4E49-936D-2EC90CCF1E8F} = {301013A8-AE95-4E49-936D-2EC90CCF1E8F}
		{6E1E1336-96A3-4656-B320-A943938E1B9D} = {6E1E1336-96A3-4656-B320-A943938E1B9D}
	EndProjectSection
EndProject
Project("{FAE04EC0-301F-11D3-BF4B-00C04F79EFBC}") = "Lab10_2.DAL", "Lab10_2.DAL\Lab10_2.DAL.csproj", "{6E1E1336-96A3-4656-B320-A943938E1B9D}"
EndProject
Project("{FAE04EC0-301F-11D3-BF4B-00C04F79EFBC}") = "Lab10_2.Model", "Lab10_2.Model\Lab10_2.Model.csproj", "{301013A8-AE95-4E49-936D-2EC90CCF1E8F}"
EndProject
Global
	GlobalSection(SolutionConfigurationPlatforms) = preSolution
		Debug|Any CPU = Debug|Any CPU
		Release|Any CPU = Release|Any CPU
	EndGlobalSection
	GlobalSection(ProjectConfigurationPlatforms) = postSolution
		{042CE870-D93B-4044-8677-1FA0A0498247}.Debug|Any CPU.ActiveCfg = Debug|Any CPU
		{042CE870-D93B-4044-8677-1FA0A0498247}.Debug|Any CPU.Build.0 = Debug|Any CPU
		{042CE870-D93B-4044-8677-1FA0A0498247}.Release|Any CPU.ActiveCfg = Release|Any CPU
		{042CE870-D93B-4044-8677-1FA0A0498247}.Release|Any CPU.Build.0 = Release|Any CPU
		{6E1E1336-96A3-4656-B320-A943938E1B9D}.Debug|Any CPU.ActiveCfg = Debug|Any CPU
		{6E1E1336-96A3-4656-B320-A943938E1B9D}.Debug|Any CPU.Build.0 = Debug|Any CPU
		{6E1E1336-96A3-4656-B320-A943938E1B9D}.Release|Any CPU.ActiveCfg = Release|Any CPU
		{6E1E1336-96A3-4656-B320-A943938E1B9D}.Release|Any CPU.Build.0 = Release|Any CPU
		{301013A8-AE95-4E49-936D-2EC90CCF1E8F}.Debug|Any CPU.ActiveCfg = Debug|Any CPU
		{301013A8-AE95-4E49-936D-2EC90CCF1E8F}.Debug|Any CPU.Build.0 = Debug|Any CPU
		{301013A8-AE95-4E49-936D-2EC90CCF1E8F}.Release|Any CPU.ActiveCfg = Release|Any CPU
		{301013A8-AE95-4E49-936D-2EC90CCF1E8F}.Release|Any CPU.Build.0 = Release|Any CPU
	EndGlobalSection
	GlobalSection(SolutionProperties) = preSolution
		HideSolutionNode = FALSE
	EndGlobalSection
	GlobalSection(ExtensibilityGlobals) = postSolution
		SolutionGuid = {C90ACB68-D415-4EB9-A0D2-F766A3A7E7A9}
	EndGlobalSection
EndGlobal
