
Microsoft Visual Studio Solution File, Format Version 12.00
# Visual Studio Version 17
VisualStudioVersion = 17.9.34622.214
MinimumVisualStudioVersion = 10.0.40219.1
Project("{FAE04EC0-301F-11D3-BF4B-00C04F79EFBC}") = "Kolokwium.App", "Kolokwium.App\Kolokwium.App.csproj", "{C3261314-CBA4-4839-81E0-D6E6FE0BA61A}"
EndProject
Project("{FAE04EC0-301F-11D3-BF4B-00C04F79EFBC}") = "Kolokwium.BLL", "Kolokwium.BLL\Kolokwium.BLL.csproj", "{3B6E4C3A-E1E2-47AC-8278-07E04AD5401A}"
EndProject
Global
	GlobalSection(SolutionConfigurationPlatforms) = preSolution
		Debug|Any CPU = Debug|Any CPU
		Release|Any CPU = Release|Any CPU
	EndGlobalSection
	GlobalSection(ProjectConfigurationPlatforms) = postSolution
		{C3261314-CBA4-4839-81E0-D6E6FE0BA61A}.Debug|Any CPU.ActiveCfg = Debug|Any CPU
		{C3261314-CBA4-4839-81E0-D6E6FE0BA61A}.Debug|Any CPU.Build.0 = Debug|Any CPU
		{C3261314-CBA4-4839-81E0-D6E6FE0BA61A}.Release|Any CPU.ActiveCfg = Release|Any CPU
		{C3261314-CBA4-4839-81E0-D6E6FE0BA61A}.Release|Any CPU.Build.0 = Release|Any CPU
		{3B6E4C3A-E1E2-47AC-8278-07E04AD5401A}.Debug|Any CPU.ActiveCfg = Debug|Any CPU
		{3B6E4C3A-E1E2-47AC-8278-07E04AD5401A}.Debug|Any CPU.Build.0 = Debug|Any CPU
		{3B6E4C3A-E1E2-47AC-8278-07E04AD5401A}.Release|Any CPU.ActiveCfg = Release|Any CPU
		{3B6E4C3A-E1E2-47AC-8278-07E04AD5401A}.Release|Any CPU.Build.0 = Release|Any CPU
	EndGlobalSection
	GlobalSection(SolutionProperties) = preSolution
		HideSolutionNode = FALSE
	EndGlobalSection
	GlobalSection(ExtensibilityGlobals) = postSolution
		SolutionGuid = {2900EF2D-1861-46D2-B163-EB106CA4C7C8}
	EndGlobalSection
EndGlobal
