
Microsoft Visual Studio Solution File, Format Version 12.00
# Visual Studio Version 17
VisualStudioVersion = 17.9.34622.214
MinimumVisualStudioVersion = 10.0.40219.1
Project("{FAE04EC0-301F-11D3-BF4B-00C04F79EFBC}") = "lab10.WpfApp", "lab10.WpfApp.csproj", "{FFAF6171-4D03-4456-9D58-63270986EDAC}"
EndProject
Global
	GlobalSection(SolutionConfigurationPlatforms) = preSolution
		Debug|Any CPU = Debug|Any CPU
		Release|Any CPU = Release|Any CPU
	EndGlobalSection
	GlobalSection(ProjectConfigurationPlatforms) = postSolution
		{FFAF6171-4D03-4456-9D58-63270986EDAC}.Debug|Any CPU.ActiveCfg = Debug|Any CPU
		{FFAF6171-4D03-4456-9D58-63270986EDAC}.Debug|Any CPU.Build.0 = Debug|Any CPU
		{FFAF6171-4D03-4456-9D58-63270986EDAC}.Release|Any CPU.ActiveCfg = Release|Any CPU
		{FFAF6171-4D03-4456-9D58-63270986EDAC}.Release|Any CPU.Build.0 = Release|Any CPU
	EndGlobalSection
	GlobalSection(SolutionProperties) = preSolution
		HideSolutionNode = FALSE
	EndGlobalSection
	GlobalSection(ExtensibilityGlobals) = postSolution
		SolutionGuid = {F4EFEFE2-10FD-406F-9098-A38713101DFF}
	EndGlobalSection
EndGlobal
