
Microsoft Visual Studio Solution File, Format Version 12.00
# Visual Studio Version 17
VisualStudioVersion = 17.9.34616.47
MinimumVisualStudioVersion = 10.0.40219.1
Project("{FAE04EC0-301F-11D3-BF4B-00C04F79EFBC}") = "Kolokwium.App", "Kolokwium.App\Kolokwium.App.csproj", "{193F58CE-BD7E-4522-B00A-592163D84CAA}"
EndProject
Project("{FAE04EC0-301F-11D3-BF4B-00C04F79EFBC}") = "Kolokwium.BLL", "Kolokwium.BLL\Kolokwium.BLL.csproj", "{78E93490-76F3-4B07-BF07-DD7AB71F5016}"
EndProject
Global
	GlobalSection(SolutionConfigurationPlatforms) = preSolution
		Debug|Any CPU = Debug|Any CPU
		Release|Any CPU = Release|Any CPU
	EndGlobalSection
	GlobalSection(ProjectConfigurationPlatforms) = postSolution
		{193F58CE-BD7E-4522-B00A-592163D84CAA}.Debug|Any CPU.ActiveCfg = Debug|Any CPU
		{193F58CE-BD7E-4522-B00A-592163D84CAA}.Debug|Any CPU.Build.0 = Debug|Any CPU
		{193F58CE-BD7E-4522-B00A-592163D84CAA}.Release|Any CPU.ActiveCfg = Release|Any CPU
		{193F58CE-BD7E-4522-B00A-592163D84CAA}.Release|Any CPU.Build.0 = Release|Any CPU
		{78E93490-76F3-4B07-BF07-DD7AB71F5016}.Debug|Any CPU.ActiveCfg = Debug|Any CPU
		{78E93490-76F3-4B07-BF07-DD7AB71F5016}.Debug|Any CPU.Build.0 = Debug|Any CPU
		{78E93490-76F3-4B07-BF07-DD7AB71F5016}.Release|Any CPU.ActiveCfg = Release|Any CPU
		{78E93490-76F3-4B07-BF07-DD7AB71F5016}.Release|Any CPU.Build.0 = Release|Any CPU
	EndGlobalSection
	GlobalSection(SolutionProperties) = preSolution
		HideSolutionNode = FALSE
	EndGlobalSection
	GlobalSection(ExtensibilityGlobals) = postSolution
		SolutionGuid = {4D7B9F69-1770-4471-B0EC-9C8BD8F40CEA}
	EndGlobalSection
EndGlobal
