
Microsoft Visual Studio Solution File, Format Version 12.00
# Visual Studio Version 17
VisualStudioVersion = 17.9.34622.214
MinimumVisualStudioVersion = 10.0.40219.1
Project("{FAE04EC0-301F-11D3-BF4B-00C04F79EFBC}") = "Lab_3", "Lab_3.csproj", "{69B2FB7C-1D0A-4BA8-8DB1-4F84EF748974}"
EndProject
Global
	GlobalSection(SolutionConfigurationPlatforms) = preSolution
		Debug|Any CPU = Debug|Any CPU
		Release|Any CPU = Release|Any CPU
	EndGlobalSection
	GlobalSection(ProjectConfigurationPlatforms) = postSolution
		{69B2FB7C-1D0A-4BA8-8DB1-4F84EF748974}.Debug|Any CPU.ActiveCfg = Debug|Any CPU
		{69B2FB7C-1D0A-4BA8-8DB1-4F84EF748974}.Debug|Any CPU.Build.0 = Debug|Any CPU
		{69B2FB7C-1D0A-4BA8-8DB1-4F84EF748974}.Release|Any CPU.ActiveCfg = Release|Any CPU
		{69B2FB7C-1D0A-4BA8-8DB1-4F84EF748974}.Release|Any CPU.Build.0 = Release|Any CPU
	EndGlobalSection
	GlobalSection(SolutionProperties) = preSolution
		HideSolutionNode = FALSE
	EndGlobalSection
	GlobalSection(ExtensibilityGlobals) = postSolution
		SolutionGuid = {1C405441-E822-4227-8477-C4EE01BDA1F8}
	EndGlobalSection
EndGlobal
