
Microsoft Visual Studio Solution File, Format Version 12.00
# Visual Studio Version 17
VisualStudioVersion = 17.9.34622.214
MinimumVisualStudioVersion = 10.0.40219.1
Project("{FAE04EC0-301F-11D3-BF4B-00C04F79EFBC}") = "Lab8", "Lab8\Lab8.csproj", "{C26C4D3E-04EB-4622-82C5-0A5BB0C46EAF}"
EndProject
Global
	GlobalSection(SolutionConfigurationPlatforms) = preSolution
		Debug|Any CPU = Debug|Any CPU
		Release|Any CPU = Release|Any CPU
	EndGlobalSection
	GlobalSection(ProjectConfigurationPlatforms) = postSolution
		{C26C4D3E-04EB-4622-82C5-0A5BB0C46EAF}.Debug|Any CPU.ActiveCfg = Debug|Any CPU
		{C26C4D3E-04EB-4622-82C5-0A5BB0C46EAF}.Debug|Any CPU.Build.0 = Debug|Any CPU
		{C26C4D3E-04EB-4622-82C5-0A5BB0C46EAF}.Release|Any CPU.ActiveCfg = Release|Any CPU
		{C26C4D3E-04EB-4622-82C5-0A5BB0C46EAF}.Release|Any CPU.Build.0 = Release|Any CPU
	EndGlobalSection
	GlobalSection(SolutionProperties) = preSolution
		HideSolutionNode = FALSE
	EndGlobalSection
	GlobalSection(ExtensibilityGlobals) = postSolution
		SolutionGuid = {6FC662EE-B396-47BD-8BE8-2A94F9BC9653}
	EndGlobalSection
EndGlobal
