
Microsoft Visual Studio Solution File, Format Version 12.00
# Visual Studio Version 17
VisualStudioVersion = 17.9.34622.214
MinimumVisualStudioVersion = 10.0.40219.1
Project("{FAE04EC0-301F-11D3-BF4B-00C04F79EFBC}") = "Lab8.WpfApp", "Lab8.WpfApp\Lab8.WpfApp.csproj", "{A90B913A-D0D3-4ED3-B593-8D9C7A3B5DC4}"
EndProject
Project("{FAE04EC0-301F-11D3-BF4B-00C04F79EFBC}") = "Lab8.BLL", "Lab8.BLL\Lab8.BLL.csproj", "{260898DC-7223-4199-B8D9-4013C1473FF9}"
EndProject
Global
	GlobalSection(SolutionConfigurationPlatforms) = preSolution
		Debug|Any CPU = Debug|Any CPU
		Release|Any CPU = Release|Any CPU
	EndGlobalSection
	GlobalSection(ProjectConfigurationPlatforms) = postSolution
		{A90B913A-D0D3-4ED3-B593-8D9C7A3B5DC4}.Debug|Any CPU.ActiveCfg = Debug|Any CPU
		{A90B913A-D0D3-4ED3-B593-8D9C7A3B5DC4}.Debug|Any CPU.Build.0 = Debug|Any CPU
		{A90B913A-D0D3-4ED3-B593-8D9C7A3B5DC4}.Release|Any CPU.ActiveCfg = Release|Any CPU
		{A90B913A-D0D3-4ED3-B593-8D9C7A3B5DC4}.Release|Any CPU.Build.0 = Release|Any CPU
		{260898DC-7223-4199-B8D9-4013C1473FF9}.Debug|Any CPU.ActiveCfg = Debug|Any CPU
		{260898DC-7223-4199-B8D9-4013C1473FF9}.Debug|Any CPU.Build.0 = Debug|Any CPU
		{260898DC-7223-4199-B8D9-4013C1473FF9}.Release|Any CPU.ActiveCfg = Release|Any CPU
		{260898DC-7223-4199-B8D9-4013C1473FF9}.Release|Any CPU.Build.0 = Release|Any CPU
	EndGlobalSection
	GlobalSection(SolutionProperties) = preSolution
		HideSolutionNode = FALSE
	EndGlobalSection
	GlobalSection(ExtensibilityGlobals) = postSolution
		SolutionGuid = {CF421DBA-3415-4F09-95BD-6FCCDF10017A}
	EndGlobalSection
EndGlobal
