
Microsoft Visual Studio Solution File, Format Version 12.00
# Visual Studio Version 17
VisualStudioVersion = 17.13.35825.156 d17.13
MinimumVisualStudioVersion = 10.0.40219.1
Project("{FAE04EC0-301F-11D3-BF4B-00C04F79EFBC}") = "laboratorium5", "laboratorium5\laboratorium5.csproj", "{ECA670A7-BD63-476E-A0F3-CAA9A7BB28F4}"
EndProject
Global
	GlobalSection(SolutionConfigurationPlatforms) = preSolution
		Debug|Any CPU = Debug|Any CPU
		Release|Any CPU = Release|Any CPU
	EndGlobalSection
	GlobalSection(ProjectConfigurationPlatforms) = postSolution
		{ECA670A7-BD63-476E-A0F3-CAA9A7BB28F4}.Debug|Any CPU.ActiveCfg = Debug|Any CPU
		{ECA670A7-BD63-476E-A0F3-CAA9A7BB28F4}.Debug|Any CPU.Build.0 = Debug|Any CPU
		{ECA670A7-BD63-476E-A0F3-CAA9A7BB28F4}.Release|Any CPU.ActiveCfg = Release|Any CPU
		{ECA670A7-BD63-476E-A0F3-CAA9A7BB28F4}.Release|Any CPU.Build.0 = Release|Any CPU
	EndGlobalSection
	GlobalSection(SolutionProperties) = preSolution
		HideSolutionNode = FALSE
	EndGlobalSection
	GlobalSection(ExtensibilityGlobals) = postSolution
		SolutionGuid = {5988703D-F78A-4F36-BAD2-3220C5E48808}
	EndGlobalSection
EndGlobal
