
Microsoft Visual Studio Solution File, Format Version 12.00
# Visual Studio Version 17
VisualStudioVersion = 17.9.34622.214
MinimumVisualStudioVersion = 10.0.40219.1
Project("{FAE04EC0-301F-11D3-BF4B-00C04F79EFBC}") = "Kolokwium.App", "Kolokwium.App\Kolokwium.App.csproj", "{8B6649AC-3951-4C72-AE51-94A5892FE839}"
EndProject
Project("{FAE04EC0-301F-11D3-BF4B-00C04F79EFBC}") = "Kolokwium.BLL", "Kolokwium.BLL\Kolokwium.BLL.csproj", "{3E878D15-0D8C-4131-8BCD-5EC0C923655F}"
EndProject
Global
	GlobalSection(SolutionConfigurationPlatforms) = preSolution
		Debug|Any CPU = Debug|Any CPU
		Release|Any CPU = Release|Any CPU
	EndGlobalSection
	GlobalSection(ProjectConfigurationPlatforms) = postSolution
		{8B6649AC-3951-4C72-AE51-94A5892FE839}.Debug|Any CPU.ActiveCfg = Debug|Any CPU
		{8B6649AC-3951-4C72-AE51-94A5892FE839}.Debug|Any CPU.Build.0 = Debug|Any CPU
		{8B6649AC-3951-4C72-AE51-94A5892FE839}.Release|Any CPU.ActiveCfg = Release|Any CPU
		{8B6649AC-3951-4C72-AE51-94A5892FE839}.Release|Any CPU.Build.0 = Release|Any CPU
		{3E878D15-0D8C-4131-8BCD-5EC0C923655F}.Debug|Any CPU.ActiveCfg = Debug|Any CPU
		{3E878D15-0D8C-4131-8BCD-5EC0C923655F}.Debug|Any CPU.Build.0 = Debug|Any CPU
		{3E878D15-0D8C-4131-8BCD-5EC0C923655F}.Release|Any CPU.ActiveCfg = Release|Any CPU
		{3E878D15-0D8C-4131-8BCD-5EC0C923655F}.Release|Any CPU.Build.0 = Release|Any CPU
	EndGlobalSection
	GlobalSection(SolutionProperties) = preSolution
		HideSolutionNode = FALSE
	EndGlobalSection
	GlobalSection(ExtensibilityGlobals) = postSolution
		SolutionGuid = {F7BB2F9B-8949-47F4-821D-3291EBB61917}
	EndGlobalSection
EndGlobal
