
Microsoft Visual Studio Solution File, Format Version 12.00
# Visual Studio Version 17
VisualStudioVersion = 17.9.34622.214
MinimumVisualStudioVersion = 10.0.40219.1
Project("{FAE04EC0-301F-11D3-BF4B-00C04F79EFBC}") = "Lab3", "Lab3.csproj", "{69366982-6E80-4761-896B-1E85AE31E8FD}"
EndProject
Global
	GlobalSection(SolutionConfigurationPlatforms) = preSolution
		Debug|Any CPU = Debug|Any CPU
		Release|Any CPU = Release|Any CPU
	EndGlobalSection
	GlobalSection(ProjectConfigurationPlatforms) = postSolution
		{69366982-6E80-4761-896B-1E85AE31E8FD}.Debug|Any CPU.ActiveCfg = Debug|Any CPU
		{69366982-6E80-4761-896B-1E85AE31E8FD}.Debug|Any CPU.Build.0 = Debug|Any CPU
		{69366982-6E80-4761-896B-1E85AE31E8FD}.Release|Any CPU.ActiveCfg = Release|Any CPU
		{69366982-6E80-4761-896B-1E85AE31E8FD}.Release|Any CPU.Build.0 = Release|Any CPU
	EndGlobalSection
	GlobalSection(SolutionProperties) = preSolution
		HideSolutionNode = FALSE
	EndGlobalSection
	GlobalSection(ExtensibilityGlobals) = postSolution
		SolutionGuid = {FD79E24D-8E71-4CF1-9C5F-0EC3DFF3A2AC}
	EndGlobalSection
EndGlobal
