
Microsoft Visual Studio Solution File, Format Version 12.00
# Visual Studio Version 17
VisualStudioVersion = 17.9.34616.47
MinimumVisualStudioVersion = 10.0.40219.1
Project("{FAE04EC0-301F-11D3-BF4B-00C04F79EFBC}") = "Lab3", "Lab3.csproj", "{A4F1FDE9-2637-4E65-8107-4F10A6CFE5E7}"
EndProject
Global
	GlobalSection(SolutionConfigurationPlatforms) = preSolution
		Debug|Any CPU = Debug|Any CPU
		Release|Any CPU = Release|Any CPU
	EndGlobalSection
	GlobalSection(ProjectConfigurationPlatforms) = postSolution
		{A4F1FDE9-2637-4E65-8107-4F10A6CFE5E7}.Debug|Any CPU.ActiveCfg = Debug|Any CPU
		{A4F1FDE9-2637-4E65-8107-4F10A6CFE5E7}.Debug|Any CPU.Build.0 = Debug|Any CPU
		{A4F1FDE9-2637-4E65-8107-4F10A6CFE5E7}.Release|Any CPU.ActiveCfg = Release|Any CPU
		{A4F1FDE9-2637-4E65-8107-4F10A6CFE5E7}.Release|Any CPU.Build.0 = Release|Any CPU
	EndGlobalSection
	GlobalSection(SolutionProperties) = preSolution
		HideSolutionNode = FALSE
	EndGlobalSection
	GlobalSection(ExtensibilityGlobals) = postSolution
		SolutionGuid = {ACD0ABA8-BFC1-436E-A6E0-7D432AD3C580}
	EndGlobalSection
EndGlobal
