
Microsoft Visual Studio Solution File, Format Version 12.00
# Visual Studio Version 17
VisualStudioVersion = 17.9.34622.214
MinimumVisualStudioVersion = 10.0.40219.1
Project("{FAE04EC0-301F-11D3-BF4B-00C04F79EFBC}") = "Lab10.WpfApp", "Lab10.WpfApp\Lab10.WpfApp.csproj", "{DE2F8957-7FAE-4A85-80CF-B49CFBA89B8F}"
EndProject
Project("{FAE04EC0-301F-11D3-BF4B-00C04F79EFBC}") = "Lab10.DAL", "Lab10.DAL\Lab10.DAL.csproj", "{72FBD9D7-9432-4B3C-ACEB-29396737A521}"
EndProject
Project("{FAE04EC0-301F-11D3-BF4B-00C04F79EFBC}") = "Lab10.Model", "Lab10.Model\Lab10.Model.csproj", "{8569CAC8-E162-4FD6-99CE-A72A41E1BB7F}"
EndProject
Global
	GlobalSection(SolutionConfigurationPlatforms) = preSolution
		Debug|Any CPU = Debug|Any CPU
		Release|Any CPU = Release|Any CPU
	EndGlobalSection
	GlobalSection(ProjectConfigurationPlatforms) = postSolution
		{DE2F8957-7FAE-4A85-80CF-B49CFBA89B8F}.Debug|Any CPU.ActiveCfg = Debug|Any CPU
		{DE2F8957-7FAE-4A85-80CF-B49CFBA89B8F}.Debug|Any CPU.Build.0 = Debug|Any CPU
		{DE2F8957-7FAE-4A85-80CF-B49CFBA89B8F}.Release|Any CPU.ActiveCfg = Release|Any CPU
		{DE2F8957-7FAE-4A85-80CF-B49CFBA89B8F}.Release|Any CPU.Build.0 = Release|Any CPU
		{72FBD9D7-9432-4B3C-ACEB-29396737A521}.Debug|Any CPU.ActiveCfg = Debug|Any CPU
		{72FBD9D7-9432-4B3C-ACEB-29396737A521}.Debug|Any CPU.Build.0 = Debug|Any CPU
		{72FBD9D7-9432-4B3C-ACEB-29396737A521}.Release|Any CPU.ActiveCfg = Release|Any CPU
		{72FBD9D7-9432-4B3C-ACEB-29396737A521}.Release|Any CPU.Build.0 = Release|Any CPU
		{8569CAC8-E162-4FD6-99CE-A72A41E1BB7F}.Debug|Any CPU.ActiveCfg = Debug|Any CPU
		{8569CAC8-E162-4FD6-99CE-A72A41E1BB7F}.Debug|Any CPU.Build.0 = Debug|Any CPU
		{8569CAC8-E162-4FD6-99CE-A72A41E1BB7F}.Release|Any CPU.ActiveCfg = Release|Any CPU
		{8569CAC8-E162-4FD6-99CE-A72A41E1BB7F}.Release|Any CPU.Build.0 = Release|Any CPU
	EndGlobalSection
	GlobalSection(SolutionProperties) = preSolution
		HideSolutionNode = FALSE
	EndGlobalSection
	GlobalSection(ExtensibilityGlobals) = postSolution
		SolutionGuid = {A0843EED-C5A3-4DE5-AF38-A00A3391342D}
	EndGlobalSection
EndGlobal
