
Microsoft Visual Studio Solution File, Format Version 12.00
# Visual Studio Version 17
VisualStudioVersion = 17.9.34622.214
MinimumVisualStudioVersion = 10.0.40219.1
Project("{FAE04EC0-301F-11D3-BF4B-00C04F79EFBC}") = "lab3", "lab3.csproj", "{53427673-DEE1-4670-8DF0-D2CE360A53A1}"
EndProject
Global
	GlobalSection(SolutionConfigurationPlatforms) = preSolution
		Debug|Any CPU = Debug|Any CPU
		Release|Any CPU = Release|Any CPU
	EndGlobalSection
	GlobalSection(ProjectConfigurationPlatforms) = postSolution
		{53427673-DEE1-4670-8DF0-D2CE360A53A1}.Debug|Any CPU.ActiveCfg = Debug|Any CPU
		{53427673-DEE1-4670-8DF0-D2CE360A53A1}.Debug|Any CPU.Build.0 = Debug|Any CPU
		{53427673-DEE1-4670-8DF0-D2CE360A53A1}.Release|Any CPU.ActiveCfg = Release|Any CPU
		{53427673-DEE1-4670-8DF0-D2CE360A53A1}.Release|Any CPU.Build.0 = Release|Any CPU
	EndGlobalSection
	GlobalSection(SolutionProperties) = preSolution
		HideSolutionNode = FALSE
	EndGlobalSection
	GlobalSection(ExtensibilityGlobals) = postSolution
		SolutionGuid = {070BFE2F-D45C-4947-9AE7-2CA6593E6FC8}
	EndGlobalSection
EndGlobal
