
Microsoft Visual Studio Solution File, Format Version 12.00
# Visual Studio Version 17
VisualStudioVersion = 17.9.34622.214
MinimumVisualStudioVersion = 10.0.40219.1
Project("{FAE04EC0-301F-11D3-BF4B-00C04F79EFBC}") = "Lab5", "Lab5.csproj", "{F2468E53-AA36-4241-AB33-196155CF3684}"
EndProject
Project("{FAE04EC0-301F-11D3-BF4B-00C04F79EFBC}") = "lab5.bll", "..\lab5.bll\lab5.bll.csproj", "{A6C958E7-25B7-4DB3-B583-6F5B4488658D}"
EndProject
Global
	GlobalSection(SolutionConfigurationPlatforms) = preSolution
		Debug|Any CPU = Debug|Any CPU
		Release|Any CPU = Release|Any CPU
	EndGlobalSection
	GlobalSection(ProjectConfigurationPlatforms) = postSolution
		{F2468E53-AA36-4241-AB33-196155CF3684}.Debug|Any CPU.ActiveCfg = Debug|Any CPU
		{F2468E53-AA36-4241-AB33-196155CF3684}.Debug|Any CPU.Build.0 = Debug|Any CPU
		{F2468E53-AA36-4241-AB33-196155CF3684}.Release|Any CPU.ActiveCfg = Release|Any CPU
		{F2468E53-AA36-4241-AB33-196155CF3684}.Release|Any CPU.Build.0 = Release|Any CPU
		{A6C958E7-25B7-4DB3-B583-6F5B4488658D}.Debug|Any CPU.ActiveCfg = Debug|Any CPU
		{A6C958E7-25B7-4DB3-B583-6F5B4488658D}.Debug|Any CPU.Build.0 = Debug|Any CPU
		{A6C958E7-25B7-4DB3-B583-6F5B4488658D}.Release|Any CPU.ActiveCfg = Release|Any CPU
		{A6C958E7-25B7-4DB3-B583-6F5B4488658D}.Release|Any CPU.Build.0 = Release|Any CPU
	EndGlobalSection
	GlobalSection(SolutionProperties) = preSolution
		HideSolutionNode = FALSE
	EndGlobalSection
	GlobalSection(ExtensibilityGlobals) = postSolution
		SolutionGuid = {3AA53C87-0DC9-49AA-B6A5-CFC528E74C1B}
	EndGlobalSection
EndGlobal
