
Microsoft Visual Studio Solution File, Format Version 12.00
# Visual Studio Version 17
VisualStudioVersion = 17.9.34622.214
MinimumVisualStudioVersion = 10.0.40219.1
Project("{FAE04EC0-301F-11D3-BF4B-00C04F79EFBC}") = "Kolokwium.App", "Kolokwium.App\Kolokwium.App.csproj", "{0114E66A-39E7-49A2-A3C4-07A900AABC37}"
EndProject
Project("{FAE04EC0-301F-11D3-BF4B-00C04F79EFBC}") = "Kolokwium.BLL", "Kolokwium.BLL\Kolokwium.BLL.csproj", "{7F1DB6F2-D8C5-44FB-86F4-3E07DE94E583}"
EndProject
Global
	GlobalSection(SolutionConfigurationPlatforms) = preSolution
		Debug|Any CPU = Debug|Any CPU
		Release|Any CPU = Release|Any CPU
	EndGlobalSection
	GlobalSection(ProjectConfigurationPlatforms) = postSolution
		{0114E66A-39E7-49A2-A3C4-07A900AABC37}.Debug|Any CPU.ActiveCfg = Debug|Any CPU
		{0114E66A-39E7-49A2-A3C4-07A900AABC37}.Debug|Any CPU.Build.0 = Debug|Any CPU
		{0114E66A-39E7-49A2-A3C4-07A900AABC37}.Release|Any CPU.ActiveCfg = Release|Any CPU
		{0114E66A-39E7-49A2-A3C4-07A900AABC37}.Release|Any CPU.Build.0 = Release|Any CPU
		{7F1DB6F2-D8C5-44FB-86F4-3E07DE94E583}.Debug|Any CPU.ActiveCfg = Debug|Any CPU
		{7F1DB6F2-D8C5-44FB-86F4-3E07DE94E583}.Debug|Any CPU.Build.0 = Debug|Any CPU
		{7F1DB6F2-D8C5-44FB-86F4-3E07DE94E583}.Release|Any CPU.ActiveCfg = Release|Any CPU
		{7F1DB6F2-D8C5-44FB-86F4-3E07DE94E583}.Release|Any CPU.Build.0 = Release|Any CPU
	EndGlobalSection
	GlobalSection(SolutionProperties) = preSolution
		HideSolutionNode = FALSE
	EndGlobalSection
	GlobalSection(ExtensibilityGlobals) = postSolution
		SolutionGuid = {7A4CE018-6DA4-435C-95AC-6AC441D090AD}
	EndGlobalSection
EndGlobal
