
Microsoft Visual Studio Solution File, Format Version 12.00
# Visual Studio Version 17
VisualStudioVersion = 17.9.34728.123
MinimumVisualStudioVersion = 10.0.40219.1
Project("{FAE04EC0-301F-11D3-BF4B-00C04F79EFBC}") = "Kalkulator", "Kalkulator.csproj", "{294EAA38-4A47-4E4D-9F5B-780081DBD2F1}"
EndProject
Global
	GlobalSection(SolutionConfigurationPlatforms) = preSolution
		Debug|Any CPU = Debug|Any CPU
		Release|Any CPU = Release|Any CPU
	EndGlobalSection
	GlobalSection(ProjectConfigurationPlatforms) = postSolution
		{294EAA38-4A47-4E4D-9F5B-780081DBD2F1}.Debug|Any CPU.ActiveCfg = Debug|Any CPU
		{294EAA38-4A47-4E4D-9F5B-780081DBD2F1}.Debug|Any CPU.Build.0 = Debug|Any CPU
		{294EAA38-4A47-4E4D-9F5B-780081DBD2F1}.Release|Any CPU.ActiveCfg = Release|Any CPU
		{294EAA38-4A47-4E4D-9F5B-780081DBD2F1}.Release|Any CPU.Build.0 = Release|Any CPU
	EndGlobalSection
	GlobalSection(SolutionProperties) = preSolution
		HideSolutionNode = FALSE
	EndGlobalSection
	GlobalSection(ExtensibilityGlobals) = postSolution
		SolutionGuid = {8E9BA026-9EE7-436D-BB7E-29F40A057BC2}
	EndGlobalSection
EndGlobal
