
Microsoft Visual Studio Solution File, Format Version 12.00
# Visual Studio Version 17
VisualStudioVersion = 17.9.34622.214
MinimumVisualStudioVersion = 10.0.40219.1
Project("{FAE04EC0-301F-11D3-BF4B-00C04F79EFBC}") = "Lab8.BLL", "Lab8.BLL.csproj", "{73085146-AB2D-469F-AD67-8176C48AA9CF}"
EndProject
Global
	GlobalSection(SolutionConfigurationPlatforms) = preSolution
		Debug|Any CPU = Debug|Any CPU
		Release|Any CPU = Release|Any CPU
	EndGlobalSection
	GlobalSection(ProjectConfigurationPlatforms) = postSolution
		{73085146-AB2D-469F-AD67-8176C48AA9CF}.Debug|Any CPU.ActiveCfg = Debug|Any CPU
		{73085146-AB2D-469F-AD67-8176C48AA9CF}.Debug|Any CPU.Build.0 = Debug|Any CPU
		{73085146-AB2D-469F-AD67-8176C48AA9CF}.Release|Any CPU.ActiveCfg = Release|Any CPU
		{73085146-AB2D-469F-AD67-8176C48AA9CF}.Release|Any CPU.Build.0 = Release|Any CPU
	EndGlobalSection
	GlobalSection(SolutionProperties) = preSolution
		HideSolutionNode = FALSE
	EndGlobalSection
	GlobalSection(ExtensibilityGlobals) = postSolution
		SolutionGuid = {622C5489-7F7A-4D63-97D6-B32C38AB0A68}
	EndGlobalSection
EndGlobal
