
Microsoft Visual Studio Solution File, Format Version 12.00
# Visual Studio Version 17
VisualStudioVersion = 17.9.34622.214
MinimumVisualStudioVersion = 10.0.40219.1
Project("{FAE04EC0-301F-11D3-BF4B-00C04F79EFBC}") = "Lab07.WpfApp", "Lab07.WpfApp\Lab07.WpfApp.csproj", "{747A28A2-2DB1-470E-B257-17763175FBB1}"
EndProject
Project("{FAE04EC0-301F-11D3-BF4B-00C04F79EFBC}") = "Lab07.DLL", "Lab07.DLL\Lab07.DLL.csproj", "{374FFA2B-CD3A-41D7-A8BE-73A9A6AB10A3}"
EndProject
Global
	GlobalSection(SolutionConfigurationPlatforms) = preSolution
		Debug|Any CPU = Debug|Any CPU
		Release|Any CPU = Release|Any CPU
	EndGlobalSection
	GlobalSection(ProjectConfigurationPlatforms) = postSolution
		{747A28A2-2DB1-470E-B257-17763175FBB1}.Debug|Any CPU.ActiveCfg = Debug|Any CPU
		{747A28A2-2DB1-470E-B257-17763175FBB1}.Debug|Any CPU.Build.0 = Debug|Any CPU
		{747A28A2-2DB1-470E-B257-17763175FBB1}.Release|Any CPU.ActiveCfg = Release|Any CPU
		{747A28A2-2DB1-470E-B257-17763175FBB1}.Release|Any CPU.Build.0 = Release|Any CPU
		{374FFA2B-CD3A-41D7-A8BE-73A9A6AB10A3}.Debug|Any CPU.ActiveCfg = Debug|Any CPU
		{374FFA2B-CD3A-41D7-A8BE-73A9A6AB10A3}.Debug|Any CPU.Build.0 = Debug|Any CPU
		{374FFA2B-CD3A-41D7-A8BE-73A9A6AB10A3}.Release|Any CPU.ActiveCfg = Release|Any CPU
		{374FFA2B-CD3A-41D7-A8BE-73A9A6AB10A3}.Release|Any CPU.Build.0 = Release|Any CPU
	EndGlobalSection
	GlobalSection(SolutionProperties) = preSolution
		HideSolutionNode = FALSE
	EndGlobalSection
	GlobalSection(ExtensibilityGlobals) = postSolution
		SolutionGuid = {C35A57E7-15F4-4431-B339-F659B0F2AD93}
	EndGlobalSection
EndGlobal
