
Microsoft Visual Studio Solution File, Format Version 12.00
# Visual Studio Version 17
VisualStudioVersion = 17.9.34622.214
MinimumVisualStudioVersion = 10.0.40219.1
Project("{FAE04EC0-301F-11D3-BF4B-00C04F79EFBC}") = "PO.Lab1", "PO.Lab1.csproj", "{8650FF50-C676-4F21-B580-914D6BDC6DA7}"
EndProject
Global
	GlobalSection(SolutionConfigurationPlatforms) = preSolution
		Debug|Any CPU = Debug|Any CPU
		Release|Any CPU = Release|Any CPU
	EndGlobalSection
	GlobalSection(ProjectConfigurationPlatforms) = postSolution
		{8650FF50-C676-4F21-B580-914D6BDC6DA7}.Debug|Any CPU.ActiveCfg = Debug|Any CPU
		{8650FF50-C676-4F21-B580-914D6BDC6DA7}.Debug|Any CPU.Build.0 = Debug|Any CPU
		{8650FF50-C676-4F21-B580-914D6BDC6DA7}.Release|Any CPU.ActiveCfg = Release|Any CPU
		{8650FF50-C676-4F21-B580-914D6BDC6DA7}.Release|Any CPU.Build.0 = Release|Any CPU
	EndGlobalSection
	GlobalSection(SolutionProperties) = preSolution
		HideSolutionNode = FALSE
	EndGlobalSection
	GlobalSection(ExtensibilityGlobals) = postSolution
		SolutionGuid = {8FFDCB3B-2DA1-491E-9D0A-AAD8AF30A0E2}
	EndGlobalSection
EndGlobal
