
Microsoft Visual Studio Solution File, Format Version 12.00
# Visual Studio Version 17
VisualStudioVersion = 17.9.34622.214
MinimumVisualStudioVersion = 10.0.40219.1
Project("{FAE04EC0-301F-11D3-BF4B-00C04F79EFBC}") = "lab4", "lab4.csproj", "{C61CAB9F-7F70-4735-B46A-E79EF57FABC6}"
EndProject
Global
	GlobalSection(SolutionConfigurationPlatforms) = preSolution
		Debug|Any CPU = Debug|Any CPU
		Release|Any CPU = Release|Any CPU
	EndGlobalSection
	GlobalSection(ProjectConfigurationPlatforms) = postSolution
		{C61CAB9F-7F70-4735-B46A-E79EF57FABC6}.Debug|Any CPU.ActiveCfg = Debug|Any CPU
		{C61CAB9F-7F70-4735-B46A-E79EF57FABC6}.Debug|Any CPU.Build.0 = Debug|Any CPU
		{C61CAB9F-7F70-4735-B46A-E79EF57FABC6}.Release|Any CPU.ActiveCfg = Release|Any CPU
		{C61CAB9F-7F70-4735-B46A-E79EF57FABC6}.Release|Any CPU.Build.0 = Release|Any CPU
	EndGlobalSection
	GlobalSection(SolutionProperties) = preSolution
		HideSolutionNode = FALSE
	EndGlobalSection
	GlobalSection(ExtensibilityGlobals) = postSolution
		SolutionGuid = {18F00598-2D3E-46E2-99A8-F394DB855826}
	EndGlobalSection
EndGlobal
