
Microsoft Visual Studio Solution File, Format Version 12.00
# Visual Studio Version 17
VisualStudioVersion = 17.9.34616.47
MinimumVisualStudioVersion = 10.0.40219.1
Project("{9A19103F-16F7-4668-BE54-9A1E7A4F7556}") = "Lab4", "Lab4.csproj", "{11A041D3-E367-4491-A48B-57B7BF813BFA}"
EndProject
Project("{FAE04EC0-301F-11D3-BF4B-00C04F79EFBC}") = "Generic.Extensions", "..\Generic.Extensions\Generic.Extensions.csproj", "{DE6F7D52-918D-4A0A-9125-21EDA1E846F8}"
EndProject
Global
	GlobalSection(SolutionConfigurationPlatforms) = preSolution
		Debug|Any CPU = Debug|Any CPU
		Release|Any CPU = Release|Any CPU
	EndGlobalSection
	GlobalSection(ProjectConfigurationPlatforms) = postSolution
		{11A041D3-E367-4491-A48B-57B7BF813BFA}.Debug|Any CPU.ActiveCfg = Debug|Any CPU
		{11A041D3-E367-4491-A48B-57B7BF813BFA}.Debug|Any CPU.Build.0 = Debug|Any CPU
		{11A041D3-E367-4491-A48B-57B7BF813BFA}.Release|Any CPU.ActiveCfg = Release|Any CPU
		{11A041D3-E367-4491-A48B-57B7BF813BFA}.Release|Any CPU.Build.0 = Release|Any CPU
		{DE6F7D52-918D-4A0A-9125-21EDA1E846F8}.Debug|Any CPU.ActiveCfg = Debug|Any CPU
		{DE6F7D52-918D-4A0A-9125-21EDA1E846F8}.Debug|Any CPU.Build.0 = Debug|Any CPU
		{DE6F7D52-918D-4A0A-9125-21EDA1E846F8}.Release|Any CPU.ActiveCfg = Release|Any CPU
		{DE6F7D52-918D-4A0A-9125-21EDA1E846F8}.Release|Any CPU.Build.0 = Release|Any CPU
	EndGlobalSection
	GlobalSection(SolutionProperties) = preSolution
		HideSolutionNode = FALSE
	EndGlobalSection
	GlobalSection(ExtensibilityGlobals) = postSolution
		SolutionGuid = {FCCBC648-8497-40CD-9644-D4F1DF9914DD}
	EndGlobalSection
EndGlobal
