
Microsoft Visual Studio Solution File, Format Version 12.00
# Visual Studio Version 17
VisualStudioVersion = 17.9.34622.214
MinimumVisualStudioVersion = 10.0.40219.1
Project("{FAE04EC0-301F-11D3-BF4B-00C04F79EFBC}") = "Lab_5.App", "Lab_5.App\Lab_5.App.csproj", "{B1C66475-9E75-4E6D-AD88-321EB35BC05E}"
EndProject
Project("{FAE04EC0-301F-11D3-BF4B-00C04F79EFBC}") = "Lab_5.BLL", "Lab_5.BLL\Lab_5.BLL.csproj", "{FB61EE42-5C90-4DE3-9725-C35B68EE2515}"
EndProject
Global
	GlobalSection(SolutionConfigurationPlatforms) = preSolution
		Debug|Any CPU = Debug|Any CPU
		Release|Any CPU = Release|Any CPU
	EndGlobalSection
	GlobalSection(ProjectConfigurationPlatforms) = postSolution
		{B1C66475-9E75-4E6D-AD88-321EB35BC05E}.Debug|Any CPU.ActiveCfg = Debug|Any CPU
		{B1C66475-9E75-4E6D-AD88-321EB35BC05E}.Debug|Any CPU.Build.0 = Debug|Any CPU
		{B1C66475-9E75-4E6D-AD88-321EB35BC05E}.Release|Any CPU.ActiveCfg = Release|Any CPU
		{B1C66475-9E75-4E6D-AD88-321EB35BC05E}.Release|Any CPU.Build.0 = Release|Any CPU
		{FB61EE42-5C90-4DE3-9725-C35B68EE2515}.Debug|Any CPU.ActiveCfg = Debug|Any CPU
		{FB61EE42-5C90-4DE3-9725-C35B68EE2515}.Debug|Any CPU.Build.0 = Debug|Any CPU
		{FB61EE42-5C90-4DE3-9725-C35B68EE2515}.Release|Any CPU.ActiveCfg = Release|Any CPU
		{FB61EE42-5C90-4DE3-9725-C35B68EE2515}.Release|Any CPU.Build.0 = Release|Any CPU
	EndGlobalSection
	GlobalSection(SolutionProperties) = preSolution
		HideSolutionNode = FALSE
	EndGlobalSection
	GlobalSection(ExtensibilityGlobals) = postSolution
		SolutionGuid = {A2361856-B8C5-4A8E-8962-458FDF3FC2B0}
	EndGlobalSection
EndGlobal
