
Microsoft Visual Studio Solution File, Format Version 12.00
# Visual Studio Version 17
VisualStudioVersion = 17.13.35825.156 d17.13
MinimumVisualStudioVersion = 10.0.40219.1
Project("{FAE04EC0-301F-11D3-BF4B-00C04F79EFBC}") = "Lab1_3", "Lab1_3\Lab1_3.csproj", "{AB477AFE-808F-496D-B066-AF6ED9066BEE}"
EndProject
Global
	GlobalSection(SolutionConfigurationPlatforms) = preSolution
		Debug|Any CPU = Debug|Any CPU
		Release|Any CPU = Release|Any CPU
	EndGlobalSection
	GlobalSection(ProjectConfigurationPlatforms) = postSolution
		{AB477AFE-808F-496D-B066-AF6ED9066BEE}.Debug|Any CPU.ActiveCfg = Debug|Any CPU
		{AB477AFE-808F-496D-B066-AF6ED9066BEE}.Debug|Any CPU.Build.0 = Debug|Any CPU
		{AB477AFE-808F-496D-B066-AF6ED9066BEE}.Release|Any CPU.ActiveCfg = Release|Any CPU
		{AB477AFE-808F-496D-B066-AF6ED9066BEE}.Release|Any CPU.Build.0 = Release|Any CPU
	EndGlobalSection
	GlobalSection(SolutionProperties) = preSolution
		HideSolutionNode = FALSE
	EndGlobalSection
	GlobalSection(ExtensibilityGlobals) = postSolution
		SolutionGuid = {316B6C3D-5E35-41DA-927D-DFB4ACC471BF}
	EndGlobalSection
EndGlobal
