
Microsoft Visual Studio Solution File, Format Version 12.00
# Visual Studio Version 17
VisualStudioVersion = 17.9.34622.214
MinimumVisualStudioVersion = 10.0.40219.1
Project("{FAE04EC0-301F-11D3-BF4B-00C04F79EFBC}") = "Lab7.WpfApp", "Lab7.WpfApp\Lab7.WpfApp.csproj", "{575510E8-37D9-4CE5-961C-B39B662F1E00}"
EndProject
Project("{FAE04EC0-301F-11D3-BF4B-00C04F79EFBC}") = "Lab7.BLL", "Lab7.BLL\Lab7.BLL.csproj", "{2D0419E7-F50E-4CE7-B859-2762A474CE2B}"
EndProject
Global
	GlobalSection(SolutionConfigurationPlatforms) = preSolution
		Debug|Any CPU = Debug|Any CPU
		Release|Any CPU = Release|Any CPU
	EndGlobalSection
	GlobalSection(ProjectConfigurationPlatforms) = postSolution
		{575510E8-37D9-4CE5-961C-B39B662F1E00}.Debug|Any CPU.ActiveCfg = Debug|Any CPU
		{575510E8-37D9-4CE5-961C-B39B662F1E00}.Debug|Any CPU.Build.0 = Debug|Any CPU
		{575510E8-37D9-4CE5-961C-B39B662F1E00}.Release|Any CPU.ActiveCfg = Release|Any CPU
		{575510E8-37D9-4CE5-961C-B39B662F1E00}.Release|Any CPU.Build.0 = Release|Any CPU
		{2D0419E7-F50E-4CE7-B859-2762A474CE2B}.Debug|Any CPU.ActiveCfg = Debug|Any CPU
		{2D0419E7-F50E-4CE7-B859-2762A474CE2B}.Debug|Any CPU.Build.0 = Debug|Any CPU
		{2D0419E7-F50E-4CE7-B859-2762A474CE2B}.Release|Any CPU.ActiveCfg = Release|Any CPU
		{2D0419E7-F50E-4CE7-B859-2762A474CE2B}.Release|Any CPU.Build.0 = Release|Any CPU
	EndGlobalSection
	GlobalSection(SolutionProperties) = preSolution
		HideSolutionNode = FALSE
	EndGlobalSection
	GlobalSection(ExtensibilityGlobals) = postSolution
		SolutionGuid = {33849CE1-5465-474A-B494-5C277D1E7EE1}
	EndGlobalSection
EndGlobal
