
Microsoft Visual Studio Solution File, Format Version 12.00
# Visual Studio Version 17
VisualStudioVersion = 17.9.34622.214
MinimumVisualStudioVersion = 10.0.40219.1
Project("{FAE04EC0-301F-11D3-BF4B-00C04F79EFBC}") = "Lab11.WpfApp", "Lab11.WpfApp\Lab11.WpfApp.csproj", "{FDAFFE1F-F491-40A9-B8D7-5028F925E847}"
EndProject
Project("{FAE04EC0-301F-11D3-BF4B-00C04F79EFBC}") = "Lab11.DAL", "Lab11.DAL\Lab11.DAL.csproj", "{69D3EBCA-7C99-4D60-A232-3737CB8C194C}"
EndProject
Project("{FAE04EC0-301F-11D3-BF4B-00C04F79EFBC}") = "Lab11.Model", "Lab11.Model\Lab11.Model.csproj", "{7ECD1CC7-8278-4F2A-8DE6-FEB3BA46FCAD}"
EndProject
Global
	GlobalSection(SolutionConfigurationPlatforms) = preSolution
		Debug|Any CPU = Debug|Any CPU
		Release|Any CPU = Release|Any CPU
	EndGlobalSection
	GlobalSection(ProjectConfigurationPlatforms) = postSolution
		{FDAFFE1F-F491-40A9-B8D7-5028F925E847}.Debug|Any CPU.ActiveCfg = Debug|Any CPU
		{FDAFFE1F-F491-40A9-B8D7-5028F925E847}.Debug|Any CPU.Build.0 = Debug|Any CPU
		{FDAFFE1F-F491-40A9-B8D7-5028F925E847}.Release|Any CPU.ActiveCfg = Release|Any CPU
		{FDAFFE1F-F491-40A9-B8D7-5028F925E847}.Release|Any CPU.Build.0 = Release|Any CPU
		{69D3EBCA-7C99-4D60-A232-3737CB8C194C}.Debug|Any CPU.ActiveCfg = Debug|Any CPU
		{69D3EBCA-7C99-4D60-A232-3737CB8C194C}.Debug|Any CPU.Build.0 = Debug|Any CPU
		{69D3EBCA-7C99-4D60-A232-3737CB8C194C}.Release|Any CPU.ActiveCfg = Release|Any CPU
		{69D3EBCA-7C99-4D60-A232-3737CB8C194C}.Release|Any CPU.Build.0 = Release|Any CPU
		{7ECD1CC7-8278-4F2A-8DE6-FEB3BA46FCAD}.Debug|Any CPU.ActiveCfg = Debug|Any CPU
		{7ECD1CC7-8278-4F2A-8DE6-FEB3BA46FCAD}.Debug|Any CPU.Build.0 = Debug|Any CPU
		{7ECD1CC7-8278-4F2A-8DE6-FEB3BA46FCAD}.Release|Any CPU.ActiveCfg = Release|Any CPU
		{7ECD1CC7-8278-4F2A-8DE6-FEB3BA46FCAD}.Release|Any CPU.Build.0 = Release|Any CPU
	EndGlobalSection
	GlobalSection(SolutionProperties) = preSolution
		HideSolutionNode = FALSE
	EndGlobalSection
	GlobalSection(ExtensibilityGlobals) = postSolution
		SolutionGuid = {86C4C733-65BD-47F9-BD6E-41E5681782B1}
	EndGlobalSection
EndGlobal
