
Microsoft Visual Studio Solution File, Format Version 12.00
# Visual Studio Version 17
VisualStudioVersion = 17.9.34622.214
MinimumVisualStudioVersion = 10.0.40219.1
Project("{FAE04EC0-301F-11D3-BF4B-00C04F79EFBC}") = "Lab5.App", "Lab5.App\Lab5.App.csproj", "{70A0B76F-FC4B-4AEB-80B1-B8D1B3E5296F}"
EndProject
Project("{FAE04EC0-301F-11D3-BF4B-00C04F79EFBC}") = "Lab5.BLL", "Lab5.BLL\Lab5.BLL.csproj", "{A1BB1EE4-04DE-4B72-81F1-C5A58C358A67}"
EndProject
Global
	GlobalSection(SolutionConfigurationPlatforms) = preSolution
		Debug|Any CPU = Debug|Any CPU
		Release|Any CPU = Release|Any CPU
	EndGlobalSection
	GlobalSection(ProjectConfigurationPlatforms) = postSolution
		{70A0B76F-FC4B-4AEB-80B1-B8D1B3E5296F}.Debug|Any CPU.ActiveCfg = Debug|Any CPU
		{70A0B76F-FC4B-4AEB-80B1-B8D1B3E5296F}.Debug|Any CPU.Build.0 = Debug|Any CPU
		{70A0B76F-FC4B-4AEB-80B1-B8D1B3E5296F}.Release|Any CPU.ActiveCfg = Release|Any CPU
		{70A0B76F-FC4B-4AEB-80B1-B8D1B3E5296F}.Release|Any CPU.Build.0 = Release|Any CPU
		{A1BB1EE4-04DE-4B72-81F1-C5A58C358A67}.Debug|Any CPU.ActiveCfg = Debug|Any CPU
		{A1BB1EE4-04DE-4B72-81F1-C5A58C358A67}.Debug|Any CPU.Build.0 = Debug|Any CPU
		{A1BB1EE4-04DE-4B72-81F1-C5A58C358A67}.Release|Any CPU.ActiveCfg = Release|Any CPU
		{A1BB1EE4-04DE-4B72-81F1-C5A58C358A67}.Release|Any CPU.Build.0 = Release|Any CPU
	EndGlobalSection
	GlobalSection(SolutionProperties) = preSolution
		HideSolutionNode = FALSE
	EndGlobalSection
	GlobalSection(ExtensibilityGlobals) = postSolution
		SolutionGuid = {0135DE18-F6A2-45CF-9BC4-453CF4D8DFCB}
	EndGlobalSection
EndGlobal
