
Microsoft Visual Studio Solution File, Format Version 12.00
# Visual Studio Version 17
VisualStudioVersion = 17.9.34616.47
MinimumVisualStudioVersion = 10.0.40219.1
Project("{FAE04EC0-301F-11D3-BF4B-00C04F79EFBC}") = "lab04", "lab04\lab04.csproj", "{803F860D-307A-4E7B-B313-9EB890432A29}"
EndProject
Global
	GlobalSection(SolutionConfigurationPlatforms) = preSolution
		Debug|Any CPU = Debug|Any CPU
		Release|Any CPU = Release|Any CPU
	EndGlobalSection
	GlobalSection(ProjectConfigurationPlatforms) = postSolution
		{803F860D-307A-4E7B-B313-9EB890432A29}.Debug|Any CPU.ActiveCfg = Debug|Any CPU
		{803F860D-307A-4E7B-B313-9EB890432A29}.Debug|Any CPU.Build.0 = Debug|Any CPU
		{803F860D-307A-4E7B-B313-9EB890432A29}.Release|Any CPU.ActiveCfg = Release|Any CPU
		{803F860D-307A-4E7B-B313-9EB890432A29}.Release|Any CPU.Build.0 = Release|Any CPU
	EndGlobalSection
	GlobalSection(SolutionProperties) = preSolution
		HideSolutionNode = FALSE
	EndGlobalSection
	GlobalSection(ExtensibilityGlobals) = postSolution
		SolutionGuid = {64CCBA33-F643-43F5-B4EA-19275ACF7F99}
	EndGlobalSection
EndGlobal
