
Microsoft Visual Studio Solution File, Format Version 12.00
# Visual Studio Version 17
VisualStudioVersion = 17.9.34622.214
MinimumVisualStudioVersion = 10.0.40219.1
Project("{FAE04EC0-301F-11D3-BF4B-00C04F79EFBC}") = "lab04", "lab04.csproj", "{AB30E702-5542-48FD-9C43-F518301E9FA6}"
EndProject
Global
	GlobalSection(SolutionConfigurationPlatforms) = preSolution
		Debug|Any CPU = Debug|Any CPU
		Release|Any CPU = Release|Any CPU
	EndGlobalSection
	GlobalSection(ProjectConfigurationPlatforms) = postSolution
		{AB30E702-5542-48FD-9C43-F518301E9FA6}.Debug|Any CPU.ActiveCfg = Debug|Any CPU
		{AB30E702-5542-48FD-9C43-F518301E9FA6}.Debug|Any CPU.Build.0 = Debug|Any CPU
		{AB30E702-5542-48FD-9C43-F518301E9FA6}.Release|Any CPU.ActiveCfg = Release|Any CPU
		{AB30E702-5542-48FD-9C43-F518301E9FA6}.Release|Any CPU.Build.0 = Release|Any CPU
	EndGlobalSection
	GlobalSection(SolutionProperties) = preSolution
		HideSolutionNode = FALSE
	EndGlobalSection
	GlobalSection(ExtensibilityGlobals) = postSolution
		SolutionGuid = {E073E2FA-6B0D-4497-91DC-5D7BBABF84C3}
	EndGlobalSection
EndGlobal
