
Microsoft Visual Studio Solution File, Format Version 12.00
# Visual Studio Version 17
VisualStudioVersion = 17.9.34622.214
MinimumVisualStudioVersion = 10.0.40219.1
Project("{FAE04EC0-301F-11D3-BF4B-00C04F79EFBC}") = "Zad1", "Zad1\Zad1.csproj", "{EFBA7013-0D27-48F5-8714-1D0C2C30B4DA}"
EndProject
Global
	GlobalSection(SolutionConfigurationPlatforms) = preSolution
		Debug|Any CPU = Debug|Any CPU
		Release|Any CPU = Release|Any CPU
	EndGlobalSection
	GlobalSection(ProjectConfigurationPlatforms) = postSolution
		{EFBA7013-0D27-48F5-8714-1D0C2C30B4DA}.Debug|Any CPU.ActiveCfg = Debug|Any CPU
		{EFBA7013-0D27-48F5-8714-1D0C2C30B4DA}.Debug|Any CPU.Build.0 = Debug|Any CPU
		{EFBA7013-0D27-48F5-8714-1D0C2C30B4DA}.Release|Any CPU.ActiveCfg = Release|Any CPU
		{EFBA7013-0D27-48F5-8714-1D0C2C30B4DA}.Release|Any CPU.Build.0 = Release|Any CPU
	EndGlobalSection
	GlobalSection(SolutionProperties) = preSolution
		HideSolutionNode = FALSE
	EndGlobalSection
	GlobalSection(ExtensibilityGlobals) = postSolution
		SolutionGuid = {6D31AEE2-BEE8-467F-8F17-999E44CE7B58}
	EndGlobalSection
EndGlobal
