
Microsoft Visual Studio Solution File, Format Version 12.00
# Visual Studio Version 17
VisualStudioVersion = 17.9.34622.214
MinimumVisualStudioVersion = 10.0.40219.1
Project("{FAE04EC0-301F-11D3-BF4B-00C04F79EFBC}") = "Lab04", "Lab04.csproj", "{CEAA909E-8802-4950-B586-5AD84396BC66}"
EndProject
Global
	GlobalSection(SolutionConfigurationPlatforms) = preSolution
		Debug|Any CPU = Debug|Any CPU
		Release|Any CPU = Release|Any CPU
	EndGlobalSection
	GlobalSection(ProjectConfigurationPlatforms) = postSolution
		{CEAA909E-8802-4950-B586-5AD84396BC66}.Debug|Any CPU.ActiveCfg = Debug|Any CPU
		{CEAA909E-8802-4950-B586-5AD84396BC66}.Debug|Any CPU.Build.0 = Debug|Any CPU
		{CEAA909E-8802-4950-B586-5AD84396BC66}.Release|Any CPU.ActiveCfg = Release|Any CPU
		{CEAA909E-8802-4950-B586-5AD84396BC66}.Release|Any CPU.Build.0 = Release|Any CPU
	EndGlobalSection
	GlobalSection(SolutionProperties) = preSolution
		HideSolutionNode = FALSE
	EndGlobalSection
	GlobalSection(ExtensibilityGlobals) = postSolution
		SolutionGuid = {AEA23030-1C60-4CBE-8E97-57CEEF80F270}
	EndGlobalSection
EndGlobal
