
Microsoft Visual Studio Solution File, Format Version 12.00
# Visual Studio Version 17
VisualStudioVersion = 17.9.34622.214
MinimumVisualStudioVersion = 10.0.40219.1
Project("{9A19103F-16F7-4668-BE54-9A1E7A4F7556}") = "Lab9.WpfApp", "Lab9.WpfApp\Lab9.WpfApp.csproj", "{EC932E2B-B451-44D0-87A4-E9153CF8A574}"
EndProject
Project("{FAE04EC0-301F-11D3-BF4B-00C04F79EFBC}") = "Lab9.BLL", "Lab9.BLL\Lab9.BLL.csproj", "{76703AD0-F3C7-4B6F-9E78-077886C9CABB}"
EndProject
Global
	GlobalSection(SolutionConfigurationPlatforms) = preSolution
		Debug|Any CPU = Debug|Any CPU
		Release|Any CPU = Release|Any CPU
	EndGlobalSection
	GlobalSection(ProjectConfigurationPlatforms) = postSolution
		{EC932E2B-B451-44D0-87A4-E9153CF8A574}.Debug|Any CPU.ActiveCfg = Debug|Any CPU
		{EC932E2B-B451-44D0-87A4-E9153CF8A574}.Debug|Any CPU.Build.0 = Debug|Any CPU
		{EC932E2B-B451-44D0-87A4-E9153CF8A574}.Release|Any CPU.ActiveCfg = Release|Any CPU
		{EC932E2B-B451-44D0-87A4-E9153CF8A574}.Release|Any CPU.Build.0 = Release|Any CPU
		{76703AD0-F3C7-4B6F-9E78-077886C9CABB}.Debug|Any CPU.ActiveCfg = Debug|Any CPU
		{76703AD0-F3C7-4B6F-9E78-077886C9CABB}.Debug|Any CPU.Build.0 = Debug|Any CPU
		{76703AD0-F3C7-4B6F-9E78-077886C9CABB}.Release|Any CPU.ActiveCfg = Release|Any CPU
		{76703AD0-F3C7-4B6F-9E78-077886C9CABB}.Release|Any CPU.Build.0 = Release|Any CPU
	EndGlobalSection
	GlobalSection(SolutionProperties) = preSolution
		HideSolutionNode = FALSE
	EndGlobalSection
	GlobalSection(ExtensibilityGlobals) = postSolution
		SolutionGuid = {A32A770C-F509-45E9-9104-CCFF45B95D33}
	EndGlobalSection
EndGlobal
