
Microsoft Visual Studio Solution File, Format Version 12.00
# Visual Studio Version 17
VisualStudioVersion = 17.9.34616.47
MinimumVisualStudioVersion = 10.0.40219.1
Project("{FAE04EC0-301F-11D3-BF4B-00C04F79EFBC}") = "Lab7.BLL", "Lab7.BLL.csproj", "{9F30B32B-B950-4F12-98CA-DC04A03F59D8}"
EndProject
Global
	GlobalSection(SolutionConfigurationPlatforms) = preSolution
		Debug|Any CPU = Debug|Any CPU
		Release|Any CPU = Release|Any CPU
	EndGlobalSection
	GlobalSection(ProjectConfigurationPlatforms) = postSolution
		{9F30B32B-B950-4F12-98CA-DC04A03F59D8}.Debug|Any CPU.ActiveCfg = Debug|Any CPU
		{9F30B32B-B950-4F12-98CA-DC04A03F59D8}.Debug|Any CPU.Build.0 = Debug|Any CPU
		{9F30B32B-B950-4F12-98CA-DC04A03F59D8}.Release|Any CPU.ActiveCfg = Release|Any CPU
		{9F30B32B-B950-4F12-98CA-DC04A03F59D8}.Release|Any CPU.Build.0 = Release|Any CPU
	EndGlobalSection
	GlobalSection(SolutionProperties) = preSolution
		HideSolutionNode = FALSE
	EndGlobalSection
	GlobalSection(ExtensibilityGlobals) = postSolution
		SolutionGuid = {EA2B6142-BE6A-44D6-A8D6-DA478711965E}
	EndGlobalSection
EndGlobal
