
Microsoft Visual Studio Solution File, Format Version 12.00
# Visual Studio Version 17
VisualStudioVersion = 17.9.34622.214
MinimumVisualStudioVersion = 10.0.40219.1
Project("{FAE04EC0-301F-11D3-BF4B-00C04F79EFBC}") = "Lab08.WpfApp", "Lab08\Lab08.WpfApp.csproj", "{F16A2F98-F035-4E94-BCF4-2243911814FA}"
EndProject
Project("{FAE04EC0-301F-11D3-BF4B-00C04F79EFBC}") = "Lab08.BLL", "Lab08.BLL\Lab08.BLL.csproj", "{97425265-9267-43AA-98FF-5131A7B50F21}"
EndProject
Global
	GlobalSection(SolutionConfigurationPlatforms) = preSolution
		Debug|Any CPU = Debug|Any CPU
		Release|Any CPU = Release|Any CPU
	EndGlobalSection
	GlobalSection(ProjectConfigurationPlatforms) = postSolution
		{F16A2F98-F035-4E94-BCF4-2243911814FA}.Debug|Any CPU.ActiveCfg = Debug|Any CPU
		{F16A2F98-F035-4E94-BCF4-2243911814FA}.Debug|Any CPU.Build.0 = Debug|Any CPU
		{F16A2F98-F035-4E94-BCF4-2243911814FA}.Release|Any CPU.ActiveCfg = Release|Any CPU
		{F16A2F98-F035-4E94-BCF4-2243911814FA}.Release|Any CPU.Build.0 = Release|Any CPU
		{97425265-9267-43AA-98FF-5131A7B50F21}.Debug|Any CPU.ActiveCfg = Debug|Any CPU
		{97425265-9267-43AA-98FF-5131A7B50F21}.Debug|Any CPU.Build.0 = Debug|Any CPU
		{97425265-9267-43AA-98FF-5131A7B50F21}.Release|Any CPU.ActiveCfg = Release|Any CPU
		{97425265-9267-43AA-98FF-5131A7B50F21}.Release|Any CPU.Build.0 = Release|Any CPU
	EndGlobalSection
	GlobalSection(SolutionProperties) = preSolution
		HideSolutionNode = FALSE
	EndGlobalSection
	GlobalSection(ExtensibilityGlobals) = postSolution
		SolutionGuid = {7118C934-7A0E-41D2-889A-CDA47FB75F31}
	EndGlobalSection
EndGlobal
