
Microsoft Visual Studio Solution File, Format Version 12.00
# Visual Studio Version 17
VisualStudioVersion = 17.9.34622.214
MinimumVisualStudioVersion = 10.0.40219.1
Project("{FAE04EC0-301F-11D3-BF4B-00C04F79EFBC}") = "lab07.WpfApp", "lab07.WpfApp\lab07.WpfApp.csproj", "{0E758723-876B-44BE-8F14-4F6D51027F5A}"
EndProject
Project("{FAE04EC0-301F-11D3-BF4B-00C04F79EFBC}") = "lab7.BLL", "lab7.BLL\lab7.BLL.csproj", "{76A05D79-C0BC-45A4-8DA3-827584104372}"
EndProject
Global
	GlobalSection(SolutionConfigurationPlatforms) = preSolution
		Debug|Any CPU = Debug|Any CPU
		Release|Any CPU = Release|Any CPU
	EndGlobalSection
	GlobalSection(ProjectConfigurationPlatforms) = postSolution
		{0E758723-876B-44BE-8F14-4F6D51027F5A}.Debug|Any CPU.ActiveCfg = Debug|Any CPU
		{0E758723-876B-44BE-8F14-4F6D51027F5A}.Debug|Any CPU.Build.0 = Debug|Any CPU
		{0E758723-876B-44BE-8F14-4F6D51027F5A}.Release|Any CPU.ActiveCfg = Release|Any CPU
		{0E758723-876B-44BE-8F14-4F6D51027F5A}.Release|Any CPU.Build.0 = Release|Any CPU
		{76A05D79-C0BC-45A4-8DA3-827584104372}.Debug|Any CPU.ActiveCfg = Debug|Any CPU
		{76A05D79-C0BC-45A4-8DA3-827584104372}.Debug|Any CPU.Build.0 = Debug|Any CPU
		{76A05D79-C0BC-45A4-8DA3-827584104372}.Release|Any CPU.ActiveCfg = Release|Any CPU
		{76A05D79-C0BC-45A4-8DA3-827584104372}.Release|Any CPU.Build.0 = Release|Any CPU
	EndGlobalSection
	GlobalSection(SolutionProperties) = preSolution
		HideSolutionNode = FALSE
	EndGlobalSection
	GlobalSection(ExtensibilityGlobals) = postSolution
		SolutionGuid = {E162D7ED-9586-47D6-A3DC-55C6998D0368}
	EndGlobalSection
EndGlobal
