
Microsoft Visual Studio Solution File, Format Version 12.00
# Visual Studio Version 17
VisualStudioVersion = 17.9.34622.214
MinimumVisualStudioVersion = 10.0.40219.1
Project("{FAE04EC0-301F-11D3-BF4B-00C04F79EFBC}") = "Lab07.WpfApp", "Lab07.WpfApp\Lab07.WpfApp.csproj", "{6B83ACB8-108F-4AE3-88E1-71875BF8EA3F}"
EndProject
Project("{FAE04EC0-301F-11D3-BF4B-00C04F79EFBC}") = "Lab07.BBL", "Lab07.BBL\Lab07.BBL.csproj", "{148B1195-F061-4D0D-BA06-AD732189059A}"
EndProject
Global
	GlobalSection(SolutionConfigurationPlatforms) = preSolution
		Debug|Any CPU = Debug|Any CPU
		Release|Any CPU = Release|Any CPU
	EndGlobalSection
	GlobalSection(ProjectConfigurationPlatforms) = postSolution
		{6B83ACB8-108F-4AE3-88E1-71875BF8EA3F}.Debug|Any CPU.ActiveCfg = Debug|Any CPU
		{6B83ACB8-108F-4AE3-88E1-71875BF8EA3F}.Debug|Any CPU.Build.0 = Debug|Any CPU
		{6B83ACB8-108F-4AE3-88E1-71875BF8EA3F}.Release|Any CPU.ActiveCfg = Release|Any CPU
		{6B83ACB8-108F-4AE3-88E1-71875BF8EA3F}.Release|Any CPU.Build.0 = Release|Any CPU
		{148B1195-F061-4D0D-BA06-AD732189059A}.Debug|Any CPU.ActiveCfg = Debug|Any CPU
		{148B1195-F061-4D0D-BA06-AD732189059A}.Debug|Any CPU.Build.0 = Debug|Any CPU
		{148B1195-F061-4D0D-BA06-AD732189059A}.Release|Any CPU.ActiveCfg = Release|Any CPU
		{148B1195-F061-4D0D-BA06-AD732189059A}.Release|Any CPU.Build.0 = Release|Any CPU
	EndGlobalSection
	GlobalSection(SolutionProperties) = preSolution
		HideSolutionNode = FALSE
	EndGlobalSection
	GlobalSection(ExtensibilityGlobals) = postSolution
		SolutionGuid = {B232B1C7-5358-4971-9F6F-742AEC51DB8E}
	EndGlobalSection
EndGlobal
