
Microsoft Visual Studio Solution File, Format Version 12.00
# Visual Studio Version 17
VisualStudioVersion = 17.9.34622.214
MinimumVisualStudioVersion = 10.0.40219.1
Project("{FAE04EC0-301F-11D3-BF4B-00C04F79EFBC}") = "lab5.App", "lab5.App.csproj", "{8366D1F8-61B8-4226-9D9C-311F08E28187}"
EndProject
Project("{FAE04EC0-301F-11D3-BF4B-00C04F79EFBC}") = "lab5.BLL", "..\lab5.BLL\lab5.BLL.csproj", "{91977365-9504-45EE-ABAE-94BC58E4CCB1}"
EndProject
Global
	GlobalSection(SolutionConfigurationPlatforms) = preSolution
		Debug|Any CPU = Debug|Any CPU
		Release|Any CPU = Release|Any CPU
	EndGlobalSection
	GlobalSection(ProjectConfigurationPlatforms) = postSolution
		{8366D1F8-61B8-4226-9D9C-311F08E28187}.Debug|Any CPU.ActiveCfg = Debug|Any CPU
		{8366D1F8-61B8-4226-9D9C-311F08E28187}.Debug|Any CPU.Build.0 = Debug|Any CPU
		{8366D1F8-61B8-4226-9D9C-311F08E28187}.Release|Any CPU.ActiveCfg = Release|Any CPU
		{8366D1F8-61B8-4226-9D9C-311F08E28187}.Release|Any CPU.Build.0 = Release|Any CPU
		{91977365-9504-45EE-ABAE-94BC58E4CCB1}.Debug|Any CPU.ActiveCfg = Debug|Any CPU
		{91977365-9504-45EE-ABAE-94BC58E4CCB1}.Debug|Any CPU.Build.0 = Debug|Any CPU
		{91977365-9504-45EE-ABAE-94BC58E4CCB1}.Release|Any CPU.ActiveCfg = Release|Any CPU
		{91977365-9504-45EE-ABAE-94BC58E4CCB1}.Release|Any CPU.Build.0 = Release|Any CPU
	EndGlobalSection
	GlobalSection(SolutionProperties) = preSolution
		HideSolutionNode = FALSE
	EndGlobalSection
	GlobalSection(ExtensibilityGlobals) = postSolution
		SolutionGuid = {2EA8BBDF-3658-4FAC-ACBD-D4A7C248E628}
	EndGlobalSection
EndGlobal
