
Microsoft Visual Studio Solution File, Format Version 12.00
# Visual Studio Version 17
VisualStudioVersion = 17.9.34622.214
MinimumVisualStudioVersion = 10.0.40219.1
Project("{FAE04EC0-301F-11D3-BF4B-00C04F79EFBC}") = "Lab7.WpfApp", "Lab7.WpfApp\Lab7.WpfApp.csproj", "{002385D2-5B6D-4557-83B3-38459E8A6A55}"
EndProject
Project("{FAE04EC0-301F-11D3-BF4B-00C04F79EFBC}") = "Lab7.BLL", "Lab7.BLL\Lab7.BLL.csproj", "{206EADDB-9498-4CD7-9FDF-30EADC92A513}"
EndProject
Global
	GlobalSection(SolutionConfigurationPlatforms) = preSolution
		Debug|Any CPU = Debug|Any CPU
		Release|Any CPU = Release|Any CPU
	EndGlobalSection
	GlobalSection(ProjectConfigurationPlatforms) = postSolution
		{002385D2-5B6D-4557-83B3-38459E8A6A55}.Debug|Any CPU.ActiveCfg = Debug|Any CPU
		{002385D2-5B6D-4557-83B3-38459E8A6A55}.Debug|Any CPU.Build.0 = Debug|Any CPU
		{002385D2-5B6D-4557-83B3-38459E8A6A55}.Release|Any CPU.ActiveCfg = Release|Any CPU
		{002385D2-5B6D-4557-83B3-38459E8A6A55}.Release|Any CPU.Build.0 = Release|Any CPU
		{206EADDB-9498-4CD7-9FDF-30EADC92A513}.Debug|Any CPU.ActiveCfg = Debug|Any CPU
		{206EADDB-9498-4CD7-9FDF-30EADC92A513}.Debug|Any CPU.Build.0 = Debug|Any CPU
		{206EADDB-9498-4CD7-9FDF-30EADC92A513}.Release|Any CPU.ActiveCfg = Release|Any CPU
		{206EADDB-9498-4CD7-9FDF-30EADC92A513}.Release|Any CPU.Build.0 = Release|Any CPU
	EndGlobalSection
	GlobalSection(SolutionProperties) = preSolution
		HideSolutionNode = FALSE
	EndGlobalSection
	GlobalSection(ExtensibilityGlobals) = postSolution
		SolutionGuid = {17ABADD2-A2A3-4478-9C67-A3991A069997}
	EndGlobalSection
EndGlobal
