
Microsoft Visual Studio Solution File, Format Version 12.00
# Visual Studio Version 17
VisualStudioVersion = 17.9.34622.214
MinimumVisualStudioVersion = 10.0.40219.1
Project("{FAE04EC0-301F-11D3-BF4B-00C04F79EFBC}") = "lab8.App", "lab8.App\lab8.App.csproj", "{5CCA29E0-D6E2-4396-833B-356B1A02C1BA}"
EndProject
Project("{FAE04EC0-301F-11D3-BF4B-00C04F79EFBC}") = "Lab8.BLL", "Lab8.BLL\Lab8.BLL.csproj", "{4A03571D-7365-412B-A399-118DF512DF2D}"
EndProject
Global
	GlobalSection(SolutionConfigurationPlatforms) = preSolution
		Debug|Any CPU = Debug|Any CPU
		Release|Any CPU = Release|Any CPU
	EndGlobalSection
	GlobalSection(ProjectConfigurationPlatforms) = postSolution
		{5CCA29E0-D6E2-4396-833B-356B1A02C1BA}.Debug|Any CPU.ActiveCfg = Debug|Any CPU
		{5CCA29E0-D6E2-4396-833B-356B1A02C1BA}.Debug|Any CPU.Build.0 = Debug|Any CPU
		{5CCA29E0-D6E2-4396-833B-356B1A02C1BA}.Release|Any CPU.ActiveCfg = Release|Any CPU
		{5CCA29E0-D6E2-4396-833B-356B1A02C1BA}.Release|Any CPU.Build.0 = Release|Any CPU
		{4A03571D-7365-412B-A399-118DF512DF2D}.Debug|Any CPU.ActiveCfg = Debug|Any CPU
		{4A03571D-7365-412B-A399-118DF512DF2D}.Debug|Any CPU.Build.0 = Debug|Any CPU
		{4A03571D-7365-412B-A399-118DF512DF2D}.Release|Any CPU.ActiveCfg = Release|Any CPU
		{4A03571D-7365-412B-A399-118DF512DF2D}.Release|Any CPU.Build.0 = Release|Any CPU
	EndGlobalSection
	GlobalSection(SolutionProperties) = preSolution
		HideSolutionNode = FALSE
	EndGlobalSection
	GlobalSection(ExtensibilityGlobals) = postSolution
		SolutionGuid = {71A22A94-5C05-4355-951B-81BA5F82EB36}
	EndGlobalSection
EndGlobal
