
Microsoft Visual Studio Solution File, Format Version 12.00
# Visual Studio Version 17
VisualStudioVersion = 17.9.34622.214
MinimumVisualStudioVersion = 10.0.40219.1
Project("{FAE04EC0-301F-11D3-BF4B-00C04F79EFBC}") = "Lab8.WpfApp", "Lab8WpfApp\Lab8.WpfApp.csproj", "{363B9D37-210A-4FF1-8AFA-8CA54B0B2784}"
EndProject
Project("{FAE04EC0-301F-11D3-BF4B-00C04F79EFBC}") = "Lab8.BLL", "Lab8.BLL\Lab8.BLL.csproj", "{B5DF8474-BF2E-4558-A12E-0A6E1CF68D88}"
EndProject
Global
	GlobalSection(SolutionConfigurationPlatforms) = preSolution
		Debug|Any CPU = Debug|Any CPU
		Release|Any CPU = Release|Any CPU
	EndGlobalSection
	GlobalSection(ProjectConfigurationPlatforms) = postSolution
		{363B9D37-210A-4FF1-8AFA-8CA54B0B2784}.Debug|Any CPU.ActiveCfg = Debug|Any CPU
		{363B9D37-210A-4FF1-8AFA-8CA54B0B2784}.Debug|Any CPU.Build.0 = Debug|Any CPU
		{363B9D37-210A-4FF1-8AFA-8CA54B0B2784}.Release|Any CPU.ActiveCfg = Release|Any CPU
		{363B9D37-210A-4FF1-8AFA-8CA54B0B2784}.Release|Any CPU.Build.0 = Release|Any CPU
		{B5DF8474-BF2E-4558-A12E-0A6E1CF68D88}.Debug|Any CPU.ActiveCfg = Debug|Any CPU
		{B5DF8474-BF2E-4558-A12E-0A6E1CF68D88}.Debug|Any CPU.Build.0 = Debug|Any CPU
		{B5DF8474-BF2E-4558-A12E-0A6E1CF68D88}.Release|Any CPU.ActiveCfg = Release|Any CPU
		{B5DF8474-BF2E-4558-A12E-0A6E1CF68D88}.Release|Any CPU.Build.0 = Release|Any CPU
	EndGlobalSection
	GlobalSection(SolutionProperties) = preSolution
		HideSolutionNode = FALSE
	EndGlobalSection
	GlobalSection(ExtensibilityGlobals) = postSolution
		SolutionGuid = {1584C6BE-C01C-49C4-879F-2E337CB7D82B}
	EndGlobalSection
EndGlobal
