
Microsoft Visual Studio Solution File, Format Version 12.00
# Visual Studio Version 17
VisualStudioVersion = 17.9.34622.214
MinimumVisualStudioVersion = 10.0.40219.1
Project("{FAE04EC0-301F-11D3-BF4B-00C04F79EFBC}") = "Lab9", "Lab9.csproj", "{32E06A50-A38F-4F28-9693-57B1558F82A6}"
EndProject
Project("{9A19103F-16F7-4668-BE54-9A1E7A4F7556}") = "Lab8.WpfApp", "..\Lab8\Lab8.WpfApp\Lab8.WpfApp.csproj", "{3BAA039B-BC3F-453E-90F8-CFD5D7CE2C77}"
EndProject
Global
	GlobalSection(SolutionConfigurationPlatforms) = preSolution
		Debug|Any CPU = Debug|Any CPU
		Release|Any CPU = Release|Any CPU
	EndGlobalSection
	GlobalSection(ProjectConfigurationPlatforms) = postSolution
		{32E06A50-A38F-4F28-9693-57B1558F82A6}.Debug|Any CPU.ActiveCfg = Debug|Any CPU
		{32E06A50-A38F-4F28-9693-57B1558F82A6}.Debug|Any CPU.Build.0 = Debug|Any CPU
		{32E06A50-A38F-4F28-9693-57B1558F82A6}.Release|Any CPU.ActiveCfg = Release|Any CPU
		{32E06A50-A38F-4F28-9693-57B1558F82A6}.Release|Any CPU.Build.0 = Release|Any CPU
		{3BAA039B-BC3F-453E-90F8-CFD5D7CE2C77}.Debug|Any CPU.ActiveCfg = Debug|Any CPU
		{3BAA039B-BC3F-453E-90F8-CFD5D7CE2C77}.Debug|Any CPU.Build.0 = Debug|Any CPU
		{3BAA039B-BC3F-453E-90F8-CFD5D7CE2C77}.Release|Any CPU.ActiveCfg = Release|Any CPU
		{3BAA039B-BC3F-453E-90F8-CFD5D7CE2C77}.Release|Any CPU.Build.0 = Release|Any CPU
	EndGlobalSection
	GlobalSection(SolutionProperties) = preSolution
		HideSolutionNode = FALSE
	EndGlobalSection
	GlobalSection(ExtensibilityGlobals) = postSolution
		SolutionGuid = {3A53EDD4-A5EC-44DD-99EC-B29824360600}
	EndGlobalSection
EndGlobal
