
Microsoft Visual Studio Solution File, Format Version 12.00
# Visual Studio Version 17
VisualStudioVersion = 17.9.34622.214
MinimumVisualStudioVersion = 10.0.40219.1
Project("{FAE04EC0-301F-11D3-BF4B-00C04F79EFBC}") = "Lab8.WpfApp", "Lab8.WpfApp\Lab8.WpfApp.csproj", "{02884109-6411-45F1-8205-50CBB5242190}"
EndProject
Project("{FAE04EC0-301F-11D3-BF4B-00C04F79EFBC}") = "Lab8.BLL", "Lab8.BLL\Lab8.BLL.csproj", "{9B7C5FDF-7A38-43BC-BCF4-2C0A3C6BD2D2}"
EndProject
Global
	GlobalSection(SolutionConfigurationPlatforms) = preSolution
		Debug|Any CPU = Debug|Any CPU
		Release|Any CPU = Release|Any CPU
	EndGlobalSection
	GlobalSection(ProjectConfigurationPlatforms) = postSolution
		{02884109-6411-45F1-8205-50CBB5242190}.Debug|Any CPU.ActiveCfg = Debug|Any CPU
		{02884109-6411-45F1-8205-50CBB5242190}.Debug|Any CPU.Build.0 = Debug|Any CPU
		{02884109-6411-45F1-8205-50CBB5242190}.Release|Any CPU.ActiveCfg = Release|Any CPU
		{02884109-6411-45F1-8205-50CBB5242190}.Release|Any CPU.Build.0 = Release|Any CPU
		{9B7C5FDF-7A38-43BC-BCF4-2C0A3C6BD2D2}.Debug|Any CPU.ActiveCfg = Debug|Any CPU
		{9B7C5FDF-7A38-43BC-BCF4-2C0A3C6BD2D2}.Debug|Any CPU.Build.0 = Debug|Any CPU
		{9B7C5FDF-7A38-43BC-BCF4-2C0A3C6BD2D2}.Release|Any CPU.ActiveCfg = Release|Any CPU
		{9B7C5FDF-7A38-43BC-BCF4-2C0A3C6BD2D2}.Release|Any CPU.Build.0 = Release|Any CPU
	EndGlobalSection
	GlobalSection(SolutionProperties) = preSolution
		HideSolutionNode = FALSE
	EndGlobalSection
	GlobalSection(ExtensibilityGlobals) = postSolution
		SolutionGuid = {2F406E6B-0A42-4BCF-BD90-0C24D71CD324}
	EndGlobalSection
EndGlobal
