
Microsoft Visual Studio Solution File, Format Version 12.00
# Visual Studio Version 17
VisualStudioVersion = 17.9.34616.47
MinimumVisualStudioVersion = 10.0.40219.1
Project("{9A19103F-16F7-4668-BE54-9A1E7A4F7556}") = "Lab09.WpfApp", "Lab09.WpfApp\Lab09.WpfApp.csproj", "{6F549750-2983-42AF-A045-459652D59615}"
EndProject
Project("{FAE04EC0-301F-11D3-BF4B-00C04F79EFBC}") = "Lab09.BLL", "Lab09.BLL\Lab09.BLL.csproj", "{F5FEB3A9-2450-4548-8122-8EC7A379D9EC}"
EndProject
Global
	GlobalSection(SolutionConfigurationPlatforms) = preSolution
		Debug|Any CPU = Debug|Any CPU
		Release|Any CPU = Release|Any CPU
	EndGlobalSection
	GlobalSection(ProjectConfigurationPlatforms) = postSolution
		{6F549750-2983-42AF-A045-459652D59615}.Debug|Any CPU.ActiveCfg = Debug|Any CPU
		{6F549750-2983-42AF-A045-459652D59615}.Debug|Any CPU.Build.0 = Debug|Any CPU
		{6F549750-2983-42AF-A045-459652D59615}.Release|Any CPU.ActiveCfg = Release|Any CPU
		{6F549750-2983-42AF-A045-459652D59615}.Release|Any CPU.Build.0 = Release|Any CPU
		{F5FEB3A9-2450-4548-8122-8EC7A379D9EC}.Debug|Any CPU.ActiveCfg = Debug|Any CPU
		{F5FEB3A9-2450-4548-8122-8EC7A379D9EC}.Debug|Any CPU.Build.0 = Debug|Any CPU
		{F5FEB3A9-2450-4548-8122-8EC7A379D9EC}.Release|Any CPU.ActiveCfg = Release|Any CPU
		{F5FEB3A9-2450-4548-8122-8EC7A379D9EC}.Release|Any CPU.Build.0 = Release|Any CPU
	EndGlobalSection
	GlobalSection(SolutionProperties) = preSolution
		HideSolutionNode = FALSE
	EndGlobalSection
	GlobalSection(ExtensibilityGlobals) = postSolution
		SolutionGuid = {CCDAADE4-2D99-41B0-BD41-28FBB4AD7DBA}
	EndGlobalSection
EndGlobal
