
Microsoft Visual Studio Solution File, Format Version 12.00
# Visual Studio Version 17
VisualStudioVersion = 17.9.34622.214
MinimumVisualStudioVersion = 10.0.40219.1
Project("{FAE04EC0-301F-11D3-BF4B-00C04F79EFBC}") = "Kolokwiu_Ferents", "Kolokwiu_Ferents\Kolokwiu_Ferents.csproj", "{B5DA99BD-F501-4903-9A41-5D334E064A6B}"
EndProject
Global
	GlobalSection(SolutionConfigurationPlatforms) = preSolution
		Debug|Any CPU = Debug|Any CPU
		Release|Any CPU = Release|Any CPU
	EndGlobalSection
	GlobalSection(ProjectConfigurationPlatforms) = postSolution
		{B5DA99BD-F501-4903-9A41-5D334E064A6B}.Debug|Any CPU.ActiveCfg = Debug|Any CPU
		{B5DA99BD-F501-4903-9A41-5D334E064A6B}.Debug|Any CPU.Build.0 = Debug|Any CPU
		{B5DA99BD-F501-4903-9A41-5D334E064A6B}.Release|Any CPU.ActiveCfg = Release|Any CPU
		{B5DA99BD-F501-4903-9A41-5D334E064A6B}.Release|Any CPU.Build.0 = Release|Any CPU
	EndGlobalSection
	GlobalSection(SolutionProperties) = preSolution
		HideSolutionNode = FALSE
	EndGlobalSection
	GlobalSection(ExtensibilityGlobals) = postSolution
		SolutionGuid = {30D2AB88-4020-459E-8CD5-88E47C3DA050}
	EndGlobalSection
EndGlobal
