
Microsoft Visual Studio Solution File, Format Version 12.00
# Visual Studio Version 17
VisualStudioVersion = 17.9.34622.214
MinimumVisualStudioVersion = 10.0.40219.1
Project("{FAE04EC0-301F-11D3-BF4B-00C04F79EFBC}") = "Lab1", "Lab1.csproj", "{08AC87EA-6206-4E20-B2E5-09213EF850B7}"
EndProject
Global
	GlobalSection(SolutionConfigurationPlatforms) = preSolution
		Debug|Any CPU = Debug|Any CPU
		Release|Any CPU = Release|Any CPU
	EndGlobalSection
	GlobalSection(ProjectConfigurationPlatforms) = postSolution
		{08AC87EA-6206-4E20-B2E5-09213EF850B7}.Debug|Any CPU.ActiveCfg = Debug|Any CPU
		{08AC87EA-6206-4E20-B2E5-09213EF850B7}.Debug|Any CPU.Build.0 = Debug|Any CPU
		{08AC87EA-6206-4E20-B2E5-09213EF850B7}.Release|Any CPU.ActiveCfg = Release|Any CPU
		{08AC87EA-6206-4E20-B2E5-09213EF850B7}.Release|Any CPU.Build.0 = Release|Any CPU
	EndGlobalSection
	GlobalSection(SolutionProperties) = preSolution
		HideSolutionNode = FALSE
	EndGlobalSection
	GlobalSection(ExtensibilityGlobals) = postSolution
		SolutionGuid = {C407C114-0D6F-4959-A498-415D8B1F7C92}
	EndGlobalSection
EndGlobal
