
Microsoft Visual Studio Solution File, Format Version 12.00
# Visual Studio Version 17
VisualStudioVersion = 17.9.34622.214
MinimumVisualStudioVersion = 10.0.40219.1
Project("{FAE04EC0-301F-11D3-BF4B-00C04F79EFBC}") = "Lab1", "Lab1.csproj", "{1FC9B37D-5644-4CD4-963F-17B08072AA27}"
EndProject
Global
	GlobalSection(SolutionConfigurationPlatforms) = preSolution
		Debug|Any CPU = Debug|Any CPU
		Release|Any CPU = Release|Any CPU
	EndGlobalSection
	GlobalSection(ProjectConfigurationPlatforms) = postSolution
		{1FC9B37D-5644-4CD4-963F-17B08072AA27}.Debug|Any CPU.ActiveCfg = Debug|Any CPU
		{1FC9B37D-5644-4CD4-963F-17B08072AA27}.Debug|Any CPU.Build.0 = Debug|Any CPU
		{1FC9B37D-5644-4CD4-963F-17B08072AA27}.Release|Any CPU.ActiveCfg = Release|Any CPU
		{1FC9B37D-5644-4CD4-963F-17B08072AA27}.Release|Any CPU.Build.0 = Release|Any CPU
	EndGlobalSection
	GlobalSection(SolutionProperties) = preSolution
		HideSolutionNode = FALSE
	EndGlobalSection
	GlobalSection(ExtensibilityGlobals) = postSolution
		SolutionGuid = {6AEA52E6-1AFE-4BDA-8B4A-E39A108BEF49}
	EndGlobalSection
EndGlobal
