
Microsoft Visual Studio Solution File, Format Version 12.00
# Visual Studio Version 17
VisualStudioVersion = 17.9.34622.214
MinimumVisualStudioVersion = 10.0.40219.1
Project("{FAE04EC0-301F-11D3-BF4B-00C04F79EFBC}") = "Lab1", "Lab1.csproj", "{3E14F9C3-C156-45E3-B481-20A54EEE6B51}"
EndProject
Global
	GlobalSection(SolutionConfigurationPlatforms) = preSolution
		Debug|Any CPU = Debug|Any CPU
		Release|Any CPU = Release|Any CPU
	EndGlobalSection
	GlobalSection(ProjectConfigurationPlatforms) = postSolution
		{3E14F9C3-C156-45E3-B481-20A54EEE6B51}.Debug|Any CPU.ActiveCfg = Debug|Any CPU
		{3E14F9C3-C156-45E3-B481-20A54EEE6B51}.Debug|Any CPU.Build.0 = Debug|Any CPU
		{3E14F9C3-C156-45E3-B481-20A54EEE6B51}.Release|Any CPU.ActiveCfg = Release|Any CPU
		{3E14F9C3-C156-45E3-B481-20A54EEE6B51}.Release|Any CPU.Build.0 = Release|Any CPU
	EndGlobalSection
	GlobalSection(SolutionProperties) = preSolution
		HideSolutionNode = FALSE
	EndGlobalSection
	GlobalSection(ExtensibilityGlobals) = postSolution
		SolutionGuid = {277ABB93-7E68-4011-B130-4D8F51684FCA}
	EndGlobalSection
EndGlobal
