
Microsoft Visual Studio Solution File, Format Version 12.00
# Visual Studio Version 17
VisualStudioVersion = 17.9.34622.214
MinimumVisualStudioVersion = 10.0.40219.1
Project("{FAE04EC0-301F-11D3-BF4B-00C04F79EFBC}") = "lab05", "lab05\lab05.csproj", "{EC6F050F-0097-47DB-A21C-80890F93A248}"
EndProject
Project("{FAE04EC0-301F-11D3-BF4B-00C04F79EFBC}") = "Lab5.BLL", "Lab5.BLL\Lab5.BLL.csproj", "{D6777AEA-7B40-45A5-A538-0DF6F73F87B5}"
EndProject
Global
	GlobalSection(SolutionConfigurationPlatforms) = preSolution
		Debug|Any CPU = Debug|Any CPU
		Release|Any CPU = Release|Any CPU
	EndGlobalSection
	GlobalSection(ProjectConfigurationPlatforms) = postSolution
		{EC6F050F-0097-47DB-A21C-80890F93A248}.Debug|Any CPU.ActiveCfg = Debug|Any CPU
		{EC6F050F-0097-47DB-A21C-80890F93A248}.Debug|Any CPU.Build.0 = Debug|Any CPU
		{EC6F050F-0097-47DB-A21C-80890F93A248}.Release|Any CPU.ActiveCfg = Release|Any CPU
		{EC6F050F-0097-47DB-A21C-80890F93A248}.Release|Any CPU.Build.0 = Release|Any CPU
		{D6777AEA-7B40-45A5-A538-0DF6F73F87B5}.Debug|Any CPU.ActiveCfg = Debug|Any CPU
		{D6777AEA-7B40-45A5-A538-0DF6F73F87B5}.Debug|Any CPU.Build.0 = Debug|Any CPU
		{D6777AEA-7B40-45A5-A538-0DF6F73F87B5}.Release|Any CPU.ActiveCfg = Release|Any CPU
		{D6777AEA-7B40-45A5-A538-0DF6F73F87B5}.Release|Any CPU.Build.0 = Release|Any CPU
	EndGlobalSection
	GlobalSection(SolutionProperties) = preSolution
		HideSolutionNode = FALSE
	EndGlobalSection
	GlobalSection(ExtensibilityGlobals) = postSolution
		SolutionGuid = {26946D18-DB49-42CA-98C6-2BDEF6D0ED64}
	EndGlobalSection
EndGlobal
