
Microsoft Visual Studio Solution File, Format Version 12.00
# Visual Studio Version 17
VisualStudioVersion = 17.9.34622.214
MinimumVisualStudioVersion = 10.0.40219.1
Project("{FAE04EC0-301F-11D3-BF4B-00C04F79EFBC}") = "Lab_2_Przygotowanie", "Lab_2_Przygotowanie.csproj", "{8B8B6228-568A-49D7-B939-4A25E940D126}"
EndProject
Global
	GlobalSection(SolutionConfigurationPlatforms) = preSolution
		Debug|Any CPU = Debug|Any CPU
		Release|Any CPU = Release|Any CPU
	EndGlobalSection
	GlobalSection(ProjectConfigurationPlatforms) = postSolution
		{8B8B6228-568A-49D7-B939-4A25E940D126}.Debug|Any CPU.ActiveCfg = Debug|Any CPU
		{8B8B6228-568A-49D7-B939-4A25E940D126}.Debug|Any CPU.Build.0 = Debug|Any CPU
		{8B8B6228-568A-49D7-B939-4A25E940D126}.Release|Any CPU.ActiveCfg = Release|Any CPU
		{8B8B6228-568A-49D7-B939-4A25E940D126}.Release|Any CPU.Build.0 = Release|Any CPU
	EndGlobalSection
	GlobalSection(SolutionProperties) = preSolution
		HideSolutionNode = FALSE
	EndGlobalSection
	GlobalSection(ExtensibilityGlobals) = postSolution
		SolutionGuid = {47D3BDD4-D85B-4465-A9BB-0114668137B6}
	EndGlobalSection
EndGlobal
