
Microsoft Visual Studio Solution File, Format Version 12.00
# Visual Studio Version 17
VisualStudioVersion = 17.9.34622.214
MinimumVisualStudioVersion = 10.0.40219.1
Project("{FAE04EC0-301F-11D3-BF4B-00C04F79EFBC}") = "Lab7.WpfApp", "Lab7.WpfApp\Lab7.WpfApp.csproj", "{E8181047-376E-4D1B-82E4-7D763A37C35F}"
EndProject
Project("{FAE04EC0-301F-11D3-BF4B-00C04F79EFBC}") = "Lab7.BLL", "Lab7.BLL\Lab7.BLL.csproj", "{1A7A1548-CA8D-46D6-BF30-0EB1A048570F}"
EndProject
Global
	GlobalSection(SolutionConfigurationPlatforms) = preSolution
		Debug|Any CPU = Debug|Any CPU
		Release|Any CPU = Release|Any CPU
	EndGlobalSection
	GlobalSection(ProjectConfigurationPlatforms) = postSolution
		{E8181047-376E-4D1B-82E4-7D763A37C35F}.Debug|Any CPU.ActiveCfg = Debug|Any CPU
		{E8181047-376E-4D1B-82E4-7D763A37C35F}.Debug|Any CPU.Build.0 = Debug|Any CPU
		{E8181047-376E-4D1B-82E4-7D763A37C35F}.Release|Any CPU.ActiveCfg = Release|Any CPU
		{E8181047-376E-4D1B-82E4-7D763A37C35F}.Release|Any CPU.Build.0 = Release|Any CPU
		{1A7A1548-CA8D-46D6-BF30-0EB1A048570F}.Debug|Any CPU.ActiveCfg = Debug|Any CPU
		{1A7A1548-CA8D-46D6-BF30-0EB1A048570F}.Debug|Any CPU.Build.0 = Debug|Any CPU
		{1A7A1548-CA8D-46D6-BF30-0EB1A048570F}.Release|Any CPU.ActiveCfg = Release|Any CPU
		{1A7A1548-CA8D-46D6-BF30-0EB1A048570F}.Release|Any CPU.Build.0 = Release|Any CPU
	EndGlobalSection
	GlobalSection(SolutionProperties) = preSolution
		HideSolutionNode = FALSE
	EndGlobalSection
	GlobalSection(ExtensibilityGlobals) = postSolution
		SolutionGuid = {A66292DF-98E3-4D15-966E-ADFA95E98806}
	EndGlobalSection
EndGlobal
