
Microsoft Visual Studio Solution File, Format Version 12.00
# Visual Studio Version 17
VisualStudioVersion = 17.9.34622.214
MinimumVisualStudioVersion = 10.0.40219.1
Project("{FAE04EC0-301F-11D3-BF4B-00C04F79EFBC}") = "Lab7.WpfApp", "Lab7.WpfApp\Lab7.WpfApp.csproj", "{3408537E-373A-4087-841C-5B00D1CCB788}"
EndProject
Project("{FAE04EC0-301F-11D3-BF4B-00C04F79EFBC}") = "Lab7.BLL", "Lab7.BLL\Lab7.BLL.csproj", "{4C2C452F-A115-42CE-AE65-5EAA0B9F9E4E}"
EndProject
Global
	GlobalSection(SolutionConfigurationPlatforms) = preSolution
		Debug|Any CPU = Debug|Any CPU
		Release|Any CPU = Release|Any CPU
	EndGlobalSection
	GlobalSection(ProjectConfigurationPlatforms) = postSolution
		{3408537E-373A-4087-841C-5B00D1CCB788}.Debug|Any CPU.ActiveCfg = Debug|Any CPU
		{3408537E-373A-4087-841C-5B00D1CCB788}.Debug|Any CPU.Build.0 = Debug|Any CPU
		{3408537E-373A-4087-841C-5B00D1CCB788}.Release|Any CPU.ActiveCfg = Release|Any CPU
		{3408537E-373A-4087-841C-5B00D1CCB788}.Release|Any CPU.Build.0 = Release|Any CPU
		{4C2C452F-A115-42CE-AE65-5EAA0B9F9E4E}.Debug|Any CPU.ActiveCfg = Debug|Any CPU
		{4C2C452F-A115-42CE-AE65-5EAA0B9F9E4E}.Debug|Any CPU.Build.0 = Debug|Any CPU
		{4C2C452F-A115-42CE-AE65-5EAA0B9F9E4E}.Release|Any CPU.ActiveCfg = Release|Any CPU
		{4C2C452F-A115-42CE-AE65-5EAA0B9F9E4E}.Release|Any CPU.Build.0 = Release|Any CPU
	EndGlobalSection
	GlobalSection(SolutionProperties) = preSolution
		HideSolutionNode = FALSE
	EndGlobalSection
	GlobalSection(ExtensibilityGlobals) = postSolution
		SolutionGuid = {BE8D5B62-87D5-49D6-BB18-2671D395767A}
	EndGlobalSection
EndGlobal
