
Microsoft Visual Studio Solution File, Format Version 12.00
# Visual Studio Version 17
VisualStudioVersion = 17.9.34622.214
MinimumVisualStudioVersion = 10.0.40219.1
Project("{9A19103F-16F7-4668-BE54-9A1E7A4F7556}") = "Po.Lab1", "Po.Lab1\Po.Lab1.csproj", "{317D0DC2-F195-4C88-A287-BCC0D2EBB1E1}"
EndProject
Project("{FAE04EC0-301F-11D3-BF4B-00C04F79EFBC}") = "Po.Lab2", "Po.Lab2\Po.Lab2.csproj", "{552B5E07-09D2-45D4-AF3F-AE90AEE33D67}"
EndProject
Project("{9A19103F-16F7-4668-BE54-9A1E7A4F7556}") = "Po.Lab3", "Po.Lab3\Po.Lab3.csproj", "{968DF672-3497-4E9F-A56D-68BE78223BFF}"
EndProject
Project("{9A19103F-16F7-4668-BE54-9A1E7A4F7556}") = "Po.Lab4", "Po.Lab4\Po.Lab4.csproj", "{1B9894E8-C0EF-42CA-B760-5E903B7868D0}"
EndProject
Project("{9A19103F-16F7-4668-BE54-9A1E7A4F7556}") = "Lab5.App", "Lab5\Lab5\Lab5.App.csproj", "{813C63F0-ACAD-4B3E-B9AB-A428EEC57570}"
EndProject
Project("{9A19103F-16F7-4668-BE54-9A1E7A4F7556}") = "Lab5.BBL", "Lab5\Lab5.BBL\Lab5.BBL.csproj", "{AB05D8EB-5BC3-49CB-91F8-94444D3B90F1}"
EndProject
Project("{9A19103F-16F7-4668-BE54-9A1E7A4F7556}") = "Generic.Extensions", "Generic.Extensions\Generic.Extensions.csproj", "{66CDE96A-D134-478B-B294-F2529319B1A5}"
EndProject
Project("{9A19103F-16F7-4668-BE54-9A1E7A4F7556}") = "Lab7.WpfApp", "Lab7.WpfApp\Lab7.WpfApp.csproj", "{58D21B2D-34E6-4D01-A996-2923DEB63B3D}"
EndProject
Project("{9A19103F-16F7-4668-BE54-9A1E7A4F7556}") = "Lab7.BLL", "Lab7.BLL\Lab7.BLL.csproj", "{75D2F7A7-2207-4320-8251-9843B1F81D75}"
EndProject
Project("{9A19103F-16F7-4668-BE54-9A1E7A4F7556}") = "Lab8.WpfApp", "Lab8.WpfApp\Lab8.WpfApp.csproj", "{C683AC14-3E63-4B2C-A999-01E8D28B0193}"
EndProject
Project("{9A19103F-16F7-4668-BE54-9A1E7A4F7556}") = "Lab8.BLL", "Lab8.BLL\Lab8.BLL.csproj", "{2DB63A7A-E75D-4BFF-BB59-7D4F79CBBABB}"
EndProject
Project("{9A19103F-16F7-4668-BE54-9A1E7A4F7556}") = "Lab10.DAL", "Lab10.DAL\Lab10.DAL.csproj", "{344055F4-511C-4F48-A5A0-375F1A83DC65}"
EndProject
Project("{9A19103F-16F7-4668-BE54-9A1E7A4F7556}") = "Lab10.Model", "Lab10.Model\Lab10.Model.csproj", "{A66386A2-A328-4ACF-9F7F-94DB4ACD32EE}"
EndProject
Project("{9A19103F-16F7-4668-BE54-9A1E7A4F7556}") = "Lab10.WpfApp", "Lab10.WpfApp\Lab10.WpfApp.csproj", "{F2C76676-BE24-4B11-BB71-CC413BE281C3}"
EndProject
Project("{FAE04EC0-301F-11D3-BF4B-00C04F79EFBC}") = "Kolokwium1.DAL", "Kolokwium1.DAL\Kolokwium1.DAL.csproj", "{25245278-C092-427C-9A1B-1B7DFFED8F31}"
EndProject
Project("{FAE04EC0-301F-11D3-BF4B-00C04F79EFBC}") = "Kolokwium1.MODEL", "Kolokwium1.MODEL\Kolokwium1.MODEL.csproj", "{E50B1C34-0020-4ED6-907F-89FBAA0F3D87}"
EndProject
Project("{FAE04EC0-301F-11D3-BF4B-00C04F79EFBC}") = "Kolokwium1.WpfApp", "Kolokwium1.WpfApp\Kolokwium1.WpfApp.csproj", "{618AAD7E-8A22-4B13-8CCC-5A0C142B253F}"
EndProject
Global
	GlobalSection(SolutionConfigurationPlatforms) = preSolution
		Debug|Any CPU = Debug|Any CPU
		Release|Any CPU = Release|Any CPU
	EndGlobalSection
	GlobalSection(ProjectConfigurationPlatforms) = postSolution
		{317D0DC2-F195-4C88-A287-BCC0D2EBB1E1}.Debug|Any CPU.ActiveCfg = Debug|Any CPU
		{317D0DC2-F195-4C88-A287-BCC0D2EBB1E1}.Debug|Any CPU.Build.0 = Debug|Any CPU
		{317D0DC2-F195-4C88-A287-BCC0D2EBB1E1}.Release|Any CPU.ActiveCfg = Release|Any CPU
		{317D0DC2-F195-4C88-A287-BCC0D2EBB1E1}.Release|Any CPU.Build.0 = Release|Any CPU
		{552B5E07-09D2-45D4-AF3F-AE90AEE33D67}.Debug|Any CPU.ActiveCfg = Debug|Any CPU
		{552B5E07-09D2-45D4-AF3F-AE90AEE33D67}.Debug|Any CPU.Build.0 = Debug|Any CPU
		{552B5E07-09D2-45D4-AF3F-AE90AEE33D67}.Release|Any CPU.ActiveCfg = Debug|Any CPU
		{552B5E07-09D2-45D4-AF3F-AE90AEE33D67}.Release|Any CPU.Build.0 = Debug|Any CPU
		{968DF672-3497-4E9F-A56D-68BE78223BFF}.Debug|Any CPU.ActiveCfg = Debug|Any CPU
		{968DF672-3497-4E9F-A56D-68BE78223BFF}.Debug|Any CPU.Build.0 = Debug|Any CPU
		{968DF672-3497-4E9F-A56D-68BE78223BFF}.Release|Any CPU.ActiveCfg = Release|Any CPU
		{968DF672-3497-4E9F-A56D-68BE78223BFF}.Release|Any CPU.Build.0 = Release|Any CPU
		{1B9894E8-C0EF-42CA-B760-5E903B7868D0}.Debug|Any CPU.ActiveCfg = Debug|Any CPU
		{1B9894E8-C0EF-42CA-B760-5E903B7868D0}.Debug|Any CPU.Build.0 = Debug|Any CPU
		{1B9894E8-C0EF-42CA-B760-5E903B7868D0}.Release|Any CPU.ActiveCfg = Release|Any CPU
		{1B9894E8-C0EF-42CA-B760-5E903B7868D0}.Release|Any CPU.Build.0 = Release|Any CPU
		{813C63F0-ACAD-4B3E-B9AB-A428EEC57570}.Debug|Any CPU.ActiveCfg = Debug|Any CPU
		{813C63F0-ACAD-4B3E-B9AB-A428EEC57570}.Debug|Any CPU.Build.0 = Debug|Any CPU
		{813C63F0-ACAD-4B3E-B9AB-A428EEC57570}.Release|Any CPU.ActiveCfg = Release|Any CPU
		{813C63F0-ACAD-4B3E-B9AB-A428EEC57570}.Release|Any CPU.Build.0 = Release|Any CPU
		{AB05D8EB-5BC3-49CB-91F8-94444D3B90F1}.Debug|Any CPU.ActiveCfg = Debug|Any CPU
		{AB05D8EB-5BC3-49CB-91F8-94444D3B90F1}.Debug|Any CPU.Build.0 = Debug|Any CPU
		{AB05D8EB-5BC3-49CB-91F8-94444D3B90F1}.Release|Any CPU.ActiveCfg = Release|Any CPU
		{AB05D8EB-5BC3-49CB-91F8-94444D3B90F1}.Release|Any CPU.Build.0 = Release|Any CPU
		{66CDE96A-D134-478B-B294-F2529319B1A5}.Debug|Any CPU.ActiveCfg = Debug|Any CPU
		{66CDE96A-D134-478B-B294-F2529319B1A5}.Debug|Any CPU.Build.0 = Debug|Any CPU
		{66CDE96A-D134-478B-B294-F2529319B1A5}.Release|Any CPU.ActiveCfg = Release|Any CPU
		{66CDE96A-D134-478B-B294-F2529319B1A5}.Release|Any CPU.Build.0 = Release|Any CPU
		{58D21B2D-34E6-4D01-A996-2923DEB63B3D}.Debug|Any CPU.ActiveCfg = Debug|Any CPU
		{58D21B2D-34E6-4D01-A996-2923DEB63B3D}.Debug|Any CPU.Build.0 = Debug|Any CPU
		{58D21B2D-34E6-4D01-A996-2923DEB63B3D}.Release|Any CPU.ActiveCfg = Release|Any CPU
		{58D21B2D-34E6-4D01-A996-2923DEB63B3D}.Release|Any CPU.Build.0 = Release|Any CPU
		{75D2F7A7-2207-4320-8251-9843B1F81D75}.Debug|Any CPU.ActiveCfg = Debug|Any CPU
		{75D2F7A7-2207-4320-8251-9843B1F81D75}.Debug|Any CPU.Build.0 = Debug|Any CPU
		{75D2F7A7-2207-4320-8251-9843B1F81D75}.Release|Any CPU.ActiveCfg = Release|Any CPU
		{75D2F7A7-2207-4320-8251-9843B1F81D75}.Release|Any CPU.Build.0 = Release|Any CPU
		{C683AC14-3E63-4B2C-A999-01E8D28B0193}.Debug|Any CPU.ActiveCfg = Debug|Any CPU
		{C683AC14-3E63-4B2C-A999-01E8D28B0193}.Debug|Any CPU.Build.0 = Debug|Any CPU
		{C683AC14-3E63-4B2C-A999-01E8D28B0193}.Release|Any CPU.ActiveCfg = Release|Any CPU
		{C683AC14-3E63-4B2C-A999-01E8D28B0193}.Release|Any CPU.Build.0 = Release|Any CPU
		{2DB63A7A-E75D-4BFF-BB59-7D4F79CBBABB}.Debug|Any CPU.ActiveCfg = Debug|Any CPU
		{2DB63A7A-E75D-4BFF-BB59-7D4F79CBBABB}.Debug|Any CPU.Build.0 = Debug|Any CPU
		{2DB63A7A-E75D-4BFF-BB59-7D4F79CBBABB}.Release|Any CPU.ActiveCfg = Release|Any CPU
		{2DB63A7A-E75D-4BFF-BB59-7D4F79CBBABB}.Release|Any CPU.Build.0 = Release|Any CPU
		{344055F4-511C-4F48-A5A0-375F1A83DC65}.Debug|Any CPU.ActiveCfg = Debug|Any CPU
		{344055F4-511C-4F48-A5A0-375F1A83DC65}.Debug|Any CPU.Build.0 = Debug|Any CPU
		{344055F4-511C-4F48-A5A0-375F1A83DC65}.Release|Any CPU.ActiveCfg = Release|Any CPU
		{344055F4-511C-4F48-A5A0-375F1A83DC65}.Release|Any CPU.Build.0 = Release|Any CPU
		{A66386A2-A328-4ACF-9F7F-94DB4ACD32EE}.Debug|Any CPU.ActiveCfg = Debug|Any CPU
		{A66386A2-A328-4ACF-9F7F-94DB4ACD32EE}.Debug|Any CPU.Build.0 = Debug|Any CPU
		{A66386A2-A328-4ACF-9F7F-94DB4ACD32EE}.Release|Any CPU.ActiveCfg = Release|Any CPU
		{A66386A2-A328-4ACF-9F7F-94DB4ACD32EE}.Release|Any CPU.Build.0 = Release|Any CPU
		{F2C76676-BE24-4B11-BB71-CC413BE281C3}.Debug|Any CPU.ActiveCfg = Debug|Any CPU
		{F2C76676-BE24-4B11-BB71-CC413BE281C3}.Debug|Any CPU.Build.0 = Debug|Any CPU
		{F2C76676-BE24-4B11-BB71-CC413BE281C3}.Release|Any CPU.ActiveCfg = Release|Any CPU
		{F2C76676-BE24-4B11-BB71-CC413BE281C3}.Release|Any CPU.Build.0 = Release|Any CPU
		{25245278-C092-427C-9A1B-1B7DFFED8F31}.Debug|Any CPU.ActiveCfg = Debug|Any CPU
		{25245278-C092-427C-9A1B-1B7DFFED8F31}.Debug|Any CPU.Build.0 = Debug|Any CPU
		{25245278-C092-427C-9A1B-1B7DFFED8F31}.Release|Any CPU.ActiveCfg = Release|Any CPU
		{25245278-C092-427C-9A1B-1B7DFFED8F31}.Release|Any CPU.Build.0 = Release|Any CPU
		{E50B1C34-0020-4ED6-907F-89FBAA0F3D87}.Debug|Any CPU.ActiveCfg = Debug|Any CPU
		{E50B1C34-0020-4ED6-907F-89FBAA0F3D87}.Debug|Any CPU.Build.0 = Debug|Any CPU
		{E50B1C34-0020-4ED6-907F-89FBAA0F3D87}.Release|Any CPU.ActiveCfg = Release|Any CPU
		{E50B1C34-0020-4ED6-907F-89FBAA0F3D87}.Release|Any CPU.Build.0 = Release|Any CPU
		{618AAD7E-8A22-4B13-8CCC-5A0C142B253F}.Debug|Any CPU.ActiveCfg = Debug|Any CPU
		{618AAD7E-8A22-4B13-8CCC-5A0C142B253F}.Debug|Any CPU.Build.0 = Debug|Any CPU
		{618AAD7E-8A22-4B13-8CCC-5A0C142B253F}.Release|Any CPU.ActiveCfg = Release|Any CPU
		{618AAD7E-8A22-4B13-8CCC-5A0C142B253F}.Release|Any CPU.Build.0 = Release|Any CPU
	EndGlobalSection
	GlobalSection(SolutionProperties) = preSolution
		HideSolutionNode = FALSE
	EndGlobalSection
	GlobalSection(ExtensibilityGlobals) = postSolution
		SolutionGuid = {928DEBE1-32C8-4B8F-894D-69758D5AED09}
	EndGlobalSection
EndGlobal
