
Microsoft Visual Studio Solution File, Format Version 12.00
# Visual Studio Version 17
VisualStudioVersion = 17.9.34622.214
MinimumVisualStudioVersion = 10.0.40219.1
Project("{FAE04EC0-301F-11D3-BF4B-00C04F79EFBC}") = "po.lab1", "po.lab1\po.lab1.csproj", "{C05FB098-D349-4656-A484-FB8E6FB4B197}"
EndProject
Global
	GlobalSection(SolutionConfigurationPlatforms) = preSolution
		Debug|Any CPU = Debug|Any CPU
		Release|Any CPU = Release|Any CPU
	EndGlobalSection
	GlobalSection(ProjectConfigurationPlatforms) = postSolution
		{C05FB098-D349-4656-A484-FB8E6FB4B197}.Debug|Any CPU.ActiveCfg = Debug|Any CPU
		{C05FB098-D349-4656-A484-FB8E6FB4B197}.Debug|Any CPU.Build.0 = Debug|Any CPU
		{C05FB098-D349-4656-A484-FB8E6FB4B197}.Release|Any CPU.ActiveCfg = Release|Any CPU
		{C05FB098-D349-4656-A484-FB8E6FB4B197}.Release|Any CPU.Build.0 = Release|Any CPU
	EndGlobalSection
	GlobalSection(SolutionProperties) = preSolution
		HideSolutionNode = FALSE
	EndGlobalSection
	GlobalSection(ExtensibilityGlobals) = postSolution
		SolutionGuid = {FBB03284-854C-4BB7-AAD3-1492F9BB9467}
	EndGlobalSection
EndGlobal
