
Microsoft Visual Studio Solution File, Format Version 12.00
# Visual Studio Version 17
VisualStudioVersion = 17.9.34622.214
MinimumVisualStudioVersion = 10.0.40219.1
Project("{9A19103F-16F7-4668-BE54-9A1E7A4F7556}") = "PO.lab1", "PO.lab1\PO.lab1.csproj", "{F47D4CCE-55C7-44D3-ACDB-4CEF26D9C799}"
EndProject
Project("{9A19103F-16F7-4668-BE54-9A1E7A4F7556}") = "lab2", "lab2\lab2.csproj", "{98BA27CC-521D-452F-BAA8-9B94F4D7F065}"
EndProject
Project("{FAE04EC0-301F-11D3-BF4B-00C04F79EFBC}") = "PO.lab4", "PO.lab4\PO.lab4.csproj", "{6A058CF7-C73A-4345-8B93-1FB8E169B20C}"
EndProject
Global
	GlobalSection(SolutionConfigurationPlatforms) = preSolution
		Debug|Any CPU = Debug|Any CPU
		Release|Any CPU = Release|Any CPU
	EndGlobalSection
	GlobalSection(ProjectConfigurationPlatforms) = postSolution
		{F47D4CCE-55C7-44D3-ACDB-4CEF26D9C799}.Debug|Any CPU.ActiveCfg = Debug|Any CPU
		{F47D4CCE-55C7-44D3-ACDB-4CEF26D9C799}.Debug|Any CPU.Build.0 = Debug|Any CPU
		{F47D4CCE-55C7-44D3-ACDB-4CEF26D9C799}.Release|Any CPU.ActiveCfg = Release|Any CPU
		{F47D4CCE-55C7-44D3-ACDB-4CEF26D9C799}.Release|Any CPU.Build.0 = Release|Any CPU
		{98BA27CC-521D-452F-BAA8-9B94F4D7F065}.Debug|Any CPU.ActiveCfg = Debug|Any CPU
		{98BA27CC-521D-452F-BAA8-9B94F4D7F065}.Debug|Any CPU.Build.0 = Debug|Any CPU
		{98BA27CC-521D-452F-BAA8-9B94F4D7F065}.Release|Any CPU.ActiveCfg = Release|Any CPU
		{98BA27CC-521D-452F-BAA8-9B94F4D7F065}.Release|Any CPU.Build.0 = Release|Any CPU
		{6A058CF7-C73A-4345-8B93-1FB8E169B20C}.Debug|Any CPU.ActiveCfg = Debug|Any CPU
		{6A058CF7-C73A-4345-8B93-1FB8E169B20C}.Debug|Any CPU.Build.0 = Debug|Any CPU
		{6A058CF7-C73A-4345-8B93-1FB8E169B20C}.Release|Any CPU.ActiveCfg = Release|Any CPU
		{6A058CF7-C73A-4345-8B93-1FB8E169B20C}.Release|Any CPU.Build.0 = Release|Any CPU
	EndGlobalSection
	GlobalSection(SolutionProperties) = preSolution
		HideSolutionNode = FALSE
	EndGlobalSection
	GlobalSection(ExtensibilityGlobals) = postSolution
		SolutionGuid = {33309CA3-3316-4B04-955A-65E254906B50}
	EndGlobalSection
EndGlobal
