
Microsoft Visual Studio Solution File, Format Version 12.00
# Visual Studio Version 17
VisualStudioVersion = 17.9.34616.47
MinimumVisualStudioVersion = 10.0.40219.1
Project("{FAE04EC0-301F-11D3-BF4B-00C04F79EFBC}") = "PO.Lab1", "PO.Lab1\PO.Lab1.csproj", "{4DDB292F-2E82-43C1-A6E3-8BA34C0B8344}"
EndProject
Global
	GlobalSection(SolutionConfigurationPlatforms) = preSolution
		Debug|Any CPU = Debug|Any CPU
		Release|Any CPU = Release|Any CPU
	EndGlobalSection
	GlobalSection(ProjectConfigurationPlatforms) = postSolution
		{4DDB292F-2E82-43C1-A6E3-8BA34C0B8344}.Debug|Any CPU.ActiveCfg = Debug|Any CPU
		{4DDB292F-2E82-43C1-A6E3-8BA34C0B8344}.Debug|Any CPU.Build.0 = Debug|Any CPU
		{4DDB292F-2E82-43C1-A6E3-8BA34C0B8344}.Release|Any CPU.ActiveCfg = Release|Any CPU
		{4DDB292F-2E82-43C1-A6E3-8BA34C0B8344}.Release|Any CPU.Build.0 = Release|Any CPU
	EndGlobalSection
	GlobalSection(SolutionProperties) = preSolution
		HideSolutionNode = FALSE
	EndGlobalSection
	GlobalSection(ExtensibilityGlobals) = postSolution
		SolutionGuid = {F77F594A-688D-4898-8DCD-13C3404F9F73}
	EndGlobalSection
EndGlobal
