
Microsoft Visual Studio Solution File, Format Version 12.00
# Visual Studio Version 17
VisualStudioVersion = 17.9.34622.214
MinimumVisualStudioVersion = 10.0.40219.1
Project("{FAE04EC0-301F-11D3-BF4B-00C04F79EFBC}") = "Kolokwium.App", "Kolokwium.App\Kolokwium.App.csproj", "{3588DD7B-8ED0-4DBC-A4B5-F933E2EAF327}"
EndProject
Project("{FAE04EC0-301F-11D3-BF4B-00C04F79EFBC}") = "Kolokwium.BLL", "Kolokwium.BLL\Kolokwium.BLL.csproj", "{D7B67642-095C-4B11-AAD5-E8EA57CE46E9}"
EndProject
Global
	GlobalSection(SolutionConfigurationPlatforms) = preSolution
		Debug|Any CPU = Debug|Any CPU
		Release|Any CPU = Release|Any CPU
	EndGlobalSection
	GlobalSection(ProjectConfigurationPlatforms) = postSolution
		{3588DD7B-8ED0-4DBC-A4B5-F933E2EAF327}.Debug|Any CPU.ActiveCfg = Debug|Any CPU
		{3588DD7B-8ED0-4DBC-A4B5-F933E2EAF327}.Debug|Any CPU.Build.0 = Debug|Any CPU
		{3588DD7B-8ED0-4DBC-A4B5-F933E2EAF327}.Release|Any CPU.ActiveCfg = Release|Any CPU
		{3588DD7B-8ED0-4DBC-A4B5-F933E2EAF327}.Release|Any CPU.Build.0 = Release|Any CPU
		{D7B67642-095C-4B11-AAD5-E8EA57CE46E9}.Debug|Any CPU.ActiveCfg = Debug|Any CPU
		{D7B67642-095C-4B11-AAD5-E8EA57CE46E9}.Debug|Any CPU.Build.0 = Debug|Any CPU
		{D7B67642-095C-4B11-AAD5-E8EA57CE46E9}.Release|Any CPU.ActiveCfg = Release|Any CPU
		{D7B67642-095C-4B11-AAD5-E8EA57CE46E9}.Release|Any CPU.Build.0 = Release|Any CPU
	EndGlobalSection
	GlobalSection(SolutionProperties) = preSolution
		HideSolutionNode = FALSE
	EndGlobalSection
	GlobalSection(ExtensibilityGlobals) = postSolution
		SolutionGuid = {35DBF7BD-1C06-4F5C-9351-A1400950B189}
	EndGlobalSection
EndGlobal
