
Microsoft Visual Studio Solution File, Format Version 12.00
# Visual Studio Version 17
VisualStudioVersion = 17.13.35825.156
MinimumVisualStudioVersion = 10.0.40219.1
Project("{FAE04EC0-301F-11D3-BF4B-00C04F79EFBC}") = "Lab4", "Lab4.csproj", "{6B7B04B6-6651-4502-AB70-0EC38277F130}"
EndProject
Project("{FAE04EC0-301F-11D3-BF4B-00C04F79EFBC}") = "Generic.Extensions", "..\Generic.Extensions\Generic.Extensions.csproj", "{A601C359-7766-4063-A411-05D6BD796DA2}"
EndProject
Global
	GlobalSection(SolutionConfigurationPlatforms) = preSolution
		Debug|Any CPU = Debug|Any CPU
		Release|Any CPU = Release|Any CPU
	EndGlobalSection
	GlobalSection(ProjectConfigurationPlatforms) = postSolution
		{6B7B04B6-6651-4502-AB70-0EC38277F130}.Debug|Any CPU.ActiveCfg = Debug|Any CPU
		{6B7B04B6-6651-4502-AB70-0EC38277F130}.Debug|Any CPU.Build.0 = Debug|Any CPU
		{6B7B04B6-6651-4502-AB70-0EC38277F130}.Release|Any CPU.ActiveCfg = Release|Any CPU
		{6B7B04B6-6651-4502-AB70-0EC38277F130}.Release|Any CPU.Build.0 = Release|Any CPU
		{A601C359-7766-4063-A411-05D6BD796DA2}.Debug|Any CPU.ActiveCfg = Debug|Any CPU
		{A601C359-7766-4063-A411-05D6BD796DA2}.Debug|Any CPU.Build.0 = Debug|Any CPU
		{A601C359-7766-4063-A411-05D6BD796DA2}.Release|Any CPU.ActiveCfg = Release|Any CPU
		{A601C359-7766-4063-A411-05D6BD796DA2}.Release|Any CPU.Build.0 = Release|Any CPU
	EndGlobalSection
	GlobalSection(SolutionProperties) = preSolution
		HideSolutionNode = FALSE
	EndGlobalSection
	GlobalSection(ExtensibilityGlobals) = postSolution
		SolutionGuid = {6C77D415-5BA2-4135-961E-2D2097DCA3AD}
	EndGlobalSection
EndGlobal
