
Microsoft Visual Studio Solution File, Format Version 12.00
# Visual Studio Version 17
VisualStudioVersion = 17.9.34622.214
MinimumVisualStudioVersion = 10.0.40219.1
Project("{FAE04EC0-301F-11D3-BF4B-00C04F79EFBC}") = "Lab4", "Lab4\Lab4.csproj", "{AFEDF6B9-B189-467A-9C36-2726A5F22E17}"
EndProject
Global
	GlobalSection(SolutionConfigurationPlatforms) = preSolution
		Debug|Any CPU = Debug|Any CPU
		Release|Any CPU = Release|Any CPU
	EndGlobalSection
	GlobalSection(ProjectConfigurationPlatforms) = postSolution
		{AFEDF6B9-B189-467A-9C36-2726A5F22E17}.Debug|Any CPU.ActiveCfg = Debug|Any CPU
		{AFEDF6B9-B189-467A-9C36-2726A5F22E17}.Debug|Any CPU.Build.0 = Debug|Any CPU
		{AFEDF6B9-B189-467A-9C36-2726A5F22E17}.Release|Any CPU.ActiveCfg = Release|Any CPU
		{AFEDF6B9-B189-467A-9C36-2726A5F22E17}.Release|Any CPU.Build.0 = Release|Any CPU
	EndGlobalSection
	GlobalSection(SolutionProperties) = preSolution
		HideSolutionNode = FALSE
	EndGlobalSection
	GlobalSection(ExtensibilityGlobals) = postSolution
		SolutionGuid = {1626C9F1-E95D-4EF3-88FE-1EFF8ABF2959}
	EndGlobalSection
EndGlobal
