
Microsoft Visual Studio Solution File, Format Version 12.00
# Visual Studio Version 17
VisualStudioVersion = 17.9.34622.214
MinimumVisualStudioVersion = 10.0.40219.1
Project("{FAE04EC0-301F-11D3-BF4B-00C04F79EFBC}") = "lab4", "lab4.csproj", "{31747DC4-7B5B-4CBF-B14B-EE66A61CEA27}"
EndProject
Global
	GlobalSection(SolutionConfigurationPlatforms) = preSolution
		Debug|Any CPU = Debug|Any CPU
		Release|Any CPU = Release|Any CPU
	EndGlobalSection
	GlobalSection(ProjectConfigurationPlatforms) = postSolution
		{31747DC4-7B5B-4CBF-B14B-EE66A61CEA27}.Debug|Any CPU.ActiveCfg = Debug|Any CPU
		{31747DC4-7B5B-4CBF-B14B-EE66A61CEA27}.Debug|Any CPU.Build.0 = Debug|Any CPU
		{31747DC4-7B5B-4CBF-B14B-EE66A61CEA27}.Release|Any CPU.ActiveCfg = Release|Any CPU
		{31747DC4-7B5B-4CBF-B14B-EE66A61CEA27}.Release|Any CPU.Build.0 = Release|Any CPU
	EndGlobalSection
	GlobalSection(SolutionProperties) = preSolution
		HideSolutionNode = FALSE
	EndGlobalSection
	GlobalSection(ExtensibilityGlobals) = postSolution
		SolutionGuid = {662838A5-7B2A-4236-85D4-BCAD7B8ED223}
	EndGlobalSection
EndGlobal
