
Microsoft Visual Studio Solution File, Format Version 12.00
# Visual Studio Version 17
VisualStudioVersion = 17.9.34622.214
MinimumVisualStudioVersion = 10.0.40219.1
Project("{9A19103F-16F7-4668-BE54-9A1E7A4F7556}") = "Lab4", "Lab4.csproj", "{9C6EE893-C1AB-48D3-B7A0-6A16814E18E1}"
	ProjectSection(ProjectDependencies) = postProject
		{B529B833-7398-4D8C-8B65-D7435DE5241C} = {B529B833-7398-4D8C-8B65-D7435DE5241C}
	EndProjectSection
EndProject
Project("{FAE04EC0-301F-11D3-BF4B-00C04F79EFBC}") = "Generic.Extensions", "..\Generic.Extensions\Generic.Extensions.csproj", "{B529B833-7398-4D8C-8B65-D7435DE5241C}"
EndProject
Global
	GlobalSection(SolutionConfigurationPlatforms) = preSolution
		Debug|Any CPU = Debug|Any CPU
		Release|Any CPU = Release|Any CPU
	EndGlobalSection
	GlobalSection(ProjectConfigurationPlatforms) = postSolution
		{9C6EE893-C1AB-48D3-B7A0-6A16814E18E1}.Debug|Any CPU.ActiveCfg = Debug|Any CPU
		{9C6EE893-C1AB-48D3-B7A0-6A16814E18E1}.Debug|Any CPU.Build.0 = Debug|Any CPU
		{9C6EE893-C1AB-48D3-B7A0-6A16814E18E1}.Release|Any CPU.ActiveCfg = Release|Any CPU
		{9C6EE893-C1AB-48D3-B7A0-6A16814E18E1}.Release|Any CPU.Build.0 = Release|Any CPU
		{B529B833-7398-4D8C-8B65-D7435DE5241C}.Debug|Any CPU.ActiveCfg = Debug|Any CPU
		{B529B833-7398-4D8C-8B65-D7435DE5241C}.Debug|Any CPU.Build.0 = Debug|Any CPU
		{B529B833-7398-4D8C-8B65-D7435DE5241C}.Release|Any CPU.ActiveCfg = Release|Any CPU
		{B529B833-7398-4D8C-8B65-D7435DE5241C}.Release|Any CPU.Build.0 = Release|Any CPU
	EndGlobalSection
	GlobalSection(SolutionProperties) = preSolution
		HideSolutionNode = FALSE
	EndGlobalSection
	GlobalSection(ExtensibilityGlobals) = postSolution
		SolutionGuid = {22AFA758-2C2D-43C7-80D7-A4701E32BF42}
	EndGlobalSection
EndGlobal
