
Microsoft Visual Studio Solution File, Format Version 12.00
# Visual Studio Version 17
VisualStudioVersion = 17.9.34622.214
MinimumVisualStudioVersion = 10.0.40219.1
Project("{9A19103F-16F7-4668-BE54-9A1E7A4F7556}") = "lab10.DAL.EF", "..\lab10.DAL\lab10.DAL.EF.csproj", "{072E6CDA-9B11-4B25-A209-A89CE9BAD437}"
	ProjectSection(ProjectDependencies) = postProject
		{8B3761C2-5A8B-4A57-A102-D03B37C55D9E} = {8B3761C2-5A8B-4A57-A102-D03B37C55D9E}
		{93F89776-C5D0-4283-B090-98F338522BD3} = {93F89776-C5D0-4283-B090-98F338522BD3}
	EndProjectSection
EndProject
Project("{9A19103F-16F7-4668-BE54-9A1E7A4F7556}") = "lab10.Model", "..\lab10.Model\lab10.Model.csproj", "{8B3761C2-5A8B-4A57-A102-D03B37C55D9E}"
EndProject
Project("{FAE04EC0-301F-11D3-BF4B-00C04F79EFBC}") = "lab10.WpfApp", "..\lab10.WpfApp\lab10.WpfApp.csproj", "{93F89776-C5D0-4283-B090-98F338522BD3}"
EndProject
Global
	GlobalSection(SolutionConfigurationPlatforms) = preSolution
		Debug|Any CPU = Debug|Any CPU
		Release|Any CPU = Release|Any CPU
	EndGlobalSection
	GlobalSection(ProjectConfigurationPlatforms) = postSolution
		{072E6CDA-9B11-4B25-A209-A89CE9BAD437}.Debug|Any CPU.ActiveCfg = Debug|Any CPU
		{072E6CDA-9B11-4B25-A209-A89CE9BAD437}.Debug|Any CPU.Build.0 = Debug|Any CPU
		{072E6CDA-9B11-4B25-A209-A89CE9BAD437}.Release|Any CPU.ActiveCfg = Release|Any CPU
		{072E6CDA-9B11-4B25-A209-A89CE9BAD437}.Release|Any CPU.Build.0 = Release|Any CPU
		{8B3761C2-5A8B-4A57-A102-D03B37C55D9E}.Debug|Any CPU.ActiveCfg = Debug|Any CPU
		{8B3761C2-5A8B-4A57-A102-D03B37C55D9E}.Debug|Any CPU.Build.0 = Debug|Any CPU
		{8B3761C2-5A8B-4A57-A102-D03B37C55D9E}.Release|Any CPU.ActiveCfg = Release|Any CPU
		{8B3761C2-5A8B-4A57-A102-D03B37C55D9E}.Release|Any CPU.Build.0 = Release|Any CPU
		{93F89776-C5D0-4283-B090-98F338522BD3}.Debug|Any CPU.ActiveCfg = Debug|Any CPU
		{93F89776-C5D0-4283-B090-98F338522BD3}.Debug|Any CPU.Build.0 = Debug|Any CPU
		{93F89776-C5D0-4283-B090-98F338522BD3}.Release|Any CPU.ActiveCfg = Release|Any CPU
		{93F89776-C5D0-4283-B090-98F338522BD3}.Release|Any CPU.Build.0 = Release|Any CPU
	EndGlobalSection
	GlobalSection(SolutionProperties) = preSolution
		HideSolutionNode = FALSE
	EndGlobalSection
	GlobalSection(ExtensibilityGlobals) = postSolution
		SolutionGuid = {FF31E751-D2B2-40BE-B8C4-A27B1AB66B95}
	EndGlobalSection
EndGlobal
