
Microsoft Visual Studio Solution File, Format Version 12.00
# Visual Studio Version 17
VisualStudioVersion = 17.13.35825.156 d17.13
MinimumVisualStudioVersion = 10.0.40219.1
Project("{FAE04EC0-301F-11D3-BF4B-00C04F79EFBC}") = "Lab5.App", "Lab5.App.csproj", "{C7221769-B152-4748-B1D9-4A48B921C230}"
EndProject
Project("{FAE04EC0-301F-11D3-BF4B-00C04F79EFBC}") = "Lab5.BLL", "..\Lab5.BLL\Lab5.BLL.csproj", "{8833BB08-1672-4DE2-AD24-BBB420165CA7}"
EndProject
Global
	GlobalSection(SolutionConfigurationPlatforms) = preSolution
		Debug|Any CPU = Debug|Any CPU
		Release|Any CPU = Release|Any CPU
	EndGlobalSection
	GlobalSection(ProjectConfigurationPlatforms) = postSolution
		{C7221769-B152-4748-B1D9-4A48B921C230}.Debug|Any CPU.ActiveCfg = Debug|Any CPU
		{C7221769-B152-4748-B1D9-4A48B921C230}.Debug|Any CPU.Build.0 = Debug|Any CPU
		{C7221769-B152-4748-B1D9-4A48B921C230}.Release|Any CPU.ActiveCfg = Release|Any CPU
		{C7221769-B152-4748-B1D9-4A48B921C230}.Release|Any CPU.Build.0 = Release|Any CPU
		{8833BB08-1672-4DE2-AD24-BBB420165CA7}.Debug|Any CPU.ActiveCfg = Debug|Any CPU
		{8833BB08-1672-4DE2-AD24-BBB420165CA7}.Debug|Any CPU.Build.0 = Debug|Any CPU
		{8833BB08-1672-4DE2-AD24-BBB420165CA7}.Release|Any CPU.ActiveCfg = Release|Any CPU
		{8833BB08-1672-4DE2-AD24-BBB420165CA7}.Release|Any CPU.Build.0 = Release|Any CPU
	EndGlobalSection
	GlobalSection(SolutionProperties) = preSolution
		HideSolutionNode = FALSE
	EndGlobalSection
	GlobalSection(ExtensibilityGlobals) = postSolution
		SolutionGuid = {AB273B59-4482-4B0B-8A66-74489F8442F6}
	EndGlobalSection
EndGlobal
