
Microsoft Visual Studio Solution File, Format Version 12.00
# Visual Studio Version 17
VisualStudioVersion = 17.13.35825.156 d17.13
MinimumVisualStudioVersion = 10.0.40219.1
Project("{FAE04EC0-301F-11D3-BF4B-00C04F79EFBC}") = "Lab5.App", "Lab5.App\Lab5.App.csproj", "{CEB75CF9-C187-4E94-B09C-3FAFC620968A}"
EndProject
Project("{FAE04EC0-301F-11D3-BF4B-00C04F79EFBC}") = "Lab5.BLL", "Lab5.BLL\Lab5.BLL.csproj", "{640B6A34-E630-4534-AF73-EBA284687E0B}"
EndProject
Global
	GlobalSection(SolutionConfigurationPlatforms) = preSolution
		Debug|Any CPU = Debug|Any CPU
		Release|Any CPU = Release|Any CPU
	EndGlobalSection
	GlobalSection(ProjectConfigurationPlatforms) = postSolution
		{CEB75CF9-C187-4E94-B09C-3FAFC620968A}.Debug|Any CPU.ActiveCfg = Debug|Any CPU
		{CEB75CF9-C187-4E94-B09C-3FAFC620968A}.Debug|Any CPU.Build.0 = Debug|Any CPU
		{CEB75CF9-C187-4E94-B09C-3FAFC620968A}.Release|Any CPU.ActiveCfg = Release|Any CPU
		{CEB75CF9-C187-4E94-B09C-3FAFC620968A}.Release|Any CPU.Build.0 = Release|Any CPU
		{640B6A34-E630-4534-AF73-EBA284687E0B}.Debug|Any CPU.ActiveCfg = Debug|Any CPU
		{640B6A34-E630-4534-AF73-EBA284687E0B}.Debug|Any CPU.Build.0 = Debug|Any CPU
		{640B6A34-E630-4534-AF73-EBA284687E0B}.Release|Any CPU.ActiveCfg = Release|Any CPU
		{640B6A34-E630-4534-AF73-EBA284687E0B}.Release|Any CPU.Build.0 = Release|Any CPU
	EndGlobalSection
	GlobalSection(SolutionProperties) = preSolution
		HideSolutionNode = FALSE
	EndGlobalSection
	GlobalSection(ExtensibilityGlobals) = postSolution
		SolutionGuid = {D2B1F03B-7E50-45E2-B044-E3212943CFBE}
	EndGlobalSection
EndGlobal
