
Microsoft Visual Studio Solution File, Format Version 12.00
# Visual Studio Version 17
VisualStudioVersion = 17.9.34622.214
MinimumVisualStudioVersion = 10.0.40219.1
Project("{FAE04EC0-301F-11D3-BF4B-00C04F79EFBC}") = "Lab7Lib", "Lab7Lib.csproj", "{DC393B1F-6FAD-429B-AB45-A7F1B42B08E6}"
EndProject
Global
	GlobalSection(SolutionConfigurationPlatforms) = preSolution
		Debug|Any CPU = Debug|Any CPU
		Release|Any CPU = Release|Any CPU
	EndGlobalSection
	GlobalSection(ProjectConfigurationPlatforms) = postSolution
		{DC393B1F-6FAD-429B-AB45-A7F1B42B08E6}.Debug|Any CPU.ActiveCfg = Debug|Any CPU
		{DC393B1F-6FAD-429B-AB45-A7F1B42B08E6}.Debug|Any CPU.Build.0 = Debug|Any CPU
		{DC393B1F-6FAD-429B-AB45-A7F1B42B08E6}.Release|Any CPU.ActiveCfg = Release|Any CPU
		{DC393B1F-6FAD-429B-AB45-A7F1B42B08E6}.Release|Any CPU.Build.0 = Release|Any CPU
	EndGlobalSection
	GlobalSection(SolutionProperties) = preSolution
		HideSolutionNode = FALSE
	EndGlobalSection
	GlobalSection(ExtensibilityGlobals) = postSolution
		SolutionGuid = {8AAC090A-D5DA-43EB-A575-4CC1217600DD}
	EndGlobalSection
EndGlobal
