
Microsoft Visual Studio Solution File, Format Version 12.00
# Visual Studio Version 17
VisualStudioVersion = 17.9.34701.34
MinimumVisualStudioVersion = 10.0.40219.1
Project("{FAE04EC0-301F-11D3-BF4B-00C04F79EFBC}") = "Lab2.App", "Lab2.App\Lab2.App.csproj", "{8B1DB217-483C-49D9-A3F0-E74CF0E4BC85}"
EndProject
Project("{FAE04EC0-301F-11D3-BF4B-00C04F79EFBC}") = "Lab2.Bll", "Lab2.Bll\Lab2.Bll.csproj", "{134C16F0-BE3B-41F0-9700-D77D2E384CE2}"
EndProject
Global
	GlobalSection(SolutionConfigurationPlatforms) = preSolution
		Debug|Any CPU = Debug|Any CPU
		Release|Any CPU = Release|Any CPU
	EndGlobalSection
	GlobalSection(ProjectConfigurationPlatforms) = postSolution
		{8B1DB217-483C-49D9-A3F0-E74CF0E4BC85}.Debug|Any CPU.ActiveCfg = Debug|Any CPU
		{8B1DB217-483C-49D9-A3F0-E74CF0E4BC85}.Debug|Any CPU.Build.0 = Debug|Any CPU
		{8B1DB217-483C-49D9-A3F0-E74CF0E4BC85}.Release|Any CPU.ActiveCfg = Release|Any CPU
		{8B1DB217-483C-49D9-A3F0-E74CF0E4BC85}.Release|Any CPU.Build.0 = Release|Any CPU
		{134C16F0-BE3B-41F0-9700-D77D2E384CE2}.Debug|Any CPU.ActiveCfg = Debug|Any CPU
		{134C16F0-BE3B-41F0-9700-D77D2E384CE2}.Debug|Any CPU.Build.0 = Debug|Any CPU
		{134C16F0-BE3B-41F0-9700-D77D2E384CE2}.Release|Any CPU.ActiveCfg = Release|Any CPU
		{134C16F0-BE3B-41F0-9700-D77D2E384CE2}.Release|Any CPU.Build.0 = Release|Any CPU
	EndGlobalSection
	GlobalSection(SolutionProperties) = preSolution
		HideSolutionNode = FALSE
	EndGlobalSection
	GlobalSection(ExtensibilityGlobals) = postSolution
		SolutionGuid = {C1D33281-E3F8-4BE4-BD63-BC4995218D68}
	EndGlobalSection
EndGlobal
