
Microsoft Visual Studio Solution File, Format Version 12.00
# Visual Studio Version 17
VisualStudioVersion = 17.9.34622.214
MinimumVisualStudioVersion = 10.0.40219.1
Project("{FAE04EC0-301F-11D3-BF4B-00C04F79EFBC}") = "Lab2", "Lab2.csproj", "{27D38CB3-B2B2-4546-BD4E-F7A3DACEDB21}"
EndProject
Global
	GlobalSection(SolutionConfigurationPlatforms) = preSolution
		Debug|Any CPU = Debug|Any CPU
		Release|Any CPU = Release|Any CPU
	EndGlobalSection
	GlobalSection(ProjectConfigurationPlatforms) = postSolution
		{27D38CB3-B2B2-4546-BD4E-F7A3DACEDB21}.Debug|Any CPU.ActiveCfg = Debug|Any CPU
		{27D38CB3-B2B2-4546-BD4E-F7A3DACEDB21}.Debug|Any CPU.Build.0 = Debug|Any CPU
		{27D38CB3-B2B2-4546-BD4E-F7A3DACEDB21}.Release|Any CPU.ActiveCfg = Release|Any CPU
		{27D38CB3-B2B2-4546-BD4E-F7A3DACEDB21}.Release|Any CPU.Build.0 = Release|Any CPU
	EndGlobalSection
	GlobalSection(SolutionProperties) = preSolution
		HideSolutionNode = FALSE
	EndGlobalSection
	GlobalSection(ExtensibilityGlobals) = postSolution
		SolutionGuid = {BA932332-2BD4-490C-9DB7-F8E32FE0009D}
	EndGlobalSection
EndGlobal
