
Microsoft Visual Studio Solution File, Format Version 12.00
# Visual Studio Version 17
VisualStudioVersion = 17.9.34622.214
MinimumVisualStudioVersion = 10.0.40219.1
Project("{FAE04EC0-301F-11D3-BF4B-00C04F79EFBC}") = "lab2", "lab2.csproj", "{73D9F0CE-6730-4857-9A71-0720EED91443}"
EndProject
Project("{2150E333-8FDC-42A3-9474-1A3956D46DE8}") = "Solution Items", "Solution Items", "{317BA86A-0B48-45BA-97AF-5D763F74FFD3}"
EndProject
Global
	GlobalSection(SolutionConfigurationPlatforms) = preSolution
		Debug|Any CPU = Debug|Any CPU
		Release|Any CPU = Release|Any CPU
	EndGlobalSection
	GlobalSection(ProjectConfigurationPlatforms) = postSolution
		{73D9F0CE-6730-4857-9A71-0720EED91443}.Debug|Any CPU.ActiveCfg = Debug|Any CPU
		{73D9F0CE-6730-4857-9A71-0720EED91443}.Debug|Any CPU.Build.0 = Debug|Any CPU
		{73D9F0CE-6730-4857-9A71-0720EED91443}.Release|Any CPU.ActiveCfg = Release|Any CPU
		{73D9F0CE-6730-4857-9A71-0720EED91443}.Release|Any CPU.Build.0 = Release|Any CPU
	EndGlobalSection
	GlobalSection(SolutionProperties) = preSolution
		HideSolutionNode = FALSE
	EndGlobalSection
	GlobalSection(ExtensibilityGlobals) = postSolution
		SolutionGuid = {1574225A-595B-44DD-83DC-8941C96875DA}
	EndGlobalSection
EndGlobal
