
Microsoft Visual Studio Solution File, Format Version 12.00
# Visual Studio Version 17
VisualStudioVersion = 17.13.35825.156 d17.13
MinimumVisualStudioVersion = 10.0.40219.1
Project("{FAE04EC0-301F-11D3-BF4B-00C04F79EFBC}") = "Laboratorium1", "Laboratorium1\Laboratorium1.csproj", "{32628F20-FD31-4C87-8427-520B5379ADC6}"
EndProject
Global
	GlobalSection(SolutionConfigurationPlatforms) = preSolution
		Debug|Any CPU = Debug|Any CPU
		Release|Any CPU = Release|Any CPU
	EndGlobalSection
	GlobalSection(ProjectConfigurationPlatforms) = postSolution
		{32628F20-FD31-4C87-8427-520B5379ADC6}.Debug|Any CPU.ActiveCfg = Debug|Any CPU
		{32628F20-FD31-4C87-8427-520B5379ADC6}.Debug|Any CPU.Build.0 = Debug|Any CPU
		{32628F20-FD31-4C87-8427-520B5379ADC6}.Release|Any CPU.ActiveCfg = Release|Any CPU
		{32628F20-FD31-4C87-8427-520B5379ADC6}.Release|Any CPU.Build.0 = Release|Any CPU
	EndGlobalSection
	GlobalSection(SolutionProperties) = preSolution
		HideSolutionNode = FALSE
	EndGlobalSection
	GlobalSection(ExtensibilityGlobals) = postSolution
		SolutionGuid = {A329570A-A700-4203-A0AA-6023463720E2}
	EndGlobalSection
EndGlobal
