
Microsoft Visual Studio Solution File, Format Version 12.00
# Visual Studio Version 17
VisualStudioVersion = 17.9.34622.214
MinimumVisualStudioVersion = 10.0.40219.1
Project("{FAE04EC0-301F-11D3-BF4B-00C04F79EFBC}") = "Lab7.WpfApp", "Lab7.WpfApp\Lab7.WpfApp.csproj", "{9AA41746-063B-4BD0-A518-A79D29FC864E}"
EndProject
Project("{FAE04EC0-301F-11D3-BF4B-00C04F79EFBC}") = "Lab7.Bll", "Lab7.Bll\Lab7.Bll.csproj", "{2886B06A-D46C-467D-87E3-0AE4829E7BB9}"
EndProject
Global
	GlobalSection(SolutionConfigurationPlatforms) = preSolution
		Debug|Any CPU = Debug|Any CPU
		Release|Any CPU = Release|Any CPU
	EndGlobalSection
	GlobalSection(ProjectConfigurationPlatforms) = postSolution
		{9AA41746-063B-4BD0-A518-A79D29FC864E}.Debug|Any CPU.ActiveCfg = Debug|Any CPU
		{9AA41746-063B-4BD0-A518-A79D29FC864E}.Debug|Any CPU.Build.0 = Debug|Any CPU
		{9AA41746-063B-4BD0-A518-A79D29FC864E}.Release|Any CPU.ActiveCfg = Release|Any CPU
		{9AA41746-063B-4BD0-A518-A79D29FC864E}.Release|Any CPU.Build.0 = Release|Any CPU
		{2886B06A-D46C-467D-87E3-0AE4829E7BB9}.Debug|Any CPU.ActiveCfg = Debug|Any CPU
		{2886B06A-D46C-467D-87E3-0AE4829E7BB9}.Debug|Any CPU.Build.0 = Debug|Any CPU
		{2886B06A-D46C-467D-87E3-0AE4829E7BB9}.Release|Any CPU.ActiveCfg = Release|Any CPU
		{2886B06A-D46C-467D-87E3-0AE4829E7BB9}.Release|Any CPU.Build.0 = Release|Any CPU
	EndGlobalSection
	GlobalSection(SolutionProperties) = preSolution
		HideSolutionNode = FALSE
	EndGlobalSection
	GlobalSection(ExtensibilityGlobals) = postSolution
		SolutionGuid = {3FA05299-09E6-4C9D-8F98-287C55DFD41E}
	EndGlobalSection
EndGlobal
