
Microsoft Visual Studio Solution File, Format Version 12.00
# Visual Studio Version 17
VisualStudioVersion = 17.9.34622.214
MinimumVisualStudioVersion = 10.0.40219.1
Project("{FAE04EC0-301F-11D3-BF4B-00C04F79EFBC}") = "Lab7.WpfApp", "Lab7.WpfApp\Lab7.WpfApp.csproj", "{B35A73EF-C0BA-495C-A0BA-4F15969C212F}"
EndProject
Project("{FAE04EC0-301F-11D3-BF4B-00C04F79EFBC}") = "Lab7.BLL", "Lab7.BLL\Lab7.BLL.csproj", "{C9C124F9-3F2D-4304-90D9-FF07DE627E7C}"
EndProject
Global
	GlobalSection(SolutionConfigurationPlatforms) = preSolution
		Debug|Any CPU = Debug|Any CPU
		Release|Any CPU = Release|Any CPU
	EndGlobalSection
	GlobalSection(ProjectConfigurationPlatforms) = postSolution
		{B35A73EF-C0BA-495C-A0BA-4F15969C212F}.Debug|Any CPU.ActiveCfg = Debug|Any CPU
		{B35A73EF-C0BA-495C-A0BA-4F15969C212F}.Debug|Any CPU.Build.0 = Debug|Any CPU
		{B35A73EF-C0BA-495C-A0BA-4F15969C212F}.Release|Any CPU.ActiveCfg = Release|Any CPU
		{B35A73EF-C0BA-495C-A0BA-4F15969C212F}.Release|Any CPU.Build.0 = Release|Any CPU
		{C9C124F9-3F2D-4304-90D9-FF07DE627E7C}.Debug|Any CPU.ActiveCfg = Debug|Any CPU
		{C9C124F9-3F2D-4304-90D9-FF07DE627E7C}.Debug|Any CPU.Build.0 = Debug|Any CPU
		{C9C124F9-3F2D-4304-90D9-FF07DE627E7C}.Release|Any CPU.ActiveCfg = Release|Any CPU
		{C9C124F9-3F2D-4304-90D9-FF07DE627E7C}.Release|Any CPU.Build.0 = Release|Any CPU
	EndGlobalSection
	GlobalSection(SolutionProperties) = preSolution
		HideSolutionNode = FALSE
	EndGlobalSection
	GlobalSection(ExtensibilityGlobals) = postSolution
		SolutionGuid = {B44AB021-64C7-42A2-932E-1A08C1D78C6C}
	EndGlobalSection
EndGlobal
