
Microsoft Visual Studio Solution File, Format Version 12.00
# Visual Studio Version 17
VisualStudioVersion = 17.9.34622.214
MinimumVisualStudioVersion = 10.0.40219.1
Project("{FAE04EC0-301F-11D3-BF4B-00C04F79EFBC}") = "Lab03", "Lab03.csproj", "{8FF6A782-7F5C-4F28-85B1-713DC66E400E}"
EndProject
Global
	GlobalSection(SolutionConfigurationPlatforms) = preSolution
		Debug|Any CPU = Debug|Any CPU
		Release|Any CPU = Release|Any CPU
	EndGlobalSection
	GlobalSection(ProjectConfigurationPlatforms) = postSolution
		{8FF6A782-7F5C-4F28-85B1-713DC66E400E}.Debug|Any CPU.ActiveCfg = Debug|Any CPU
		{8FF6A782-7F5C-4F28-85B1-713DC66E400E}.Debug|Any CPU.Build.0 = Debug|Any CPU
		{8FF6A782-7F5C-4F28-85B1-713DC66E400E}.Release|Any CPU.ActiveCfg = Release|Any CPU
		{8FF6A782-7F5C-4F28-85B1-713DC66E400E}.Release|Any CPU.Build.0 = Release|Any CPU
	EndGlobalSection
	GlobalSection(SolutionProperties) = preSolution
		HideSolutionNode = FALSE
	EndGlobalSection
	GlobalSection(ExtensibilityGlobals) = postSolution
		SolutionGuid = {3D417113-AE16-427C-AB53-C5FDB7CF8411}
	EndGlobalSection
EndGlobal
