
Microsoft Visual Studio Solution File, Format Version 12.00
# Visual Studio Version 17
VisualStudioVersion = 17.9.34616.47
MinimumVisualStudioVersion = 10.0.40219.1
Project("{FAE04EC0-301F-11D3-BF4B-00C04F79EFBC}") = "Lab7.WpfApp", "Lab7.WpfApp\Lab7.WpfApp.csproj", "{6885C157-E731-4B15-854E-1E0A6CB54A41}"
EndProject
Project("{FAE04EC0-301F-11D3-BF4B-00C04F79EFBC}") = "Lab7.BLL", "Lab7.BLL\Lab7.BLL.csproj", "{363EC1D9-61D1-4AD7-8E1F-7D448CDE96C9}"
EndProject
Global
	GlobalSection(SolutionConfigurationPlatforms) = preSolution
		Debug|Any CPU = Debug|Any CPU
		Release|Any CPU = Release|Any CPU
	EndGlobalSection
	GlobalSection(ProjectConfigurationPlatforms) = postSolution
		{6885C157-E731-4B15-854E-1E0A6CB54A41}.Debug|Any CPU.ActiveCfg = Debug|Any CPU
		{6885C157-E731-4B15-854E-1E0A6CB54A41}.Debug|Any CPU.Build.0 = Debug|Any CPU
		{6885C157-E731-4B15-854E-1E0A6CB54A41}.Release|Any CPU.ActiveCfg = Release|Any CPU
		{6885C157-E731-4B15-854E-1E0A6CB54A41}.Release|Any CPU.Build.0 = Release|Any CPU
		{363EC1D9-61D1-4AD7-8E1F-7D448CDE96C9}.Debug|Any CPU.ActiveCfg = Debug|Any CPU
		{363EC1D9-61D1-4AD7-8E1F-7D448CDE96C9}.Debug|Any CPU.Build.0 = Debug|Any CPU
		{363EC1D9-61D1-4AD7-8E1F-7D448CDE96C9}.Release|Any CPU.ActiveCfg = Release|Any CPU
		{363EC1D9-61D1-4AD7-8E1F-7D448CDE96C9}.Release|Any CPU.Build.0 = Release|Any CPU
	EndGlobalSection
	GlobalSection(SolutionProperties) = preSolution
		HideSolutionNode = FALSE
	EndGlobalSection
	GlobalSection(ExtensibilityGlobals) = postSolution
		SolutionGuid = {72C0C2F7-CA72-4BD4-8CA5-6E59A8FE3EA8}
	EndGlobalSection
EndGlobal
