
Microsoft Visual Studio Solution File, Format Version 12.00
# Visual Studio Version 17
VisualStudioVersion = 17.9.34616.47
MinimumVisualStudioVersion = 10.0.40219.1
Project("{9A19103F-16F7-4668-BE54-9A1E7A4F7556}") = "„Lab7.WpfApp", "„Lab7.WpfApp.csproj", "{7A71E48B-E7FA-4EDD-A1A7-C19D74ED24C3}"
EndProject
Project("{9A19103F-16F7-4668-BE54-9A1E7A4F7556}") = "Lab7.BLL", "..\Lab7.BLL\Lab7.BLL.csproj", "{B1228084-8429-458C-A1ED-4DADE210E2E0}"
EndProject
Global
	GlobalSection(SolutionConfigurationPlatforms) = preSolution
		Debug|Any CPU = Debug|Any CPU
		Release|Any CPU = Release|Any CPU
	EndGlobalSection
	GlobalSection(ProjectConfigurationPlatforms) = postSolution
		{7A71E48B-E7FA-4EDD-A1A7-C19D74ED24C3}.Debug|Any CPU.ActiveCfg = Debug|Any CPU
		{7A71E48B-E7FA-4EDD-A1A7-C19D74ED24C3}.Debug|Any CPU.Build.0 = Debug|Any CPU
		{7A71E48B-E7FA-4EDD-A1A7-C19D74ED24C3}.Release|Any CPU.ActiveCfg = Release|Any CPU
		{7A71E48B-E7FA-4EDD-A1A7-C19D74ED24C3}.Release|Any CPU.Build.0 = Release|Any CPU
		{B1228084-8429-458C-A1ED-4DADE210E2E0}.Debug|Any CPU.ActiveCfg = Debug|Any CPU
		{B1228084-8429-458C-A1ED-4DADE210E2E0}.Debug|Any CPU.Build.0 = Debug|Any CPU
		{B1228084-8429-458C-A1ED-4DADE210E2E0}.Release|Any CPU.ActiveCfg = Release|Any CPU
		{B1228084-8429-458C-A1ED-4DADE210E2E0}.Release|Any CPU.Build.0 = Release|Any CPU
	EndGlobalSection
	GlobalSection(SolutionProperties) = preSolution
		HideSolutionNode = FALSE
	EndGlobalSection
	GlobalSection(ExtensibilityGlobals) = postSolution
		SolutionGuid = {A560E04F-DA49-455D-B502-0DCEE9200990}
	EndGlobalSection
EndGlobal
