
Microsoft Visual Studio Solution File, Format Version 12.00
# Visual Studio Version 17
VisualStudioVersion = 17.9.34622.214
MinimumVisualStudioVersion = 10.0.40219.1
Project("{FAE04EC0-301F-11D3-BF4B-00C04F79EFBC}") = "PO.Lab03", "PO.Lab03\PO.Lab03.csproj", "{08D6FABB-198D-465F-88E5-A7814C5FE602}"
EndProject
Global
	GlobalSection(SolutionConfigurationPlatforms) = preSolution
		Debug|Any CPU = Debug|Any CPU
		Release|Any CPU = Release|Any CPU
	EndGlobalSection
	GlobalSection(ProjectConfigurationPlatforms) = postSolution
		{08D6FABB-198D-465F-88E5-A7814C5FE602}.Debug|Any CPU.ActiveCfg = Debug|Any CPU
		{08D6FABB-198D-465F-88E5-A7814C5FE602}.Debug|Any CPU.Build.0 = Debug|Any CPU
		{08D6FABB-198D-465F-88E5-A7814C5FE602}.Release|Any CPU.ActiveCfg = Release|Any CPU
		{08D6FABB-198D-465F-88E5-A7814C5FE602}.Release|Any CPU.Build.0 = Release|Any CPU
	EndGlobalSection
	GlobalSection(SolutionProperties) = preSolution
		HideSolutionNode = FALSE
	EndGlobalSection
	GlobalSection(ExtensibilityGlobals) = postSolution
		SolutionGuid = {6E2F7FC9-98EA-4BFA-9E0A-FE20C17B8FDB}
	EndGlobalSection
EndGlobal
