
Microsoft Visual Studio Solution File, Format Version 12.00
# Visual Studio Version 17
VisualStudioVersion = 17.9.34622.214
MinimumVisualStudioVersion = 10.0.40219.1
Project("{FAE04EC0-301F-11D3-BF4B-00C04F79EFBC}") = "Labb1", "Labb1.csproj", "{ACC32F83-E647-4AED-AA16-4D4319CD52F2}"
EndProject
Global
	GlobalSection(SolutionConfigurationPlatforms) = preSolution
		Debug|Any CPU = Debug|Any CPU
		Release|Any CPU = Release|Any CPU
	EndGlobalSection
	GlobalSection(ProjectConfigurationPlatforms) = postSolution
		{ACC32F83-E647-4AED-AA16-4D4319CD52F2}.Debug|Any CPU.ActiveCfg = Debug|Any CPU
		{ACC32F83-E647-4AED-AA16-4D4319CD52F2}.Debug|Any CPU.Build.0 = Debug|Any CPU
		{ACC32F83-E647-4AED-AA16-4D4319CD52F2}.Release|Any CPU.ActiveCfg = Release|Any CPU
		{ACC32F83-E647-4AED-AA16-4D4319CD52F2}.Release|Any CPU.Build.0 = Release|Any CPU
	EndGlobalSection
	GlobalSection(SolutionProperties) = preSolution
		HideSolutionNode = FALSE
	EndGlobalSection
	GlobalSection(ExtensibilityGlobals) = postSolution
		SolutionGuid = {2362181B-AD79-45D4-A889-09155BF8726E}
	EndGlobalSection
EndGlobal
