
Microsoft Visual Studio Solution File, Format Version 12.00
# Visual Studio Version 17
VisualStudioVersion = 17.9.34622.214
MinimumVisualStudioVersion = 10.0.40219.1
Project("{FAE04EC0-301F-11D3-BF4B-00C04F79EFBC}") = "lab3", "lab3.csproj", "{0885F5CC-599D-443A-8847-65983770E7B6}"
EndProject
Global
	GlobalSection(SolutionConfigurationPlatforms) = preSolution
		Debug|Any CPU = Debug|Any CPU
		Release|Any CPU = Release|Any CPU
	EndGlobalSection
	GlobalSection(ProjectConfigurationPlatforms) = postSolution
		{0885F5CC-599D-443A-8847-65983770E7B6}.Debug|Any CPU.ActiveCfg = Debug|Any CPU
		{0885F5CC-599D-443A-8847-65983770E7B6}.Debug|Any CPU.Build.0 = Debug|Any CPU
		{0885F5CC-599D-443A-8847-65983770E7B6}.Release|Any CPU.ActiveCfg = Release|Any CPU
		{0885F5CC-599D-443A-8847-65983770E7B6}.Release|Any CPU.Build.0 = Release|Any CPU
	EndGlobalSection
	GlobalSection(SolutionProperties) = preSolution
		HideSolutionNode = FALSE
	EndGlobalSection
	GlobalSection(ExtensibilityGlobals) = postSolution
		SolutionGuid = {1D9EFC32-E1AF-4D75-88C9-E73B2B57F381}
	EndGlobalSection
EndGlobal
