
Microsoft Visual Studio Solution File, Format Version 12.00
# Visual Studio Version 17
VisualStudioVersion = 17.9.34622.214
MinimumVisualStudioVersion = 10.0.40219.1
Project("{FAE04EC0-301F-11D3-BF4B-00C04F79EFBC}") = "lab3", "lab3.csproj", "{1C1F2124-1BC2-41CE-A220-4284416961BD}"
EndProject
Global
	GlobalSection(SolutionConfigurationPlatforms) = preSolution
		Debug|Any CPU = Debug|Any CPU
		Release|Any CPU = Release|Any CPU
	EndGlobalSection
	GlobalSection(ProjectConfigurationPlatforms) = postSolution
		{1C1F2124-1BC2-41CE-A220-4284416961BD}.Debug|Any CPU.ActiveCfg = Debug|Any CPU
		{1C1F2124-1BC2-41CE-A220-4284416961BD}.Debug|Any CPU.Build.0 = Debug|Any CPU
		{1C1F2124-1BC2-41CE-A220-4284416961BD}.Release|Any CPU.ActiveCfg = Release|Any CPU
		{1C1F2124-1BC2-41CE-A220-4284416961BD}.Release|Any CPU.Build.0 = Release|Any CPU
	EndGlobalSection
	GlobalSection(SolutionProperties) = preSolution
		HideSolutionNode = FALSE
	EndGlobalSection
	GlobalSection(ExtensibilityGlobals) = postSolution
		SolutionGuid = {24C1B10A-D1B3-4899-9FC4-7B3D1F9D9E13}
	EndGlobalSection
EndGlobal
