
Microsoft Visual Studio Solution File, Format Version 12.00
# Visual Studio Version 17
VisualStudioVersion = 17.9.34622.214
MinimumVisualStudioVersion = 10.0.40219.1
Project("{FAE04EC0-301F-11D3-BF4B-00C04F79EFBC}") = "Lab3", "Lab3.csproj", "{97DA7C46-2928-4ACA-8BB2-AB8E7804D64F}"
EndProject
Global
	GlobalSection(SolutionConfigurationPlatforms) = preSolution
		Debug|Any CPU = Debug|Any CPU
		Release|Any CPU = Release|Any CPU
	EndGlobalSection
	GlobalSection(ProjectConfigurationPlatforms) = postSolution
		{97DA7C46-2928-4ACA-8BB2-AB8E7804D64F}.Debug|Any CPU.ActiveCfg = Debug|Any CPU
		{97DA7C46-2928-4ACA-8BB2-AB8E7804D64F}.Debug|Any CPU.Build.0 = Debug|Any CPU
		{97DA7C46-2928-4ACA-8BB2-AB8E7804D64F}.Release|Any CPU.ActiveCfg = Release|Any CPU
		{97DA7C46-2928-4ACA-8BB2-AB8E7804D64F}.Release|Any CPU.Build.0 = Release|Any CPU
	EndGlobalSection
	GlobalSection(SolutionProperties) = preSolution
		HideSolutionNode = FALSE
	EndGlobalSection
	GlobalSection(ExtensibilityGlobals) = postSolution
		SolutionGuid = {06EC663B-843D-4FDC-9D74-FE761201FB15}
	EndGlobalSection
EndGlobal
