
Microsoft Visual Studio Solution File, Format Version 12.00
# Visual Studio Version 17
VisualStudioVersion = 17.9.34622.214
MinimumVisualStudioVersion = 10.0.40219.1
Project("{FAE04EC0-301F-11D3-BF4B-00C04F79EFBC}") = "lab3", "lab3\lab3.csproj", "{5FB3FD41-3FF2-4D7C-9319-ACB824E40E3B}"
EndProject
Global
	GlobalSection(SolutionConfigurationPlatforms) = preSolution
		Debug|Any CPU = Debug|Any CPU
		Release|Any CPU = Release|Any CPU
	EndGlobalSection
	GlobalSection(ProjectConfigurationPlatforms) = postSolution
		{5FB3FD41-3FF2-4D7C-9319-ACB824E40E3B}.Debug|Any CPU.ActiveCfg = Debug|Any CPU
		{5FB3FD41-3FF2-4D7C-9319-ACB824E40E3B}.Debug|Any CPU.Build.0 = Debug|Any CPU
		{5FB3FD41-3FF2-4D7C-9319-ACB824E40E3B}.Release|Any CPU.ActiveCfg = Release|Any CPU
		{5FB3FD41-3FF2-4D7C-9319-ACB824E40E3B}.Release|Any CPU.Build.0 = Release|Any CPU
	EndGlobalSection
	GlobalSection(SolutionProperties) = preSolution
		HideSolutionNode = FALSE
	EndGlobalSection
	GlobalSection(ExtensibilityGlobals) = postSolution
		SolutionGuid = {C1E62195-28D3-42F3-BAEC-C31BE1F9A1BF}
	EndGlobalSection
EndGlobal
