
Microsoft Visual Studio Solution File, Format Version 12.00
# Visual Studio Version 17
VisualStudioVersion = 17.9.34622.214
MinimumVisualStudioVersion = 10.0.40219.1
Project("{F2A71F9B-5D33-465A-A702-920D77279786}") = "Lab3", "Lab3.fsproj", "{DC3F7B5C-445D-472A-BB7F-68820DF68CE2}"
EndProject
Global
	GlobalSection(SolutionConfigurationPlatforms) = preSolution
		Debug|Any CPU = Debug|Any CPU
		Release|Any CPU = Release|Any CPU
	EndGlobalSection
	GlobalSection(ProjectConfigurationPlatforms) = postSolution
		{DC3F7B5C-445D-472A-BB7F-68820DF68CE2}.Debug|Any CPU.ActiveCfg = Debug|Any CPU
		{DC3F7B5C-445D-472A-BB7F-68820DF68CE2}.Debug|Any CPU.Build.0 = Debug|Any CPU
		{DC3F7B5C-445D-472A-BB7F-68820DF68CE2}.Release|Any CPU.ActiveCfg = Release|Any CPU
		{DC3F7B5C-445D-472A-BB7F-68820DF68CE2}.Release|Any CPU.Build.0 = Release|Any CPU
	EndGlobalSection
	GlobalSection(SolutionProperties) = preSolution
		HideSolutionNode = FALSE
	EndGlobalSection
	GlobalSection(ExtensibilityGlobals) = postSolution
		SolutionGuid = {6E41721B-0812-4611-83EB-1CE4DC6EC7BF}
	EndGlobalSection
EndGlobal
