
Microsoft Visual Studio Solution File, Format Version 12.00
# Visual Studio Version 17
VisualStudioVersion = 17.9.34622.214
MinimumVisualStudioVersion = 10.0.40219.1
Project("{FAE04EC0-301F-11D3-BF4B-00C04F79EFBC}") = "Lab10.WfpApp", "Lab10.WfpApp\Lab10.WfpApp.csproj", "{73514E31-DAE0-4572-A0E3-5C06034A837B}"
EndProject
Project("{FAE04EC0-301F-11D3-BF4B-00C04F79EFBC}") = "Lab10.BLL", "Lab10.BLL\Lab10.BLL.csproj", "{0170E8FA-9DD7-4D04-BA8E-187004EF42AF}"
EndProject
Global
	GlobalSection(SolutionConfigurationPlatforms) = preSolution
		Debug|Any CPU = Debug|Any CPU
		Release|Any CPU = Release|Any CPU
	EndGlobalSection
	GlobalSection(ProjectConfigurationPlatforms) = postSolution
		{73514E31-DAE0-4572-A0E3-5C06034A837B}.Debug|Any CPU.ActiveCfg = Debug|Any CPU
		{73514E31-DAE0-4572-A0E3-5C06034A837B}.Debug|Any CPU.Build.0 = Debug|Any CPU
		{73514E31-DAE0-4572-A0E3-5C06034A837B}.Release|Any CPU.ActiveCfg = Release|Any CPU
		{73514E31-DAE0-4572-A0E3-5C06034A837B}.Release|Any CPU.Build.0 = Release|Any CPU
		{0170E8FA-9DD7-4D04-BA8E-187004EF42AF}.Debug|Any CPU.ActiveCfg = Debug|Any CPU
		{0170E8FA-9DD7-4D04-BA8E-187004EF42AF}.Debug|Any CPU.Build.0 = Debug|Any CPU
		{0170E8FA-9DD7-4D04-BA8E-187004EF42AF}.Release|Any CPU.ActiveCfg = Release|Any CPU
		{0170E8FA-9DD7-4D04-BA8E-187004EF42AF}.Release|Any CPU.Build.0 = Release|Any CPU
	EndGlobalSection
	GlobalSection(SolutionProperties) = preSolution
		HideSolutionNode = FALSE
	EndGlobalSection
	GlobalSection(ExtensibilityGlobals) = postSolution
		SolutionGuid = {046F406E-1263-48FB-B5AC-8F5DBAA878CA}
	EndGlobalSection
EndGlobal
