
Microsoft Visual Studio Solution File, Format Version 12.00
# Visual Studio Version 17
VisualStudioVersion = 17.13.35825.156 d17.13
MinimumVisualStudioVersion = 10.0.40219.1
Project("{FAE04EC0-301F-11D3-BF4B-00C04F79EFBC}") = "Lab7(paradygmaty)", "Lab7(paradygmaty).csproj", "{8E9A1BF9-6D85-4E9A-9AE2-7D1174025EF7}"
EndProject
Global
	GlobalSection(SolutionConfigurationPlatforms) = preSolution
		Debug|Any CPU = Debug|Any CPU
		Release|Any CPU = Release|Any CPU
	EndGlobalSection
	GlobalSection(ProjectConfigurationPlatforms) = postSolution
		{8E9A1BF9-6D85-4E9A-9AE2-7D1174025EF7}.Debug|Any CPU.ActiveCfg = Debug|Any CPU
		{8E9A1BF9-6D85-4E9A-9AE2-7D1174025EF7}.Debug|Any CPU.Build.0 = Debug|Any CPU
		{8E9A1BF9-6D85-4E9A-9AE2-7D1174025EF7}.Release|Any CPU.ActiveCfg = Release|Any CPU
		{8E9A1BF9-6D85-4E9A-9AE2-7D1174025EF7}.Release|Any CPU.Build.0 = Release|Any CPU
	EndGlobalSection
	GlobalSection(SolutionProperties) = preSolution
		HideSolutionNode = FALSE
	EndGlobalSection
	GlobalSection(ExtensibilityGlobals) = postSolution
		SolutionGuid = {9238D47E-00C1-43A7-A4C9-F806388E2598}
	EndGlobalSection
EndGlobal
