
Microsoft Visual Studio Solution File, Format Version 12.00
# Visual Studio Version 17
VisualStudioVersion = 17.9.34622.214
MinimumVisualStudioVersion = 10.0.40219.1
Project("{FAE04EC0-301F-11D3-BF4B-00C04F79EFBC}") = "Student.WpfApp", "Student\Student.WpfApp.csproj", "{41E25918-3A5B-4BB2-AC08-19AE87419956}"
EndProject
Project("{FAE04EC0-301F-11D3-BF4B-00C04F79EFBC}") = "Student.BLL", "Student.BLL\Student.BLL.csproj", "{50339DF6-8657-48D6-949A-1AF175D2AC7D}"
EndProject
Global
	GlobalSection(SolutionConfigurationPlatforms) = preSolution
		Debug|Any CPU = Debug|Any CPU
		Release|Any CPU = Release|Any CPU
	EndGlobalSection
	GlobalSection(ProjectConfigurationPlatforms) = postSolution
		{41E25918-3A5B-4BB2-AC08-19AE87419956}.Debug|Any CPU.ActiveCfg = Debug|Any CPU
		{41E25918-3A5B-4BB2-AC08-19AE87419956}.Debug|Any CPU.Build.0 = Debug|Any CPU
		{41E25918-3A5B-4BB2-AC08-19AE87419956}.Release|Any CPU.ActiveCfg = Release|Any CPU
		{41E25918-3A5B-4BB2-AC08-19AE87419956}.Release|Any CPU.Build.0 = Release|Any CPU
		{50339DF6-8657-48D6-949A-1AF175D2AC7D}.Debug|Any CPU.ActiveCfg = Debug|Any CPU
		{50339DF6-8657-48D6-949A-1AF175D2AC7D}.Debug|Any CPU.Build.0 = Debug|Any CPU
		{50339DF6-8657-48D6-949A-1AF175D2AC7D}.Release|Any CPU.ActiveCfg = Release|Any CPU
		{50339DF6-8657-48D6-949A-1AF175D2AC7D}.Release|Any CPU.Build.0 = Release|Any CPU
	EndGlobalSection
	GlobalSection(SolutionProperties) = preSolution
		HideSolutionNode = FALSE
	EndGlobalSection
	GlobalSection(ExtensibilityGlobals) = postSolution
		SolutionGuid = {FE5630BF-4C13-4E75-B3D5-3CED5C6E6523}
	EndGlobalSection
EndGlobal
