
Microsoft Visual Studio Solution File, Format Version 12.00
# Visual Studio Version 17
VisualStudioVersion = 17.9.34622.214
MinimumVisualStudioVersion = 10.0.40219.1
Project("{FAE04EC0-301F-11D3-BF4B-00C04F79EFBC}") = "Lab8.WpfApp", "Lab8.WpfApp\Lab8.WpfApp.csproj", "{5D22D6CE-62E1-4AB1-98DA-5D9CBD0ECB3C}"
EndProject
Project("{FAE04EC0-301F-11D3-BF4B-00C04F79EFBC}") = "Lab8.BLL", "Lab8.BLL\Lab8.BLL.csproj", "{45A4C4C4-C696-4E48-A5C0-8FDF3A768664}"
EndProject
Global
	GlobalSection(SolutionConfigurationPlatforms) = preSolution
		Debug|Any CPU = Debug|Any CPU
		Release|Any CPU = Release|Any CPU
	EndGlobalSection
	GlobalSection(ProjectConfigurationPlatforms) = postSolution
		{5D22D6CE-62E1-4AB1-98DA-5D9CBD0ECB3C}.Debug|Any CPU.ActiveCfg = Debug|Any CPU
		{5D22D6CE-62E1-4AB1-98DA-5D9CBD0ECB3C}.Debug|Any CPU.Build.0 = Debug|Any CPU
		{5D22D6CE-62E1-4AB1-98DA-5D9CBD0ECB3C}.Release|Any CPU.ActiveCfg = Release|Any CPU
		{5D22D6CE-62E1-4AB1-98DA-5D9CBD0ECB3C}.Release|Any CPU.Build.0 = Release|Any CPU
		{45A4C4C4-C696-4E48-A5C0-8FDF3A768664}.Debug|Any CPU.ActiveCfg = Debug|Any CPU
		{45A4C4C4-C696-4E48-A5C0-8FDF3A768664}.Debug|Any CPU.Build.0 = Debug|Any CPU
		{45A4C4C4-C696-4E48-A5C0-8FDF3A768664}.Release|Any CPU.ActiveCfg = Release|Any CPU
		{45A4C4C4-C696-4E48-A5C0-8FDF3A768664}.Release|Any CPU.Build.0 = Release|Any CPU
	EndGlobalSection
	GlobalSection(SolutionProperties) = preSolution
		HideSolutionNode = FALSE
	EndGlobalSection
	GlobalSection(ExtensibilityGlobals) = postSolution
		SolutionGuid = {EE6D5E30-0AC7-45E0-B91A-205D6F46BE55}
	EndGlobalSection
EndGlobal
