
Microsoft Visual Studio Solution File, Format Version 12.00
# Visual Studio Version 17
VisualStudioVersion = 17.9.34622.214
MinimumVisualStudioVersion = 10.0.40219.1
Project("{FAE04EC0-301F-11D3-BF4B-00C04F79EFBC}") = "Lab08.App", "Lab08.App\Lab08.App.csproj", "{78E3CD1B-955F-4843-9323-EFB1690039FE}"
EndProject
Global
	GlobalSection(SolutionConfigurationPlatforms) = preSolution
		Debug|Any CPU = Debug|Any CPU
		Release|Any CPU = Release|Any CPU
	EndGlobalSection
	GlobalSection(ProjectConfigurationPlatforms) = postSolution
		{78E3CD1B-955F-4843-9323-EFB1690039FE}.Debug|Any CPU.ActiveCfg = Debug|Any CPU
		{78E3CD1B-955F-4843-9323-EFB1690039FE}.Debug|Any CPU.Build.0 = Debug|Any CPU
		{78E3CD1B-955F-4843-9323-EFB1690039FE}.Release|Any CPU.ActiveCfg = Release|Any CPU
		{78E3CD1B-955F-4843-9323-EFB1690039FE}.Release|Any CPU.Build.0 = Release|Any CPU
	EndGlobalSection
	GlobalSection(SolutionProperties) = preSolution
		HideSolutionNode = FALSE
	EndGlobalSection
	GlobalSection(ExtensibilityGlobals) = postSolution
		SolutionGuid = {547F0592-9861-4290-BACC-82BD5E284CB1}
	EndGlobalSection
EndGlobal
