
Microsoft Visual Studio Solution File, Format Version 12.00
# Visual Studio Version 17
VisualStudioVersion = 17.9.34622.214
MinimumVisualStudioVersion = 10.0.40219.1
Project("{FAE04EC0-301F-11D3-BF4B-00C04F79EFBC}") = "lab7", "lab7\lab7.csproj", "{C4FE2D65-186D-4B54-8ADD-A3825151C6F3}"
EndProject
Global
	GlobalSection(SolutionConfigurationPlatforms) = preSolution
		Debug|Any CPU = Debug|Any CPU
		Release|Any CPU = Release|Any CPU
	EndGlobalSection
	GlobalSection(ProjectConfigurationPlatforms) = postSolution
		{C4FE2D65-186D-4B54-8ADD-A3825151C6F3}.Debug|Any CPU.ActiveCfg = Debug|Any CPU
		{C4FE2D65-186D-4B54-8ADD-A3825151C6F3}.Debug|Any CPU.Build.0 = Debug|Any CPU
		{C4FE2D65-186D-4B54-8ADD-A3825151C6F3}.Release|Any CPU.ActiveCfg = Release|Any CPU
		{C4FE2D65-186D-4B54-8ADD-A3825151C6F3}.Release|Any CPU.Build.0 = Release|Any CPU
	EndGlobalSection
	GlobalSection(SolutionProperties) = preSolution
		HideSolutionNode = FALSE
	EndGlobalSection
	GlobalSection(ExtensibilityGlobals) = postSolution
		SolutionGuid = {27493B86-E3B0-46B3-A008-894C53AE5DD3}
	EndGlobalSection
EndGlobal
