
Microsoft Visual Studio Solution File, Format Version 12.00
# Visual Studio Version 17
VisualStudioVersion = 17.9.34622.214
MinimumVisualStudioVersion = 10.0.40219.1
Project("{FAE04EC0-301F-11D3-BF4B-00C04F79EFBC}") = "Lab7.WpfApp", "Lab7.WpfApp\Lab7.WpfApp.csproj", "{5915F54F-D1FB-448C-9D06-2F77DAEC7CA0}"
EndProject
Project("{FAE04EC0-301F-11D3-BF4B-00C04F79EFBC}") = "Lab7.BLL", "Lab7.BLL\Lab7.BLL.csproj", "{3F8E103C-C27E-4C61-9369-C950E27593DC}"
EndProject
Global
	GlobalSection(SolutionConfigurationPlatforms) = preSolution
		Debug|Any CPU = Debug|Any CPU
		Release|Any CPU = Release|Any CPU
	EndGlobalSection
	GlobalSection(ProjectConfigurationPlatforms) = postSolution
		{5915F54F-D1FB-448C-9D06-2F77DAEC7CA0}.Debug|Any CPU.ActiveCfg = Debug|Any CPU
		{5915F54F-D1FB-448C-9D06-2F77DAEC7CA0}.Debug|Any CPU.Build.0 = Debug|Any CPU
		{5915F54F-D1FB-448C-9D06-2F77DAEC7CA0}.Release|Any CPU.ActiveCfg = Release|Any CPU
		{5915F54F-D1FB-448C-9D06-2F77DAEC7CA0}.Release|Any CPU.Build.0 = Release|Any CPU
		{3F8E103C-C27E-4C61-9369-C950E27593DC}.Debug|Any CPU.ActiveCfg = Debug|Any CPU
		{3F8E103C-C27E-4C61-9369-C950E27593DC}.Debug|Any CPU.Build.0 = Debug|Any CPU
		{3F8E103C-C27E-4C61-9369-C950E27593DC}.Release|Any CPU.ActiveCfg = Release|Any CPU
		{3F8E103C-C27E-4C61-9369-C950E27593DC}.Release|Any CPU.Build.0 = Release|Any CPU
	EndGlobalSection
	GlobalSection(SolutionProperties) = preSolution
		HideSolutionNode = FALSE
	EndGlobalSection
	GlobalSection(ExtensibilityGlobals) = postSolution
		SolutionGuid = {78DDD09D-3388-4ABB-B069-D248D02B486E}
	EndGlobalSection
EndGlobal
