
Microsoft Visual Studio Solution File, Format Version 12.00
# Visual Studio Version 17
VisualStudioVersion = 17.9.34622.214
MinimumVisualStudioVersion = 10.0.40219.1
Project("{FAE04EC0-301F-11D3-BF4B-00C04F79EFBC}") = "Lab7.WpfApp", "Lab7.WpfApp\Lab7.WpfApp.csproj", "{6CE00EC5-A939-44CE-8EA4-7D5F8F34EF95}"
EndProject
Project("{FAE04EC0-301F-11D3-BF4B-00C04F79EFBC}") = "Lab7.BLL", "Lab7.BLL\Lab7.BLL.csproj", "{FD25B8AB-0719-454C-9662-5C0FCDB2C2D9}"
EndProject
Global
	GlobalSection(SolutionConfigurationPlatforms) = preSolution
		Debug|Any CPU = Debug|Any CPU
		Release|Any CPU = Release|Any CPU
	EndGlobalSection
	GlobalSection(ProjectConfigurationPlatforms) = postSolution
		{6CE00EC5-A939-44CE-8EA4-7D5F8F34EF95}.Debug|Any CPU.ActiveCfg = Debug|Any CPU
		{6CE00EC5-A939-44CE-8EA4-7D5F8F34EF95}.Debug|Any CPU.Build.0 = Debug|Any CPU
		{6CE00EC5-A939-44CE-8EA4-7D5F8F34EF95}.Release|Any CPU.ActiveCfg = Release|Any CPU
		{6CE00EC5-A939-44CE-8EA4-7D5F8F34EF95}.Release|Any CPU.Build.0 = Release|Any CPU
		{FD25B8AB-0719-454C-9662-5C0FCDB2C2D9}.Debug|Any CPU.ActiveCfg = Debug|Any CPU
		{FD25B8AB-0719-454C-9662-5C0FCDB2C2D9}.Debug|Any CPU.Build.0 = Debug|Any CPU
		{FD25B8AB-0719-454C-9662-5C0FCDB2C2D9}.Release|Any CPU.ActiveCfg = Release|Any CPU
		{FD25B8AB-0719-454C-9662-5C0FCDB2C2D9}.Release|Any CPU.Build.0 = Release|Any CPU
	EndGlobalSection
	GlobalSection(SolutionProperties) = preSolution
		HideSolutionNode = FALSE
	EndGlobalSection
	GlobalSection(ExtensibilityGlobals) = postSolution
		SolutionGuid = {6ECBEE5D-65C0-4676-97C2-4EEF20E415CF}
	EndGlobalSection
EndGlobal
